// !$*UTF8*$!
{
	archiveVersion = 1;
	classes = {
	};
	objectVersion = 54;
	objects = {

/* Begin PBXBuildFile section */
		9000E36B2771229700A224E0 /* BelongingsApp.swift in Sources */ = {isa = PBXBuildFile; fileRef = 9000E36A2771229700A224E0 /* BelongingsApp.swift */; };
		9000E36C2771229700A224E0 /* BelongingsApp.swift in Sources */ = {isa = PBXBuildFile; fileRef = 9000E36A2771229700A224E0 /* BelongingsApp.swift */; };
		900DDBDD26E036CB0034A155 /* Tests_iOS.swift in Sources */ = {isa = PBXBuildFile; fileRef = 900DDBDC26E036CB0034A155 /* Tests_iOS.swift */; };
		900DDBE826E036CB0034A155 /* Tests_macOS.swift in Sources */ = {isa = PBXBuildFile; fileRef = 900DDBE726E036CB0034A155 /* Tests_macOS.swift */; };
		900DDBEA26E036CB0034A155 /* Belongings.xcdatamodeld in Sources */ = {isa = PBXBuildFile; fileRef = 900DDBBE26E036C90034A155 /* Belongings.xcdatamodeld */; };
		900DDBEB26E036CB0034A155 /* Belongings.xcdatamodeld in Sources */ = {isa = PBXBuildFile; fileRef = 900DDBBE26E036C90034A155 /* Belongings.xcdatamodeld */; };
		900DDBEE26E036CB0034A155 /* ContentView.swift in Sources */ = {isa = PBXBuildFile; fileRef = 900DDBC126E036C90034A155 /* ContentView.swift */; };
		900DDBEF26E036CB0034A155 /* ContentView.swift in Sources */ = {isa = PBXBuildFile; fileRef = 900DDBC126E036C90034A155 /* ContentView.swift */; };
		900F8D7A2735C5210069CE07 /* DetailHeaderView.swift in Sources */ = {isa = PBXBuildFile; fileRef = 900F8D792735C5210069CE07 /* DetailHeaderView.swift */; };
		900F8D7B2735C5210069CE07 /* DetailHeaderView.swift in Sources */ = {isa = PBXBuildFile; fileRef = 900F8D792735C5210069CE07 /* DetailHeaderView.swift */; };
		901A21E528568A95006CF1A4 /* Persistence in Frameworks */ = {isa = PBXBuildFile; productRef = 901A21E428568A95006CF1A4 /* Persistence */; };
		901A21E728568B2E006CF1A4 /* AppDelegate.swift in Sources */ = {isa = PBXBuildFile; fileRef = 901A21E628568AEF006CF1A4 /* AppDelegate.swift */; };
		901A21E828568B2E006CF1A4 /* AppDelegate.swift in Sources */ = {isa = PBXBuildFile; fileRef = 901A21E628568AEF006CF1A4 /* AppDelegate.swift */; };
		901A21EA28568BB8006CF1A4 /* BelongingsOrganizerConstants.swift in Sources */ = {isa = PBXBuildFile; fileRef = 901A21E928568BA8006CF1A4 /* BelongingsOrganizerConstants.swift */; };
		901A21EB28568BB8006CF1A4 /* BelongingsOrganizerConstants.swift in Sources */ = {isa = PBXBuildFile; fileRef = 901A21E928568BA8006CF1A4 /* BelongingsOrganizerConstants.swift */; };
		901A21ED2856981A006CF1A4 /* Persistence in Frameworks */ = {isa = PBXBuildFile; productRef = 901A21EC2856981A006CF1A4 /* Persistence */; };
		904498E126EBD30500002A6F /* NothingSelectedText.swift in Sources */ = {isa = PBXBuildFile; fileRef = 904498E026EBD30500002A6F /* NothingSelectedText.swift */; };
		904498E226EBD30500002A6F /* NothingSelectedText.swift in Sources */ = {isa = PBXBuildFile; fileRef = 904498E026EBD30500002A6F /* NothingSelectedText.swift */; };
		904498E426EBD7A800002A6F /* SheetBottom.swift in Sources */ = {isa = PBXBuildFile; fileRef = 904498E326EBD7A800002A6F /* SheetBottom.swift */; };
		904498E526EBD7A800002A6F /* SheetBottom.swift in Sources */ = {isa = PBXBuildFile; fileRef = 904498E326EBD7A800002A6F /* SheetBottom.swift */; };
		904498E726EBDEDB00002A6F /* ItemListView.swift in Sources */ = {isa = PBXBuildFile; fileRef = 904498E626EBDEDB00002A6F /* ItemListView.swift */; };
		904498E826EBDEDB00002A6F /* ItemListView.swift in Sources */ = {isa = PBXBuildFile; fileRef = 904498E626EBDEDB00002A6F /* ItemListView.swift */; };
		904498EA26EBF70600002A6F /* KindListView.swift in Sources */ = {isa = PBXBuildFile; fileRef = 904498E926EBF70600002A6F /* KindListView.swift */; };
		904498EB26EBF70600002A6F /* KindListView.swift in Sources */ = {isa = PBXBuildFile; fileRef = 904498E926EBF70600002A6F /* KindListView.swift */; };
		90596B8626E6ACD20001CCA5 /* AddKindView.swift in Sources */ = {isa = PBXBuildFile; fileRef = 90596B8526E6ACD20001CCA5 /* AddKindView.swift */; };
		90620B2D2AF0712F0056493B /* BelogingsOrganizerUIPerformanceTests.swift in Sources */ = {isa = PBXBuildFile; fileRef = 90620B2C2AF0712F0056493B /* BelogingsOrganizerUIPerformanceTests.swift */; };
		90620B2F2AF0712F0056493B /* BelogingsOrganizerUIPerformanceTestsLaunchTests.swift in Sources */ = {isa = PBXBuildFile; fileRef = 90620B2E2AF0712F0056493B /* BelogingsOrganizerUIPerformanceTestsLaunchTests.swift */; };
		90663C082B1CD57900D7EC5F /* InputNameView.swift in Sources */ = {isa = PBXBuildFile; fileRef = 908DC2442AD75E6B00B858F3 /* InputNameView.swift */; };
		90663C092B1CD57C00D7EC5F /* InputPhotoView.swift in Sources */ = {isa = PBXBuildFile; fileRef = 908D1E3C2ADB40730018FE52 /* InputPhotoView.swift */; };
		90663C0A2B1CD57E00D7EC5F /* InputKindView.swift in Sources */ = {isa = PBXBuildFile; fileRef = 908D1E3E2ADB420B0018FE52 /* InputKindView.swift */; };
		90663C0B2B1CD58100D7EC5F /* InputBrandView.swift in Sources */ = {isa = PBXBuildFile; fileRef = 908D1E402ADB43610018FE52 /* InputBrandView.swift */; };
		90663C0C2B1CD58400D7EC5F /* InputSellerView.swift in Sources */ = {isa = PBXBuildFile; fileRef = 908D1E422ADB43B50018FE52 /* InputSellerView.swift */; };
		90663C0D2B1CD58600D7EC5F /* InputBuyCurrencyView.swift in Sources */ = {isa = PBXBuildFile; fileRef = 908D1E462ADB49EB0018FE52 /* InputBuyCurrencyView.swift */; };
		90663C0E2B1CD58800D7EC5F /* InputBuyPriceView.swift in Sources */ = {isa = PBXBuildFile; fileRef = 908D1E442ADB45D00018FE52 /* InputBuyPriceView.swift */; };
		90663C0F2B1CD58A00D7EC5F /* InputQuantityView.swift in Sources */ = {isa = PBXBuildFile; fileRef = 908D1E482ADB4AE50018FE52 /* InputQuantityView.swift */; };
		90663C102B1CD58C00D7EC5F /* InputObtainedView.swift in Sources */ = {isa = PBXBuildFile; fileRef = 908D1E4A2ADB4B600018FE52 /* InputObtainedView.swift */; };
		90663C112B1CD5A700D7EC5F /* CommonRoundedRectangle.swift in Sources */ = {isa = PBXBuildFile; fileRef = 908DC2462AD75FD800B858F3 /* CommonRoundedRectangle.swift */; };
		90663C122B1CD5B900D7EC5F /* SheetModifier.swift in Sources */ = {isa = PBXBuildFile; fileRef = 908527852AD4B4D3004185C9 /* SheetModifier.swift */; };
		90663C132B1CD73E00D7EC5F /* NameURLModifier.swift in Sources */ = {isa = PBXBuildFile; fileRef = 908527812AD4A256004185C9 /* NameURLModifier.swift */; };
		90663C142B1CD74C00D7EC5F /* DetailNameView.swift in Sources */ = {isa = PBXBuildFile; fileRef = 90742B222ADC3107007B4E76 /* DetailNameView.swift */; };
		90663C152B1CD74E00D7EC5F /* DetailQuantityView.swift in Sources */ = {isa = PBXBuildFile; fileRef = 90742B2A2ADC389A007B4E76 /* DetailQuantityView.swift */; };
		90663C162B1CD75000D7EC5F /* DetailNoteView.swift in Sources */ = {isa = PBXBuildFile; fileRef = 90742B282ADC37AC007B4E76 /* DetailNoteView.swift */; };
		90663C172B1CD75200D7EC5F /* DetailBrandView.swift in Sources */ = {isa = PBXBuildFile; fileRef = 90742B322ADC9654007B4E76 /* DetailBrandView.swift */; };
		90663C182B1CD75500D7EC5F /* DetailKindView.swift in Sources */ = {isa = PBXBuildFile; fileRef = 90742B342ADC98DC007B4E76 /* DetailKindView.swift */; };
		90663C192B1CD75800D7EC5F /* DetailSellerView.swift in Sources */ = {isa = PBXBuildFile; fileRef = 90742B2C2ADC8A09007B4E76 /* DetailSellerView.swift */; };
		90663C1A2B1CD75A00D7EC5F /* DetailPhotoView.swift in Sources */ = {isa = PBXBuildFile; fileRef = 90742B302ADC943C007B4E76 /* DetailPhotoView.swift */; };
		90663C1B2B1CD75C00D7EC5F /* DetailPriceView.swift in Sources */ = {isa = PBXBuildFile; fileRef = 90D798172AE316E6002379E5 /* DetailPriceView.swift */; };
		90663C1C2B1CD75E00D7EC5F /* DetailDateView.swift in Sources */ = {isa = PBXBuildFile; fileRef = 90D798192AE31AD9002379E5 /* DetailDateView.swift */; };
		90663C1D2B1CD8D500D7EC5F /* SelectionSectionView.swift in Sources */ = {isa = PBXBuildFile; fileRef = 908527832AD4A6B1004185C9 /* SelectionSectionView.swift */; };
		906A67312AD1E91500DE53BE /* URLView.swift in Sources */ = {isa = PBXBuildFile; fileRef = 906A67302AD1E91500DE53BE /* URLView.swift */; };
		906A67322AD1E91500DE53BE /* URLView.swift in Sources */ = {isa = PBXBuildFile; fileRef = 906A67302AD1E91500DE53BE /* URLView.swift */; };
		906A67342AD1EA8A00DE53BE /* NameView.swift in Sources */ = {isa = PBXBuildFile; fileRef = 906A67332AD1EA8A00DE53BE /* NameView.swift */; };
		906A67352AD1EA8A00DE53BE /* NameView.swift in Sources */ = {isa = PBXBuildFile; fileRef = 906A67332AD1EA8A00DE53BE /* NameView.swift */; };
		906CE2E926FA871900DC12C3 /* AddPhotoView.swift in Sources */ = {isa = PBXBuildFile; fileRef = 906CE2E726FA871900DC12C3 /* AddPhotoView.swift */; };
		906CE2EB26FA970100DC12C3 /* PersistenceHelper.swift in Sources */ = {isa = PBXBuildFile; fileRef = 906CE2EA26FA970100DC12C3 /* PersistenceHelper.swift */; };
		906CE2EC26FA970100DC12C3 /* PersistenceHelper.swift in Sources */ = {isa = PBXBuildFile; fileRef = 906CE2EA26FA970100DC12C3 /* PersistenceHelper.swift */; };
		906EA8A126F7EFF300235302 /* EditDateView.swift in Sources */ = {isa = PBXBuildFile; fileRef = 906EA8A026F7EFF300235302 /* EditDateView.swift */; };
		906EA8A226F7EFF300235302 /* EditDateView.swift in Sources */ = {isa = PBXBuildFile; fileRef = 906EA8A026F7EFF300235302 /* EditDateView.swift */; };
		90704CF629CFA65300F66908 /* BelongingsError.swift in Sources */ = {isa = PBXBuildFile; fileRef = 90704CF529CFA65300F66908 /* BelongingsError.swift */; };
		90704CF729CFA65300F66908 /* BelongingsError.swift in Sources */ = {isa = PBXBuildFile; fileRef = 90704CF529CFA65300F66908 /* BelongingsError.swift */; };
		9072232D26E9352700965653 /* ChooseBrandView.swift in Sources */ = {isa = PBXBuildFile; fileRef = 9072232C26E9352700965653 /* ChooseBrandView.swift */; };
		9072232E26E9352700965653 /* ChooseBrandView.swift in Sources */ = {isa = PBXBuildFile; fileRef = 9072232C26E9352700965653 /* ChooseBrandView.swift */; };
		9072233026E93A0500965653 /* AddBrandView.swift in Sources */ = {isa = PBXBuildFile; fileRef = 9072232F26E93A0500965653 /* AddBrandView.swift */; };
		9072233126E93A0500965653 /* AddBrandView.swift in Sources */ = {isa = PBXBuildFile; fileRef = 9072232F26E93A0500965653 /* AddBrandView.swift */; };
		9072233326E93CDC00965653 /* ChooseSellerView.swift in Sources */ = {isa = PBXBuildFile; fileRef = 9072233226E93CDC00965653 /* ChooseSellerView.swift */; };
		9072233426E93CDC00965653 /* ChooseSellerView.swift in Sources */ = {isa = PBXBuildFile; fileRef = 9072233226E93CDC00965653 /* ChooseSellerView.swift */; };
		9072233626E93CE800965653 /* AddSellerView.swift in Sources */ = {isa = PBXBuildFile; fileRef = 9072233526E93CE800965653 /* AddSellerView.swift */; };
		9072233726E93CE800965653 /* AddSellerView.swift in Sources */ = {isa = PBXBuildFile; fileRef = 9072233526E93CE800965653 /* AddSellerView.swift */; };
		90735E8B29DA141200159CBA /* ImagePasting.swift in Sources */ = {isa = PBXBuildFile; fileRef = 90735E8A29DA141200159CBA /* ImagePasting.swift */; };
		90735E8C29DA141200159CBA /* ImagePasting.swift in Sources */ = {isa = PBXBuildFile; fileRef = 90735E8A29DA141200159CBA /* ImagePasting.swift */; };
		90742B232ADC3107007B4E76 /* DetailNameView.swift in Sources */ = {isa = PBXBuildFile; fileRef = 90742B222ADC3107007B4E76 /* DetailNameView.swift */; };
		90742B292ADC37AC007B4E76 /* DetailNoteView.swift in Sources */ = {isa = PBXBuildFile; fileRef = 90742B282ADC37AC007B4E76 /* DetailNoteView.swift */; };
		90742B2B2ADC389A007B4E76 /* DetailQuantityView.swift in Sources */ = {isa = PBXBuildFile; fileRef = 90742B2A2ADC389A007B4E76 /* DetailQuantityView.swift */; };
		90742B2D2ADC8A09007B4E76 /* DetailSellerView.swift in Sources */ = {isa = PBXBuildFile; fileRef = 90742B2C2ADC8A09007B4E76 /* DetailSellerView.swift */; };
		90742B312ADC943C007B4E76 /* DetailPhotoView.swift in Sources */ = {isa = PBXBuildFile; fileRef = 90742B302ADC943C007B4E76 /* DetailPhotoView.swift */; };
		90742B332ADC9654007B4E76 /* DetailBrandView.swift in Sources */ = {isa = PBXBuildFile; fileRef = 90742B322ADC9654007B4E76 /* DetailBrandView.swift */; };
		90742B352ADC98DC007B4E76 /* DetailKindView.swift in Sources */ = {isa = PBXBuildFile; fileRef = 90742B342ADC98DC007B4E76 /* DetailKindView.swift */; };
		9075183629D8C5CD00E34A84 /* BelongingsStats.swift in Sources */ = {isa = PBXBuildFile; fileRef = 9075183529D8C5CD00E34A84 /* BelongingsStats.swift */; };
		9075183729D8C5CD00E34A84 /* BelongingsStats.swift in Sources */ = {isa = PBXBuildFile; fileRef = 9075183529D8C5CD00E34A84 /* BelongingsStats.swift */; };
		907614A829D0ED860068365C /* KindStats.swift in Sources */ = {isa = PBXBuildFile; fileRef = 907614A729D0ED860068365C /* KindStats.swift */; };
		907614A929D0ED860068365C /* KindStats.swift in Sources */ = {isa = PBXBuildFile; fileRef = 907614A729D0ED860068365C /* KindStats.swift */; };
		907614AB29D0ED920068365C /* BrandStats.swift in Sources */ = {isa = PBXBuildFile; fileRef = 907614AA29D0ED920068365C /* BrandStats.swift */; };
		907614AC29D0ED920068365C /* BrandStats.swift in Sources */ = {isa = PBXBuildFile; fileRef = 907614AA29D0ED920068365C /* BrandStats.swift */; };
		907614AE29D0ED9E0068365C /* SellerStats.swift in Sources */ = {isa = PBXBuildFile; fileRef = 907614AD29D0ED9E0068365C /* SellerStats.swift */; };
		907614AF29D0ED9E0068365C /* SellerStats.swift in Sources */ = {isa = PBXBuildFile; fileRef = 907614AD29D0ED9E0068365C /* SellerStats.swift */; };
		90785B9629BFD91300BFE933 /* SortItemsView.swift in Sources */ = {isa = PBXBuildFile; fileRef = 90785B9529BFD91300BFE933 /* SortItemsView.swift */; };
		90785B9729BFD91300BFE933 /* SortItemsView.swift in Sources */ = {isa = PBXBuildFile; fileRef = 90785B9529BFD91300BFE933 /* SortItemsView.swift */; };
		90785B9929BFD9B300BFE933 /* SortType.swift in Sources */ = {isa = PBXBuildFile; fileRef = 90785B9829BFD9B300BFE933 /* SortType.swift */; };
		90785B9A29BFD9B300BFE933 /* SortType.swift in Sources */ = {isa = PBXBuildFile; fileRef = 90785B9829BFD9B300BFE933 /* SortType.swift */; };
		90785B9C29BFDC1F00BFE933 /* SortDirection.swift in Sources */ = {isa = PBXBuildFile; fileRef = 90785B9B29BFDC1F00BFE933 /* SortDirection.swift */; };
		90785B9D29BFDC1F00BFE933 /* SortDirection.swift in Sources */ = {isa = PBXBuildFile; fileRef = 90785B9B29BFDC1F00BFE933 /* SortDirection.swift */; };
		907C26DD29C754C200116BC1 /* StatsView.swift in Sources */ = {isa = PBXBuildFile; fileRef = 907C26DC29C754C200116BC1 /* StatsView.swift */; };
		907C26E229C7A6B500116BC1 /* StatsView.swift in Sources */ = {isa = PBXBuildFile; fileRef = 907C26DC29C754C200116BC1 /* StatsView.swift */; };
		908527822AD4A256004185C9 /* NameURLModifier.swift in Sources */ = {isa = PBXBuildFile; fileRef = 908527812AD4A256004185C9 /* NameURLModifier.swift */; };
		908527842AD4A6B1004185C9 /* SelectionSectionView.swift in Sources */ = {isa = PBXBuildFile; fileRef = 908527832AD4A6B1004185C9 /* SelectionSectionView.swift */; };
		908527862AD4B4D3004185C9 /* SheetModifier.swift in Sources */ = {isa = PBXBuildFile; fileRef = 908527852AD4B4D3004185C9 /* SheetModifier.swift */; };
		9086B53B29D247C800DB4568 /* StatsType.swift in Sources */ = {isa = PBXBuildFile; fileRef = 9086B53A29D247C800DB4568 /* StatsType.swift */; };
		9086B53C29D247C800DB4568 /* StatsType.swift in Sources */ = {isa = PBXBuildFile; fileRef = 9086B53A29D247C800DB4568 /* StatsType.swift */; };
		90884D1E26E180C000D01A55 /* CloudKit.framework in Frameworks */ = {isa = PBXBuildFile; fileRef = 90884D1D26E180C000D01A55 /* CloudKit.framework */; };
		9089734326FBFFEA005A03A8 /* SDWebImageWebPCoder in Frameworks */ = {isa = PBXBuildFile; productRef = 9089734226FBFFEA005A03A8 /* SDWebImageWebPCoder */; };
		9089734526FBFFF5005A03A8 /* SDWebImageWebPCoder in Frameworks */ = {isa = PBXBuildFile; productRef = 9089734426FBFFF5005A03A8 /* SDWebImageWebPCoder */; };
		9089734726FD10CC005A03A8 /* URLValidator.swift in Sources */ = {isa = PBXBuildFile; fileRef = 9089734626FD10CC005A03A8 /* URLValidator.swift */; };
		9089734826FD10CC005A03A8 /* URLValidator.swift in Sources */ = {isa = PBXBuildFile; fileRef = 9089734626FD10CC005A03A8 /* URLValidator.swift */; };
		9089734A26FD3B3F005A03A8 /* ItemSummaryView.swift in Sources */ = {isa = PBXBuildFile; fileRef = 9089734926FD3B3F005A03A8 /* ItemSummaryView.swift */; };
		9089734B26FD3B3F005A03A8 /* ItemSummaryView.swift in Sources */ = {isa = PBXBuildFile; fileRef = 9089734926FD3B3F005A03A8 /* ItemSummaryView.swift */; };
		908D1E3D2ADB40730018FE52 /* InputPhotoView.swift in Sources */ = {isa = PBXBuildFile; fileRef = 908D1E3C2ADB40730018FE52 /* InputPhotoView.swift */; };
		908D1E3F2ADB420B0018FE52 /* InputKindView.swift in Sources */ = {isa = PBXBuildFile; fileRef = 908D1E3E2ADB420B0018FE52 /* InputKindView.swift */; };
		908D1E412ADB43610018FE52 /* InputBrandView.swift in Sources */ = {isa = PBXBuildFile; fileRef = 908D1E402ADB43610018FE52 /* InputBrandView.swift */; };
		908D1E432ADB43B50018FE52 /* InputSellerView.swift in Sources */ = {isa = PBXBuildFile; fileRef = 908D1E422ADB43B50018FE52 /* InputSellerView.swift */; };
		908D1E452ADB45D00018FE52 /* InputBuyPriceView.swift in Sources */ = {isa = PBXBuildFile; fileRef = 908D1E442ADB45D00018FE52 /* InputBuyPriceView.swift */; };
		908D1E472ADB49EB0018FE52 /* InputBuyCurrencyView.swift in Sources */ = {isa = PBXBuildFile; fileRef = 908D1E462ADB49EB0018FE52 /* InputBuyCurrencyView.swift */; };
		908D1E492ADB4AE50018FE52 /* InputQuantityView.swift in Sources */ = {isa = PBXBuildFile; fileRef = 908D1E482ADB4AE50018FE52 /* InputQuantityView.swift */; };
		908D1E4B2ADB4B600018FE52 /* InputObtainedView.swift in Sources */ = {isa = PBXBuildFile; fileRef = 908D1E4A2ADB4B600018FE52 /* InputObtainedView.swift */; };
		908DC2452AD75E6B00B858F3 /* InputNameView.swift in Sources */ = {isa = PBXBuildFile; fileRef = 908DC2442AD75E6B00B858F3 /* InputNameView.swift */; };
		908DC2472AD75FD800B858F3 /* CommonRoundedRectangle.swift in Sources */ = {isa = PBXBuildFile; fileRef = 908DC2462AD75FD800B858F3 /* CommonRoundedRectangle.swift */; };
		908EC8442AC9EF19004647A5 /* DateSectionView.swift in Sources */ = {isa = PBXBuildFile; fileRef = 908EC8432AC9EF19004647A5 /* DateSectionView.swift */; };
		908EC8452AC9EF19004647A5 /* DateSectionView.swift in Sources */ = {isa = PBXBuildFile; fileRef = 908EC8432AC9EF19004647A5 /* DateSectionView.swift */; };
		908EC8472AC9F138004647A5 /* SectionTitle.swift in Sources */ = {isa = PBXBuildFile; fileRef = 908EC8462AC9F138004647A5 /* SectionTitle.swift */; };
		908EC8482AC9F138004647A5 /* SectionTitle.swift in Sources */ = {isa = PBXBuildFile; fileRef = 908EC8462AC9F138004647A5 /* SectionTitle.swift */; };
		909286FA2AD0A20A006FADAE /* BrandKinsSellerRowView.swift in Sources */ = {isa = PBXBuildFile; fileRef = 909286F92AD0A20A006FADAE /* BrandKinsSellerRowView.swift */; };
		909286FB2AD0A20A006FADAE /* BrandKinsSellerRowView.swift in Sources */ = {isa = PBXBuildFile; fileRef = 909286F92AD0A20A006FADAE /* BrandKinsSellerRowView.swift */; };
		909286FD2AD0C085006FADAE /* Assets.xcassets in Resources */ = {isa = PBXBuildFile; fileRef = 909286FC2AD0C085006FADAE /* Assets.xcassets */; };
		909286FE2AD0C085006FADAE /* Assets.xcassets in Resources */ = {isa = PBXBuildFile; fileRef = 909286FC2AD0C085006FADAE /* Assets.xcassets */; };
		9095FEA52B25038800921520 /* StatsDetailView.swift in Sources */ = {isa = PBXBuildFile; fileRef = 9095FEA42B25038800921520 /* StatsDetailView.swift */; };
		9095FEA62B25038800921520 /* StatsDetailView.swift in Sources */ = {isa = PBXBuildFile; fileRef = 9095FEA42B25038800921520 /* StatsDetailView.swift */; };
		9095FEA82B2508D300921520 /* SidebarItem.swift in Sources */ = {isa = PBXBuildFile; fileRef = 9095FEA72B2508D300921520 /* SidebarItem.swift */; };
		9095FEA92B2508D300921520 /* SidebarItem.swift in Sources */ = {isa = PBXBuildFile; fileRef = 9095FEA72B2508D300921520 /* SidebarItem.swift */; };
		9095FEAE2B251A4600921520 /* ItemOverTime.swift in Sources */ = {isa = PBXBuildFile; fileRef = 9095FEAD2B251A4600921520 /* ItemOverTime.swift */; };
		9095FEAF2B251A4600921520 /* ItemOverTime.swift in Sources */ = {isa = PBXBuildFile; fileRef = 9095FEAD2B251A4600921520 /* ItemOverTime.swift */; };
		90B23E6626EE901900B29063 /* KindDetailView.swift in Sources */ = {isa = PBXBuildFile; fileRef = 90B23E6526EE901900B29063 /* KindDetailView.swift */; };
		90B23E6726EE901900B29063 /* KindDetailView.swift in Sources */ = {isa = PBXBuildFile; fileRef = 90B23E6526EE901900B29063 /* KindDetailView.swift */; };
		90B46BC82700F53E00BEED75 /* EditPhotoView.swift in Sources */ = {isa = PBXBuildFile; fileRef = 90B46BC62700F53E00BEED75 /* EditPhotoView.swift */; };
		90C0D98926E7D08200158C85 /* AddKindView.swift in Sources */ = {isa = PBXBuildFile; fileRef = 90596B8526E6ACD20001CCA5 /* AddKindView.swift */; };
		90C0D98B26E7DEF600158C85 /* AddItemView.swift in Sources */ = {isa = PBXBuildFile; fileRef = 90C0D98A26E7DEF600158C85 /* AddItemView.swift */; };
		90C0D98C26E7DEF600158C85 /* AddItemView.swift in Sources */ = {isa = PBXBuildFile; fileRef = 90C0D98A26E7DEF600158C85 /* AddItemView.swift */; };
		90C0D98E26E8001700158C85 /* ChooseKindView.swift in Sources */ = {isa = PBXBuildFile; fileRef = 90C0D98D26E8001700158C85 /* ChooseKindView.swift */; };
		90C0D98F26E8001700158C85 /* ChooseKindView.swift in Sources */ = {isa = PBXBuildFile; fileRef = 90C0D98D26E8001700158C85 /* ChooseKindView.swift */; };
		90C172D226F13EC200244A9C /* BrandDetailView.swift in Sources */ = {isa = PBXBuildFile; fileRef = 90C172D126F13EC200244A9C /* BrandDetailView.swift */; };
		90C172D326F13EC200244A9C /* BrandDetailView.swift in Sources */ = {isa = PBXBuildFile; fileRef = 90C172D126F13EC200244A9C /* BrandDetailView.swift */; };
		90C172D526F13FAF00244A9C /* SellerDetailView.swift in Sources */ = {isa = PBXBuildFile; fileRef = 90C172D426F13FAF00244A9C /* SellerDetailView.swift */; };
		90C172D626F13FAF00244A9C /* SellerDetailView.swift in Sources */ = {isa = PBXBuildFile; fileRef = 90C172D426F13FAF00244A9C /* SellerDetailView.swift */; };
		90C2DE3F2AE086A400B82677 /* ItemDetailView.swift in Sources */ = {isa = PBXBuildFile; fileRef = 90C2DE3E2AE086A400B82677 /* ItemDetailView.swift */; };
		90C2DE402AE086A400B82677 /* ItemDetailView.swift in Sources */ = {isa = PBXBuildFile; fileRef = 90C2DE3E2AE086A400B82677 /* ItemDetailView.swift */; };
		90C2DE422AE08BA300B82677 /* ItemDTO.swift in Sources */ = {isa = PBXBuildFile; fileRef = 90C2DE412AE08BA300B82677 /* ItemDTO.swift */; };
		90C2DE432AE08BA300B82677 /* ItemDTO.swift in Sources */ = {isa = PBXBuildFile; fileRef = 90C2DE412AE08BA300B82677 /* ItemDTO.swift */; };
		90CB46A726ED3CB600A9468B /* BrandListView.swift in Sources */ = {isa = PBXBuildFile; fileRef = 90CB46A626ED3CB600A9468B /* BrandListView.swift */; };
		90CB46A826ED3CB600A9468B /* BrandListView.swift in Sources */ = {isa = PBXBuildFile; fileRef = 90CB46A626ED3CB600A9468B /* BrandListView.swift */; };
		90CB46AA26ED3F0F00A9468B /* SellerListView.swift in Sources */ = {isa = PBXBuildFile; fileRef = 90CB46A926ED3F0F00A9468B /* SellerListView.swift */; };
		90CB46AB26ED3F0F00A9468B /* SellerListView.swift in Sources */ = {isa = PBXBuildFile; fileRef = 90CB46A926ED3F0F00A9468B /* SellerListView.swift */; };
		90CB46B726ED6A1900A9468B /* FilterItemsView.swift in Sources */ = {isa = PBXBuildFile; fileRef = 90CB46B626ED6A1900A9468B /* FilterItemsView.swift */; };
		90CB46B826ED6A1900A9468B /* FilterItemsView.swift in Sources */ = {isa = PBXBuildFile; fileRef = 90CB46B626ED6A1900A9468B /* FilterItemsView.swift */; };
		90CB66222AEC6CBE003A06BF /* ImageResizing.swift in Sources */ = {isa = PBXBuildFile; fileRef = 90CB66212AEC6CBE003A06BF /* ImageResizing.swift */; };
		90CB66232AEC6CBE003A06BF /* ImageResizing.swift in Sources */ = {isa = PBXBuildFile; fileRef = 90CB66212AEC6CBE003A06BF /* ImageResizing.swift */; };
		90CD27ED270908A1001A89B5 /* ImageType.swift in Sources */ = {isa = PBXBuildFile; fileRef = 90CD27EC270908A1001A89B5 /* ImageType.swift */; };
		90CD27EE270908A1001A89B5 /* ImageType.swift in Sources */ = {isa = PBXBuildFile; fileRef = 90CD27EC270908A1001A89B5 /* ImageType.swift */; };
		90CD27F1270908D3001A89B5 /* ImageProcesser.swift in Sources */ = {isa = PBXBuildFile; fileRef = 90CD27EF270908D3001A89B5 /* ImageProcesser.swift */; };
		90CF0CF62730A1C300E93917 /* SectionTitleView.swift in Sources */ = {isa = PBXBuildFile; fileRef = 90CF0CF52730A1C300E93917 /* SectionTitleView.swift */; };
		90CF0CF72730A1C300E93917 /* SectionTitleView.swift in Sources */ = {isa = PBXBuildFile; fileRef = 90CF0CF52730A1C300E93917 /* SectionTitleView.swift */; };
		90D3F23226EA594E00955316 /* BelongingsViewModel.swift in Sources */ = {isa = PBXBuildFile; fileRef = 90D3F23126EA594E00955316 /* BelongingsViewModel.swift */; };
		90D3F23326EA599D00955316 /* BelongingsViewModel.swift in Sources */ = {isa = PBXBuildFile; fileRef = 90D3F23126EA594E00955316 /* BelongingsViewModel.swift */; };
		90D3F23526EA5B3400955316 /* Entities.swift in Sources */ = {isa = PBXBuildFile; fileRef = 90D3F23426EA5B3400955316 /* Entities.swift */; };
		90D3F23626EA5C4000955316 /* Entities.swift in Sources */ = {isa = PBXBuildFile; fileRef = 90D3F23426EA5B3400955316 /* Entities.swift */; };
		90D3F23826EA7F7E00955316 /* SellerDTO.swift in Sources */ = {isa = PBXBuildFile; fileRef = 90D3F23726EA7F7E00955316 /* SellerDTO.swift */; };
		90D3F23A26EA7FE000955316 /* BrandDTO.swift in Sources */ = {isa = PBXBuildFile; fileRef = 90D3F23926EA7FE000955316 /* BrandDTO.swift */; };
		90D3F23C26EA801F00955316 /* KindDTO.swift in Sources */ = {isa = PBXBuildFile; fileRef = 90D3F23B26EA801F00955316 /* KindDTO.swift */; };
		90D3F23F26EA8CDC00955316 /* SellerDTO.swift in Sources */ = {isa = PBXBuildFile; fileRef = 90D3F23726EA7F7E00955316 /* SellerDTO.swift */; };
		90D3F24026EA8CDE00955316 /* BrandDTO.swift in Sources */ = {isa = PBXBuildFile; fileRef = 90D3F23926EA7FE000955316 /* BrandDTO.swift */; };
		90D3F24126EA8CE100955316 /* KindDTO.swift in Sources */ = {isa = PBXBuildFile; fileRef = 90D3F23B26EA801F00955316 /* KindDTO.swift */; };
		90D798182AE316E6002379E5 /* DetailPriceView.swift in Sources */ = {isa = PBXBuildFile; fileRef = 90D798172AE316E6002379E5 /* DetailPriceView.swift */; };
		90D7981A2AE31AD9002379E5 /* DetailDateView.swift in Sources */ = {isa = PBXBuildFile; fileRef = 90D798192AE31AD9002379E5 /* DetailDateView.swift */; };
		90DD8C2926F936E60079424A /* MobileNet.mlmodel in Sources */ = {isa = PBXBuildFile; fileRef = 90DD8C2826F936E60079424A /* MobileNet.mlmodel */; };
		90DD8C2A26F936E60079424A /* MobileNet.mlmodel in Sources */ = {isa = PBXBuildFile; fileRef = 90DD8C2826F936E60079424A /* MobileNet.mlmodel */; };
		90DD8C2C26F95A1B0079424A /* EditPhotoView.swift in Sources */ = {isa = PBXBuildFile; fileRef = 90DD8C2B26F95A1B0079424A /* EditPhotoView.swift */; };
		90DE25542707AD4C0030AEFF /* ImageProcesser.swift in Sources */ = {isa = PBXBuildFile; fileRef = 90DE25532707AD4C0030AEFF /* ImageProcesser.swift */; };
		90E238DD270659C600E03624 /* SelectImageButton.swift in Sources */ = {isa = PBXBuildFile; fileRef = 90E238DC270659C600E03624 /* SelectImageButton.swift */; };
		90E238E027065D5300E03624 /* PhotoAlertView.swift in Sources */ = {isa = PBXBuildFile; fileRef = 90E238DE27065CCC00E03624 /* PhotoAlertView.swift */; };
		90E238E22706794200E03624 /* ItemsView.swift in Sources */ = {isa = PBXBuildFile; fileRef = 90E238E12706794200E03624 /* ItemsView.swift */; };
		90E238E32706799D00E03624 /* ItemsView.swift in Sources */ = {isa = PBXBuildFile; fileRef = 90E238E12706794200E03624 /* ItemsView.swift */; };
		90E2EA9626F402150014A8C6 /* ImagePickerView.swift in Sources */ = {isa = PBXBuildFile; fileRef = 90E2EA9526F402150014A8C6 /* ImagePickerView.swift */; };
		90E2EA9926F402940014A8C6 /* AddPhotoView.swift in Sources */ = {isa = PBXBuildFile; fileRef = 90E2EA9826F402940014A8C6 /* AddPhotoView.swift */; };
		90E54D1B2777D37300B6DF62 /* AddBottomView.swift in Sources */ = {isa = PBXBuildFile; fileRef = 90E54D1A2777D37300B6DF62 /* AddBottomView.swift */; };
		90E54D1C2777D37300B6DF62 /* AddBottomView.swift in Sources */ = {isa = PBXBuildFile; fileRef = 90E54D1A2777D37300B6DF62 /* AddBottomView.swift */; };
		90F3B6AB26FFEA2900C4859D /* ItemProperty.swift in Sources */ = {isa = PBXBuildFile; fileRef = 90F3B6AA26FFEA2900C4859D /* ItemProperty.swift */; };
		90F3B6AC26FFEA2900C4859D /* ItemProperty.swift in Sources */ = {isa = PBXBuildFile; fileRef = 90F3B6AA26FFEA2900C4859D /* ItemProperty.swift */; };
		90FF8FD4276FABC70099A23B /* ItemRowView.swift in Sources */ = {isa = PBXBuildFile; fileRef = 90FF8FD3276FABC70099A23B /* ItemRowView.swift */; };
		90FF8FD5276FABC70099A23B /* ItemRowView.swift in Sources */ = {isa = PBXBuildFile; fileRef = 90FF8FD3276FABC70099A23B /* ItemRowView.swift */; };
/* End PBXBuildFile section */

/* Begin PBXContainerItemProxy section */
		900DDBD926E036CB0034A155 /* PBXContainerItemProxy */ = {
			isa = PBXContainerItemProxy;
			containerPortal = 900DDBB926E036C90034A155 /* Project object */;
			proxyType = 1;
			remoteGlobalIDString = 900DDBC726E036CA0034A155;
			remoteInfo = "Belongings (iOS)";
		};
		900DDBE426E036CB0034A155 /* PBXContainerItemProxy */ = {
			isa = PBXContainerItemProxy;
			containerPortal = 900DDBB926E036C90034A155 /* Project object */;
			proxyType = 1;
			remoteGlobalIDString = 900DDBCF26E036CB0034A155;
			remoteInfo = "Belongings (macOS)";
		};
		90620B302AF0712F0056493B /* PBXContainerItemProxy */ = {
			isa = PBXContainerItemProxy;
			containerPortal = 900DDBB926E036C90034A155 /* Project object */;
			proxyType = 1;
			remoteGlobalIDString = 900DDBC726E036CA0034A155;
			remoteInfo = "Belongings Organizer (iOS)";
		};
/* End PBXContainerItemProxy section */

/* Begin PBXFileReference section */
		9000E36A2771229700A224E0 /* BelongingsApp.swift */ = {isa = PBXFileReference; fileEncoding = 4; lastKnownFileType = sourcecode.swift; path = BelongingsApp.swift; sourceTree = "<group>"; };
		900DDBBF26E036C90034A155 /* Shared.xcdatamodel */ = {isa = PBXFileReference; lastKnownFileType = wrapper.xcdatamodel; path = Shared.xcdatamodel; sourceTree = "<group>"; };
		900DDBC126E036C90034A155 /* ContentView.swift */ = {isa = PBXFileReference; lastKnownFileType = sourcecode.swift; path = ContentView.swift; sourceTree = "<group>"; };
		900DDBC826E036CA0034A155 /* Belongings Organizer.app */ = {isa = PBXFileReference; explicitFileType = wrapper.application; includeInIndex = 0; path = "Belongings Organizer.app"; sourceTree = BUILT_PRODUCTS_DIR; };
		900DDBCB26E036CA0034A155 /* Info.plist */ = {isa = PBXFileReference; lastKnownFileType = text.plist.xml; path = Info.plist; sourceTree = "<group>"; };
		900DDBD026E036CB0034A155 /* Belongings Organizer.app */ = {isa = PBXFileReference; explicitFileType = wrapper.application; includeInIndex = 0; path = "Belongings Organizer.app"; sourceTree = BUILT_PRODUCTS_DIR; };
		900DDBD226E036CB0034A155 /* Info.plist */ = {isa = PBXFileReference; lastKnownFileType = text.plist.xml; path = Info.plist; sourceTree = "<group>"; };
		900DDBD326E036CB0034A155 /* macOS.entitlements */ = {isa = PBXFileReference; lastKnownFileType = text.plist.entitlements; path = macOS.entitlements; sourceTree = "<group>"; };
		900DDBD826E036CB0034A155 /* Tests iOS.xctest */ = {isa = PBXFileReference; explicitFileType = wrapper.cfbundle; includeInIndex = 0; path = "Tests iOS.xctest"; sourceTree = BUILT_PRODUCTS_DIR; };
		900DDBDC26E036CB0034A155 /* Tests_iOS.swift */ = {isa = PBXFileReference; lastKnownFileType = sourcecode.swift; path = Tests_iOS.swift; sourceTree = "<group>"; };
		900DDBDE26E036CB0034A155 /* Info.plist */ = {isa = PBXFileReference; lastKnownFileType = text.plist.xml; path = Info.plist; sourceTree = "<group>"; };
		900DDBE326E036CB0034A155 /* Tests macOS.xctest */ = {isa = PBXFileReference; explicitFileType = wrapper.cfbundle; includeInIndex = 0; path = "Tests macOS.xctest"; sourceTree = BUILT_PRODUCTS_DIR; };
		900DDBE726E036CB0034A155 /* Tests_macOS.swift */ = {isa = PBXFileReference; lastKnownFileType = sourcecode.swift; path = Tests_macOS.swift; sourceTree = "<group>"; };
		900DDBE926E036CB0034A155 /* Info.plist */ = {isa = PBXFileReference; lastKnownFileType = text.plist.xml; path = Info.plist; sourceTree = "<group>"; };
		900F8D792735C5210069CE07 /* DetailHeaderView.swift */ = {isa = PBXFileReference; lastKnownFileType = sourcecode.swift; path = DetailHeaderView.swift; sourceTree = "<group>"; };
		901A21E628568AEF006CF1A4 /* AppDelegate.swift */ = {isa = PBXFileReference; lastKnownFileType = sourcecode.swift; path = AppDelegate.swift; sourceTree = "<group>"; };
		901A21E928568BA8006CF1A4 /* BelongingsOrganizerConstants.swift */ = {isa = PBXFileReference; lastKnownFileType = sourcecode.swift; path = BelongingsOrganizerConstants.swift; sourceTree = "<group>"; };
		904498E026EBD30500002A6F /* NothingSelectedText.swift */ = {isa = PBXFileReference; lastKnownFileType = sourcecode.swift; path = NothingSelectedText.swift; sourceTree = "<group>"; };
		904498E326EBD7A800002A6F /* SheetBottom.swift */ = {isa = PBXFileReference; lastKnownFileType = sourcecode.swift; path = SheetBottom.swift; sourceTree = "<group>"; };
		904498E626EBDEDB00002A6F /* ItemListView.swift */ = {isa = PBXFileReference; lastKnownFileType = sourcecode.swift; path = ItemListView.swift; sourceTree = "<group>"; };
		904498E926EBF70600002A6F /* KindListView.swift */ = {isa = PBXFileReference; lastKnownFileType = sourcecode.swift; path = KindListView.swift; sourceTree = "<group>"; };
		90596B8526E6ACD20001CCA5 /* AddKindView.swift */ = {isa = PBXFileReference; lastKnownFileType = sourcecode.swift; path = AddKindView.swift; sourceTree = "<group>"; };
		90620B2A2AF0712F0056493B /* BelogingsOrganizerUIPerformanceTests.xctest */ = {isa = PBXFileReference; explicitFileType = wrapper.cfbundle; includeInIndex = 0; path = BelogingsOrganizerUIPerformanceTests.xctest; sourceTree = BUILT_PRODUCTS_DIR; };
		90620B2C2AF0712F0056493B /* BelogingsOrganizerUIPerformanceTests.swift */ = {isa = PBXFileReference; lastKnownFileType = sourcecode.swift; path = BelogingsOrganizerUIPerformanceTests.swift; sourceTree = "<group>"; };
		90620B2E2AF0712F0056493B /* BelogingsOrganizerUIPerformanceTestsLaunchTests.swift */ = {isa = PBXFileReference; lastKnownFileType = sourcecode.swift; path = BelogingsOrganizerUIPerformanceTestsLaunchTests.swift; sourceTree = "<group>"; };
		906A67302AD1E91500DE53BE /* URLView.swift */ = {isa = PBXFileReference; lastKnownFileType = sourcecode.swift; path = URLView.swift; sourceTree = "<group>"; };
		906A67332AD1EA8A00DE53BE /* NameView.swift */ = {isa = PBXFileReference; lastKnownFileType = sourcecode.swift; path = NameView.swift; sourceTree = "<group>"; };
		906CE2E726FA871900DC12C3 /* AddPhotoView.swift */ = {isa = PBXFileReference; lastKnownFileType = sourcecode.swift; path = AddPhotoView.swift; sourceTree = "<group>"; };
		906CE2EA26FA970100DC12C3 /* PersistenceHelper.swift */ = {isa = PBXFileReference; lastKnownFileType = sourcecode.swift; path = PersistenceHelper.swift; sourceTree = "<group>"; };
		906EA8A026F7EFF300235302 /* EditDateView.swift */ = {isa = PBXFileReference; lastKnownFileType = sourcecode.swift; path = EditDateView.swift; sourceTree = "<group>"; };
		90704CF529CFA65300F66908 /* BelongingsError.swift */ = {isa = PBXFileReference; lastKnownFileType = sourcecode.swift; path = BelongingsError.swift; sourceTree = "<group>"; };
		9072232C26E9352700965653 /* ChooseBrandView.swift */ = {isa = PBXFileReference; lastKnownFileType = sourcecode.swift; path = ChooseBrandView.swift; sourceTree = "<group>"; };
		9072232F26E93A0500965653 /* AddBrandView.swift */ = {isa = PBXFileReference; lastKnownFileType = sourcecode.swift; path = AddBrandView.swift; sourceTree = "<group>"; };
		9072233226E93CDC00965653 /* ChooseSellerView.swift */ = {isa = PBXFileReference; lastKnownFileType = sourcecode.swift; path = ChooseSellerView.swift; sourceTree = "<group>"; };
		9072233526E93CE800965653 /* AddSellerView.swift */ = {isa = PBXFileReference; lastKnownFileType = sourcecode.swift; path = AddSellerView.swift; sourceTree = "<group>"; };
		90735E8A29DA141200159CBA /* ImagePasting.swift */ = {isa = PBXFileReference; lastKnownFileType = sourcecode.swift; path = ImagePasting.swift; sourceTree = "<group>"; };
		90742B222ADC3107007B4E76 /* DetailNameView.swift */ = {isa = PBXFileReference; lastKnownFileType = sourcecode.swift; path = DetailNameView.swift; sourceTree = "<group>"; };
		90742B282ADC37AC007B4E76 /* DetailNoteView.swift */ = {isa = PBXFileReference; lastKnownFileType = sourcecode.swift; path = DetailNoteView.swift; sourceTree = "<group>"; };
		90742B2A2ADC389A007B4E76 /* DetailQuantityView.swift */ = {isa = PBXFileReference; lastKnownFileType = sourcecode.swift; path = DetailQuantityView.swift; sourceTree = "<group>"; };
		90742B2C2ADC8A09007B4E76 /* DetailSellerView.swift */ = {isa = PBXFileReference; lastKnownFileType = sourcecode.swift; path = DetailSellerView.swift; sourceTree = "<group>"; };
		90742B302ADC943C007B4E76 /* DetailPhotoView.swift */ = {isa = PBXFileReference; lastKnownFileType = sourcecode.swift; path = DetailPhotoView.swift; sourceTree = "<group>"; };
		90742B322ADC9654007B4E76 /* DetailBrandView.swift */ = {isa = PBXFileReference; lastKnownFileType = sourcecode.swift; path = DetailBrandView.swift; sourceTree = "<group>"; };
		90742B342ADC98DC007B4E76 /* DetailKindView.swift */ = {isa = PBXFileReference; lastKnownFileType = sourcecode.swift; path = DetailKindView.swift; sourceTree = "<group>"; };
		9075183529D8C5CD00E34A84 /* BelongingsStats.swift */ = {isa = PBXFileReference; lastKnownFileType = sourcecode.swift; path = BelongingsStats.swift; sourceTree = "<group>"; };
		907614A729D0ED860068365C /* KindStats.swift */ = {isa = PBXFileReference; lastKnownFileType = sourcecode.swift; path = KindStats.swift; sourceTree = "<group>"; };
		907614AA29D0ED920068365C /* BrandStats.swift */ = {isa = PBXFileReference; lastKnownFileType = sourcecode.swift; path = BrandStats.swift; sourceTree = "<group>"; };
		907614AD29D0ED9E0068365C /* SellerStats.swift */ = {isa = PBXFileReference; lastKnownFileType = sourcecode.swift; path = SellerStats.swift; sourceTree = "<group>"; };
		90785B9529BFD91300BFE933 /* SortItemsView.swift */ = {isa = PBXFileReference; lastKnownFileType = sourcecode.swift; path = SortItemsView.swift; sourceTree = "<group>"; };
		90785B9829BFD9B300BFE933 /* SortType.swift */ = {isa = PBXFileReference; lastKnownFileType = sourcecode.swift; path = SortType.swift; sourceTree = "<group>"; };
		90785B9B29BFDC1F00BFE933 /* SortDirection.swift */ = {isa = PBXFileReference; lastKnownFileType = sourcecode.swift; path = SortDirection.swift; sourceTree = "<group>"; };
		907C26DC29C754C200116BC1 /* StatsView.swift */ = {isa = PBXFileReference; lastKnownFileType = sourcecode.swift; path = StatsView.swift; sourceTree = "<group>"; };
		908527812AD4A256004185C9 /* NameURLModifier.swift */ = {isa = PBXFileReference; lastKnownFileType = sourcecode.swift; path = NameURLModifier.swift; sourceTree = "<group>"; };
		908527832AD4A6B1004185C9 /* SelectionSectionView.swift */ = {isa = PBXFileReference; lastKnownFileType = sourcecode.swift; path = SelectionSectionView.swift; sourceTree = "<group>"; };
		908527852AD4B4D3004185C9 /* SheetModifier.swift */ = {isa = PBXFileReference; lastKnownFileType = sourcecode.swift; path = SheetModifier.swift; sourceTree = "<group>"; };
		9086B53A29D247C800DB4568 /* StatsType.swift */ = {isa = PBXFileReference; lastKnownFileType = sourcecode.swift; path = StatsType.swift; sourceTree = "<group>"; };
		90884D1D26E180C000D01A55 /* CloudKit.framework */ = {isa = PBXFileReference; lastKnownFileType = wrapper.framework; name = CloudKit.framework; path = System/Library/Frameworks/CloudKit.framework; sourceTree = SDKROOT; };
		90884D1F26E180E100D01A55 /* Belongings.entitlements */ = {isa = PBXFileReference; lastKnownFileType = text.plist.entitlements; path = Belongings.entitlements; sourceTree = "<group>"; };
		9089734626FD10CC005A03A8 /* URLValidator.swift */ = {isa = PBXFileReference; lastKnownFileType = sourcecode.swift; path = URLValidator.swift; sourceTree = "<group>"; };
		9089734926FD3B3F005A03A8 /* ItemSummaryView.swift */ = {isa = PBXFileReference; lastKnownFileType = sourcecode.swift; path = ItemSummaryView.swift; sourceTree = "<group>"; };
		908D1E3C2ADB40730018FE52 /* InputPhotoView.swift */ = {isa = PBXFileReference; lastKnownFileType = sourcecode.swift; path = InputPhotoView.swift; sourceTree = "<group>"; };
		908D1E3E2ADB420B0018FE52 /* InputKindView.swift */ = {isa = PBXFileReference; lastKnownFileType = sourcecode.swift; path = InputKindView.swift; sourceTree = "<group>"; };
		908D1E402ADB43610018FE52 /* InputBrandView.swift */ = {isa = PBXFileReference; lastKnownFileType = sourcecode.swift; path = InputBrandView.swift; sourceTree = "<group>"; };
		908D1E422ADB43B50018FE52 /* InputSellerView.swift */ = {isa = PBXFileReference; lastKnownFileType = sourcecode.swift; path = InputSellerView.swift; sourceTree = "<group>"; };
		908D1E442ADB45D00018FE52 /* InputBuyPriceView.swift */ = {isa = PBXFileReference; lastKnownFileType = sourcecode.swift; path = InputBuyPriceView.swift; sourceTree = "<group>"; };
		908D1E462ADB49EB0018FE52 /* InputBuyCurrencyView.swift */ = {isa = PBXFileReference; lastKnownFileType = sourcecode.swift; path = InputBuyCurrencyView.swift; sourceTree = "<group>"; };
		908D1E482ADB4AE50018FE52 /* InputQuantityView.swift */ = {isa = PBXFileReference; lastKnownFileType = sourcecode.swift; path = InputQuantityView.swift; sourceTree = "<group>"; };
		908D1E4A2ADB4B600018FE52 /* InputObtainedView.swift */ = {isa = PBXFileReference; lastKnownFileType = sourcecode.swift; path = InputObtainedView.swift; sourceTree = "<group>"; };
		908DC2442AD75E6B00B858F3 /* InputNameView.swift */ = {isa = PBXFileReference; lastKnownFileType = sourcecode.swift; path = InputNameView.swift; sourceTree = "<group>"; };
		908DC2462AD75FD800B858F3 /* CommonRoundedRectangle.swift */ = {isa = PBXFileReference; lastKnownFileType = sourcecode.swift; path = CommonRoundedRectangle.swift; sourceTree = "<group>"; };
		908EC8432AC9EF19004647A5 /* DateSectionView.swift */ = {isa = PBXFileReference; lastKnownFileType = sourcecode.swift; path = DateSectionView.swift; sourceTree = "<group>"; };
		908EC8462AC9F138004647A5 /* SectionTitle.swift */ = {isa = PBXFileReference; lastKnownFileType = sourcecode.swift; path = SectionTitle.swift; sourceTree = "<group>"; };
		909286F92AD0A20A006FADAE /* BrandKinsSellerRowView.swift */ = {isa = PBXFileReference; lastKnownFileType = sourcecode.swift; path = BrandKinsSellerRowView.swift; sourceTree = "<group>"; };
		909286FC2AD0C085006FADAE /* Assets.xcassets */ = {isa = PBXFileReference; lastKnownFileType = folder.assetcatalog; path = Assets.xcassets; sourceTree = "<group>"; };
		9095FEA42B25038800921520 /* StatsDetailView.swift */ = {isa = PBXFileReference; lastKnownFileType = sourcecode.swift; path = StatsDetailView.swift; sourceTree = "<group>"; };
		9095FEA72B2508D300921520 /* SidebarItem.swift */ = {isa = PBXFileReference; lastKnownFileType = sourcecode.swift; path = SidebarItem.swift; sourceTree = "<group>"; };
		9095FEAD2B251A4600921520 /* ItemOverTime.swift */ = {isa = PBXFileReference; lastKnownFileType = sourcecode.swift; path = ItemOverTime.swift; sourceTree = "<group>"; };
		90B23E6526EE901900B29063 /* KindDetailView.swift */ = {isa = PBXFileReference; lastKnownFileType = sourcecode.swift; path = KindDetailView.swift; sourceTree = "<group>"; };
		90B46BC62700F53E00BEED75 /* EditPhotoView.swift */ = {isa = PBXFileReference; lastKnownFileType = sourcecode.swift; path = EditPhotoView.swift; sourceTree = "<group>"; };
		90C0D98A26E7DEF600158C85 /* AddItemView.swift */ = {isa = PBXFileReference; lastKnownFileType = sourcecode.swift; path = AddItemView.swift; sourceTree = "<group>"; };
		90C0D98D26E8001700158C85 /* ChooseKindView.swift */ = {isa = PBXFileReference; lastKnownFileType = sourcecode.swift; path = ChooseKindView.swift; sourceTree = "<group>"; };
		90C172D126F13EC200244A9C /* BrandDetailView.swift */ = {isa = PBXFileReference; lastKnownFileType = sourcecode.swift; path = BrandDetailView.swift; sourceTree = "<group>"; };
		90C172D426F13FAF00244A9C /* SellerDetailView.swift */ = {isa = PBXFileReference; lastKnownFileType = sourcecode.swift; path = SellerDetailView.swift; sourceTree = "<group>"; };
		90C2DE3E2AE086A400B82677 /* ItemDetailView.swift */ = {isa = PBXFileReference; lastKnownFileType = sourcecode.swift; path = ItemDetailView.swift; sourceTree = "<group>"; };
		90C2DE412AE08BA300B82677 /* ItemDTO.swift */ = {isa = PBXFileReference; lastKnownFileType = sourcecode.swift; path = ItemDTO.swift; sourceTree = "<group>"; };
		90CB46A626ED3CB600A9468B /* BrandListView.swift */ = {isa = PBXFileReference; lastKnownFileType = sourcecode.swift; path = BrandListView.swift; sourceTree = "<group>"; };
		90CB46A926ED3F0F00A9468B /* SellerListView.swift */ = {isa = PBXFileReference; lastKnownFileType = sourcecode.swift; path = SellerListView.swift; sourceTree = "<group>"; };
		90CB46B626ED6A1900A9468B /* FilterItemsView.swift */ = {isa = PBXFileReference; lastKnownFileType = sourcecode.swift; path = FilterItemsView.swift; sourceTree = "<group>"; };
		90CB66212AEC6CBE003A06BF /* ImageResizing.swift */ = {isa = PBXFileReference; lastKnownFileType = sourcecode.swift; path = ImageResizing.swift; sourceTree = "<group>"; };
		90CD27EC270908A1001A89B5 /* ImageType.swift */ = {isa = PBXFileReference; lastKnownFileType = sourcecode.swift; path = ImageType.swift; sourceTree = "<group>"; };
		90CD27EF270908D3001A89B5 /* ImageProcesser.swift */ = {isa = PBXFileReference; lastKnownFileType = sourcecode.swift; path = ImageProcesser.swift; sourceTree = "<group>"; };
		90CF0CF52730A1C300E93917 /* SectionTitleView.swift */ = {isa = PBXFileReference; lastKnownFileType = sourcecode.swift; path = SectionTitleView.swift; sourceTree = "<group>"; };
		90D3F23126EA594E00955316 /* BelongingsViewModel.swift */ = {isa = PBXFileReference; lastKnownFileType = sourcecode.swift; path = BelongingsViewModel.swift; sourceTree = "<group>"; };
		90D3F23426EA5B3400955316 /* Entities.swift */ = {isa = PBXFileReference; lastKnownFileType = sourcecode.swift; path = Entities.swift; sourceTree = "<group>"; };
		90D3F23726EA7F7E00955316 /* SellerDTO.swift */ = {isa = PBXFileReference; lastKnownFileType = sourcecode.swift; path = SellerDTO.swift; sourceTree = "<group>"; };
		90D3F23926EA7FE000955316 /* BrandDTO.swift */ = {isa = PBXFileReference; lastKnownFileType = sourcecode.swift; path = BrandDTO.swift; sourceTree = "<group>"; };
		90D3F23B26EA801F00955316 /* KindDTO.swift */ = {isa = PBXFileReference; lastKnownFileType = sourcecode.swift; path = KindDTO.swift; sourceTree = "<group>"; };
		90D798172AE316E6002379E5 /* DetailPriceView.swift */ = {isa = PBXFileReference; lastKnownFileType = sourcecode.swift; path = DetailPriceView.swift; sourceTree = "<group>"; };
		90D798192AE31AD9002379E5 /* DetailDateView.swift */ = {isa = PBXFileReference; lastKnownFileType = sourcecode.swift; path = DetailDateView.swift; sourceTree = "<group>"; };
		90DD8C2826F936E60079424A /* MobileNet.mlmodel */ = {isa = PBXFileReference; lastKnownFileType = file.mlmodel; path = MobileNet.mlmodel; sourceTree = "<group>"; };
		90DD8C2B26F95A1B0079424A /* EditPhotoView.swift */ = {isa = PBXFileReference; lastKnownFileType = sourcecode.swift; path = EditPhotoView.swift; sourceTree = "<group>"; };
		90DE25532707AD4C0030AEFF /* ImageProcesser.swift */ = {isa = PBXFileReference; lastKnownFileType = sourcecode.swift; path = ImageProcesser.swift; sourceTree = "<group>"; };
		90E238DC270659C600E03624 /* SelectImageButton.swift */ = {isa = PBXFileReference; lastKnownFileType = sourcecode.swift; path = SelectImageButton.swift; sourceTree = "<group>"; };
		90E238DE27065CCC00E03624 /* PhotoAlertView.swift */ = {isa = PBXFileReference; lastKnownFileType = sourcecode.swift; path = PhotoAlertView.swift; sourceTree = "<group>"; };
		90E238E12706794200E03624 /* ItemsView.swift */ = {isa = PBXFileReference; lastKnownFileType = sourcecode.swift; path = ItemsView.swift; sourceTree = "<group>"; };
		90E2EA9526F402150014A8C6 /* ImagePickerView.swift */ = {isa = PBXFileReference; lastKnownFileType = sourcecode.swift; path = ImagePickerView.swift; sourceTree = "<group>"; };
		90E2EA9826F402940014A8C6 /* AddPhotoView.swift */ = {isa = PBXFileReference; lastKnownFileType = sourcecode.swift; path = AddPhotoView.swift; sourceTree = "<group>"; };
		90E54D1A2777D37300B6DF62 /* AddBottomView.swift */ = {isa = PBXFileReference; lastKnownFileType = sourcecode.swift; path = AddBottomView.swift; sourceTree = "<group>"; };
		90F3B6AA26FFEA2900C4859D /* ItemProperty.swift */ = {isa = PBXFileReference; lastKnownFileType = sourcecode.swift; path = ItemProperty.swift; sourceTree = "<group>"; };
		90FF8FD3276FABC70099A23B /* ItemRowView.swift */ = {isa = PBXFileReference; lastKnownFileType = sourcecode.swift; path = ItemRowView.swift; sourceTree = "<group>"; };
/* End PBXFileReference section */

/* Begin PBXFrameworksBuildPhase section */
		900DDBC526E036CA0034A155 /* Frameworks */ = {
			isa = PBXFrameworksBuildPhase;
			buildActionMask = 2147483647;
			files = (
				901A21E528568A95006CF1A4 /* Persistence in Frameworks */,
				9089734326FBFFEA005A03A8 /* SDWebImageWebPCoder in Frameworks */,
			);
			runOnlyForDeploymentPostprocessing = 0;
		};
		900DDBCD26E036CB0034A155 /* Frameworks */ = {
			isa = PBXFrameworksBuildPhase;
			buildActionMask = 2147483647;
			files = (
				901A21ED2856981A006CF1A4 /* Persistence in Frameworks */,
				9089734526FBFFF5005A03A8 /* SDWebImageWebPCoder in Frameworks */,
				90884D1E26E180C000D01A55 /* CloudKit.framework in Frameworks */,
			);
			runOnlyForDeploymentPostprocessing = 0;
		};
		900DDBD526E036CB0034A155 /* Frameworks */ = {
			isa = PBXFrameworksBuildPhase;
			buildActionMask = 2147483647;
			files = (
			);
			runOnlyForDeploymentPostprocessing = 0;
		};
		900DDBE026E036CB0034A155 /* Frameworks */ = {
			isa = PBXFrameworksBuildPhase;
			buildActionMask = 2147483647;
			files = (
			);
			runOnlyForDeploymentPostprocessing = 0;
		};
		90620B272AF0712F0056493B /* Frameworks */ = {
			isa = PBXFrameworksBuildPhase;
			buildActionMask = 2147483647;
			files = (
			);
			runOnlyForDeploymentPostprocessing = 0;
		};
/* End PBXFrameworksBuildPhase section */

/* Begin PBXGroup section */
		900DDBB826E036C90034A155 = {
			isa = PBXGroup;
			children = (
				90884D1F26E180E100D01A55 /* Belongings.entitlements */,
				900DDBBD26E036C90034A155 /* Shared */,
				900DDBCA26E036CA0034A155 /* iOS */,
				900DDBD126E036CB0034A155 /* macOS */,
				900DDBDB26E036CB0034A155 /* Tests iOS */,
				900DDBE626E036CB0034A155 /* Tests macOS */,
				90620B2B2AF0712F0056493B /* BelogingsOrganizerUIPerformanceTests */,
				900DDBC926E036CA0034A155 /* Products */,
				90884D1C26E180C000D01A55 /* Frameworks */,
			);
			sourceTree = "<group>";
		};
		900DDBBD26E036C90034A155 /* Shared */ = {
			isa = PBXGroup;
			children = (
				90D3F23026EA593B00955316 /* ViewModels */,
				90596B8426E6ACC30001CCA5 /* Views */,
				9000E36A2771229700A224E0 /* BelongingsApp.swift */,
				900DDBC126E036C90034A155 /* ContentView.swift */,
				901A21E928568BA8006CF1A4 /* BelongingsOrganizerConstants.swift */,
				901A21E628568AEF006CF1A4 /* AppDelegate.swift */,
				909286FC2AD0C085006FADAE /* Assets.xcassets */,
				900DDBBE26E036C90034A155 /* Belongings.xcdatamodeld */,
			);
			path = Shared;
			sourceTree = "<group>";
		};
		900DDBC926E036CA0034A155 /* Products */ = {
			isa = PBXGroup;
			children = (
				900DDBC826E036CA0034A155 /* Belongings Organizer.app */,
				900DDBD026E036CB0034A155 /* Belongings Organizer.app */,
				900DDBD826E036CB0034A155 /* Tests iOS.xctest */,
				900DDBE326E036CB0034A155 /* Tests macOS.xctest */,
				90620B2A2AF0712F0056493B /* BelogingsOrganizerUIPerformanceTests.xctest */,
			);
			name = Products;
			sourceTree = "<group>";
		};
		900DDBCA26E036CA0034A155 /* iOS */ = {
			isa = PBXGroup;
			children = (
				90E238D82706553F00E03624 /* Views */,
				900DDBCB26E036CA0034A155 /* Info.plist */,
			);
			path = iOS;
			sourceTree = "<group>";
		};
		900DDBD126E036CB0034A155 /* macOS */ = {
			isa = PBXGroup;
			children = (
				90E238DA2706573900E03624 /* Views */,
				900DDBD226E036CB0034A155 /* Info.plist */,
				900DDBD326E036CB0034A155 /* macOS.entitlements */,
			);
			path = macOS;
			sourceTree = "<group>";
		};
		900DDBDB26E036CB0034A155 /* Tests iOS */ = {
			isa = PBXGroup;
			children = (
				900DDBDC26E036CB0034A155 /* Tests_iOS.swift */,
				900DDBDE26E036CB0034A155 /* Info.plist */,
			);
			path = "Tests iOS";
			sourceTree = "<group>";
		};
		900DDBE626E036CB0034A155 /* Tests macOS */ = {
			isa = PBXGroup;
			children = (
				900DDBE726E036CB0034A155 /* Tests_macOS.swift */,
				900DDBE926E036CB0034A155 /* Info.plist */,
			);
			path = "Tests macOS";
			sourceTree = "<group>";
		};
		900FF640277539E700F08528 /* Item */ = {
			isa = PBXGroup;
			children = (
				908DC2432AD75E3900B858F3 /* Add */,
				90742B212ADC30EB007B4E76 /* Detail */,
				90C0D98A26E7DEF600158C85 /* AddItemView.swift */,
				90CB46B626ED6A1900A9468B /* FilterItemsView.swift */,
				90C2DE3E2AE086A400B82677 /* ItemDetailView.swift */,
				904498E626EBDEDB00002A6F /* ItemListView.swift */,
				9089734926FD3B3F005A03A8 /* ItemSummaryView.swift */,
				90E238E12706794200E03624 /* ItemsView.swift */,
				90FF8FD3276FABC70099A23B /* ItemRowView.swift */,
				90785B9529BFD91300BFE933 /* SortItemsView.swift */,
			);
			path = Item;
			sourceTree = "<group>";
		};
		900FF64127753A0000F08528 /* Brand */ = {
			isa = PBXGroup;
			children = (
				9072232F26E93A0500965653 /* AddBrandView.swift */,
				9072232C26E9352700965653 /* ChooseBrandView.swift */,
				90C172D126F13EC200244A9C /* BrandDetailView.swift */,
				90CB46A626ED3CB600A9468B /* BrandListView.swift */,
			);
			path = Brand;
			sourceTree = "<group>";
		};
		900FF64227753A0F00F08528 /* Seller */ = {
			isa = PBXGroup;
			children = (
				9072233526E93CE800965653 /* AddSellerView.swift */,
				9072233226E93CDC00965653 /* ChooseSellerView.swift */,
				90C172D426F13FAF00244A9C /* SellerDetailView.swift */,
				90CB46A926ED3F0F00A9468B /* SellerListView.swift */,
			);
			path = Seller;
			sourceTree = "<group>";
		};
		900FF64327753A1400F08528 /* Kind */ = {
			isa = PBXGroup;
			children = (
				90596B8526E6ACD20001CCA5 /* AddKindView.swift */,
				90C0D98D26E8001700158C85 /* ChooseKindView.swift */,
				90B23E6526EE901900B29063 /* KindDetailView.swift */,
				904498E926EBF70600002A6F /* KindListView.swift */,
			);
			path = Kind;
			sourceTree = "<group>";
		};
		900FF64427753AAD00F08528 /* Common */ = {
			isa = PBXGroup;
			children = (
				90E54D1A2777D37300B6DF62 /* AddBottomView.swift */,
				900F8D792735C5210069CE07 /* DetailHeaderView.swift */,
				906EA8A026F7EFF300235302 /* EditDateView.swift */,
				904498E326EBD7A800002A6F /* SheetBottom.swift */,
				904498DF26EBD2F500002A6F /* Text */,
				909286F92AD0A20A006FADAE /* BrandKinsSellerRowView.swift */,
				906A67302AD1E91500DE53BE /* URLView.swift */,
				908527812AD4A256004185C9 /* NameURLModifier.swift */,
				906A67332AD1EA8A00DE53BE /* NameView.swift */,
				908527832AD4A6B1004185C9 /* SelectionSectionView.swift */,
				908527852AD4B4D3004185C9 /* SheetModifier.swift */,
				908DC2462AD75FD800B858F3 /* CommonRoundedRectangle.swift */,
			);
			path = Common;
			sourceTree = "<group>";
		};
		904498DF26EBD2F500002A6F /* Text */ = {
			isa = PBXGroup;
			children = (
				904498E026EBD30500002A6F /* NothingSelectedText.swift */,
				90CF0CF52730A1C300E93917 /* SectionTitleView.swift */,
				908EC8432AC9EF19004647A5 /* DateSectionView.swift */,
			);
			path = Text;
			sourceTree = "<group>";
		};
		90596B8426E6ACC30001CCA5 /* Views */ = {
			isa = PBXGroup;
			children = (
				907C26DB29C754B200116BC1 /* Stats */,
				900FF64427753AAD00F08528 /* Common */,
				900FF640277539E700F08528 /* Item */,
				900FF64127753A0000F08528 /* Brand */,
				900FF64327753A1400F08528 /* Kind */,
				900FF64227753A0F00F08528 /* Seller */,
			);
			path = Views;
			sourceTree = "<group>";
		};
		90620B2B2AF0712F0056493B /* BelogingsOrganizerUIPerformanceTests */ = {
			isa = PBXGroup;
			children = (
				90620B2C2AF0712F0056493B /* BelogingsOrganizerUIPerformanceTests.swift */,
				90620B2E2AF0712F0056493B /* BelogingsOrganizerUIPerformanceTestsLaunchTests.swift */,
			);
			path = BelogingsOrganizerUIPerformanceTests;
			sourceTree = "<group>";
		};
		90742B212ADC30EB007B4E76 /* Detail */ = {
			isa = PBXGroup;
			children = (
				90742B222ADC3107007B4E76 /* DetailNameView.swift */,
				90742B282ADC37AC007B4E76 /* DetailNoteView.swift */,
				90742B2A2ADC389A007B4E76 /* DetailQuantityView.swift */,
				90742B342ADC98DC007B4E76 /* DetailKindView.swift */,
				90742B322ADC9654007B4E76 /* DetailBrandView.swift */,
				90742B2C2ADC8A09007B4E76 /* DetailSellerView.swift */,
				90742B302ADC943C007B4E76 /* DetailPhotoView.swift */,
				90D798172AE316E6002379E5 /* DetailPriceView.swift */,
				90D798192AE31AD9002379E5 /* DetailDateView.swift */,
			);
			path = Detail;
			sourceTree = "<group>";
		};
		907C26DB29C754B200116BC1 /* Stats */ = {
			isa = PBXGroup;
			children = (
				907C26DC29C754C200116BC1 /* StatsView.swift */,
				9095FEA42B25038800921520 /* StatsDetailView.swift */,
			);
			path = Stats;
			sourceTree = "<group>";
		};
		907C26DE29C7566E00116BC1 /* Stats */ = {
			isa = PBXGroup;
			children = (
				907614A729D0ED860068365C /* KindStats.swift */,
				907614AA29D0ED920068365C /* BrandStats.swift */,
				907614AD29D0ED9E0068365C /* SellerStats.swift */,
				9086B53A29D247C800DB4568 /* StatsType.swift */,
				9075183529D8C5CD00E34A84 /* BelongingsStats.swift */,
				9095FEAD2B251A4600921520 /* ItemOverTime.swift */,
			);
			path = Stats;
			sourceTree = "<group>";
		};
		90884D1C26E180C000D01A55 /* Frameworks */ = {
			isa = PBXGroup;
			children = (
				90884D1D26E180C000D01A55 /* CloudKit.framework */,
			);
			name = Frameworks;
			sourceTree = "<group>";
		};
		908DC2432AD75E3900B858F3 /* Add */ = {
			isa = PBXGroup;
			children = (
				908DC2442AD75E6B00B858F3 /* InputNameView.swift */,
				908D1E3C2ADB40730018FE52 /* InputPhotoView.swift */,
				908D1E3E2ADB420B0018FE52 /* InputKindView.swift */,
				908D1E402ADB43610018FE52 /* InputBrandView.swift */,
				908D1E422ADB43B50018FE52 /* InputSellerView.swift */,
				908D1E462ADB49EB0018FE52 /* InputBuyCurrencyView.swift */,
				908D1E442ADB45D00018FE52 /* InputBuyPriceView.swift */,
				908D1E482ADB4AE50018FE52 /* InputQuantityView.swift */,
				908D1E4A2ADB4B600018FE52 /* InputObtainedView.swift */,
			);
			path = Add;
			sourceTree = "<group>";
		};
		90D3F23026EA593B00955316 /* ViewModels */ = {
			isa = PBXGroup;
			children = (
				907C26DE29C7566E00116BC1 /* Stats */,
				906CE2EA26FA970100DC12C3 /* PersistenceHelper.swift */,
				90D3F23126EA594E00955316 /* BelongingsViewModel.swift */,
				90D3F23426EA5B3400955316 /* Entities.swift */,
				90D3F23726EA7F7E00955316 /* SellerDTO.swift */,
				90D3F23926EA7FE000955316 /* BrandDTO.swift */,
				90D3F23B26EA801F00955316 /* KindDTO.swift */,
				90C2DE412AE08BA300B82677 /* ItemDTO.swift */,
				90DD8C2826F936E60079424A /* MobileNet.mlmodel */,
				90F3B6AA26FFEA2900C4859D /* ItemProperty.swift */,
				9089734626FD10CC005A03A8 /* URLValidator.swift */,
				90CD27EC270908A1001A89B5 /* ImageType.swift */,
				90785B9829BFD9B300BFE933 /* SortType.swift */,
				90785B9B29BFDC1F00BFE933 /* SortDirection.swift */,
				90704CF529CFA65300F66908 /* BelongingsError.swift */,
				90735E8A29DA141200159CBA /* ImagePasting.swift */,
				90CB66212AEC6CBE003A06BF /* ImageResizing.swift */,
				908EC8462AC9F138004647A5 /* SectionTitle.swift */,
				9095FEA72B2508D300921520 /* SidebarItem.swift */,
			);
			path = ViewModels;
			sourceTree = "<group>";
		};
		90E238D82706553F00E03624 /* Views */ = {
			isa = PBXGroup;
			children = (
				90E238D92706554900E03624 /* Photo */,
			);
			path = Views;
			sourceTree = "<group>";
		};
		90E238D92706554900E03624 /* Photo */ = {
			isa = PBXGroup;
			children = (
				90E2EA9826F402940014A8C6 /* AddPhotoView.swift */,
				90DD8C2B26F95A1B0079424A /* EditPhotoView.swift */,
				90DE25532707AD4C0030AEFF /* ImageProcesser.swift */,
				90E2EA9526F402150014A8C6 /* ImagePickerView.swift */,
				90E238DE27065CCC00E03624 /* PhotoAlertView.swift */,
			);
			path = Photo;
			sourceTree = "<group>";
		};
		90E238DA2706573900E03624 /* Views */ = {
			isa = PBXGroup;
			children = (
				90E238DB2706574300E03624 /* Photo */,
			);
			path = Views;
			sourceTree = "<group>";
		};
		90E238DB2706574300E03624 /* Photo */ = {
			isa = PBXGroup;
			children = (
				906CE2E726FA871900DC12C3 /* AddPhotoView.swift */,
				90B46BC62700F53E00BEED75 /* EditPhotoView.swift */,
				90CD27EF270908D3001A89B5 /* ImageProcesser.swift */,
				90E238DC270659C600E03624 /* SelectImageButton.swift */,
			);
			path = Photo;
			sourceTree = "<group>";
		};
/* End PBXGroup section */

/* Begin PBXNativeTarget section */
		900DDBC726E036CA0034A155 /* Belongings Organizer (iOS) */ = {
			isa = PBXNativeTarget;
			buildConfigurationList = 900DDBF626E036CB0034A155 /* Build configuration list for PBXNativeTarget "Belongings Organizer (iOS)" */;
			buildPhases = (
				900DDBC426E036CA0034A155 /* Sources */,
				900DDBC526E036CA0034A155 /* Frameworks */,
				900DDBC626E036CA0034A155 /* Resources */,
			);
			buildRules = (
			);
			dependencies = (
			);
			name = "Belongings Organizer (iOS)";
			packageProductDependencies = (
				9089734226FBFFEA005A03A8 /* SDWebImageWebPCoder */,
				901A21E428568A95006CF1A4 /* Persistence */,
			);
			productName = "Belongings (iOS)";
			productReference = 900DDBC826E036CA0034A155 /* Belongings Organizer.app */;
			productType = "com.apple.product-type.application";
		};
		900DDBCF26E036CB0034A155 /* Belongings Organizer (macOS) */ = {
			isa = PBXNativeTarget;
			buildConfigurationList = 900DDBF926E036CB0034A155 /* Build configuration list for PBXNativeTarget "Belongings Organizer (macOS)" */;
			buildPhases = (
				900DDBCC26E036CB0034A155 /* Sources */,
				900DDBCD26E036CB0034A155 /* Frameworks */,
				900DDBCE26E036CB0034A155 /* Resources */,
			);
			buildRules = (
			);
			dependencies = (
			);
			name = "Belongings Organizer (macOS)";
			packageProductDependencies = (
				9089734426FBFFF5005A03A8 /* SDWebImageWebPCoder */,
				901A21EC2856981A006CF1A4 /* Persistence */,
			);
			productName = "Belongings (macOS)";
			productReference = 900DDBD026E036CB0034A155 /* Belongings Organizer.app */;
			productType = "com.apple.product-type.application";
		};
		900DDBD726E036CB0034A155 /* Tests iOS */ = {
			isa = PBXNativeTarget;
			buildConfigurationList = 900DDBFC26E036CB0034A155 /* Build configuration list for PBXNativeTarget "Tests iOS" */;
			buildPhases = (
				900DDBD426E036CB0034A155 /* Sources */,
				900DDBD526E036CB0034A155 /* Frameworks */,
				900DDBD626E036CB0034A155 /* Resources */,
			);
			buildRules = (
			);
			dependencies = (
				900DDBDA26E036CB0034A155 /* PBXTargetDependency */,
			);
			name = "Tests iOS";
			productName = "Tests iOS";
			productReference = 900DDBD826E036CB0034A155 /* Tests iOS.xctest */;
			productType = "com.apple.product-type.bundle.ui-testing";
		};
		900DDBE226E036CB0034A155 /* Tests macOS */ = {
			isa = PBXNativeTarget;
			buildConfigurationList = 900DDBFF26E036CB0034A155 /* Build configuration list for PBXNativeTarget "Tests macOS" */;
			buildPhases = (
				900DDBDF26E036CB0034A155 /* Sources */,
				900DDBE026E036CB0034A155 /* Frameworks */,
				900DDBE126E036CB0034A155 /* Resources */,
			);
			buildRules = (
			);
			dependencies = (
				900DDBE526E036CB0034A155 /* PBXTargetDependency */,
			);
			name = "Tests macOS";
			productName = "Tests macOS";
			productReference = 900DDBE326E036CB0034A155 /* Tests macOS.xctest */;
			productType = "com.apple.product-type.bundle.ui-testing";
		};
		90620B292AF0712F0056493B /* BelogingsOrganizerUIPerformanceTests */ = {
			isa = PBXNativeTarget;
			buildConfigurationList = 90620B342AF0712F0056493B /* Build configuration list for PBXNativeTarget "BelogingsOrganizerUIPerformanceTests" */;
			buildPhases = (
				90620B262AF0712F0056493B /* Sources */,
				90620B272AF0712F0056493B /* Frameworks */,
				90620B282AF0712F0056493B /* Resources */,
			);
			buildRules = (
			);
			dependencies = (
				90620B312AF0712F0056493B /* PBXTargetDependency */,
			);
			name = BelogingsOrganizerUIPerformanceTests;
			productName = BelogingsOrganizerUIPerformanceTests;
			productReference = 90620B2A2AF0712F0056493B /* BelogingsOrganizerUIPerformanceTests.xctest */;
			productType = "com.apple.product-type.bundle.ui-testing";
		};
/* End PBXNativeTarget section */

/* Begin PBXProject section */
		900DDBB926E036C90034A155 /* Project object */ = {
			isa = PBXProject;
			attributes = {
				BuildIndependentTargetsInParallel = YES;
				LastSwiftUpdateCheck = 1500;
				LastUpgradeCheck = 1500;
				TargetAttributes = {
					900DDBC726E036CA0034A155 = {
						CreatedOnToolsVersion = 12.5.1;
					};
					900DDBCF26E036CB0034A155 = {
						CreatedOnToolsVersion = 12.5.1;
					};
					900DDBD726E036CB0034A155 = {
						CreatedOnToolsVersion = 12.5.1;
						TestTargetID = 900DDBC726E036CA0034A155;
					};
					900DDBE226E036CB0034A155 = {
						CreatedOnToolsVersion = 12.5.1;
						TestTargetID = 900DDBCF26E036CB0034A155;
					};
					90620B292AF0712F0056493B = {
						CreatedOnToolsVersion = 15.0.1;
						TestTargetID = 900DDBC726E036CA0034A155;
					};
				};
			};
			buildConfigurationList = 900DDBBC26E036C90034A155 /* Build configuration list for PBXProject "Belongings Organizer" */;
			compatibilityVersion = "Xcode 9.3";
			developmentRegion = en;
			hasScannedForEncodings = 0;
			knownRegions = (
				en,
				Base,
			);
			mainGroup = 900DDBB826E036C90034A155;
			packageReferences = (
				9089734126FBFFEA005A03A8 /* XCRemoteSwiftPackageReference "SDWebImageWebPCoder" */,
				901A21E328568A95006CF1A4 /* XCRemoteSwiftPackageReference "PersistenceSwift" */,
			);
			productRefGroup = 900DDBC926E036CA0034A155 /* Products */;
			projectDirPath = "";
			projectRoot = "";
			targets = (
				900DDBC726E036CA0034A155 /* Belongings Organizer (iOS) */,
				900DDBCF26E036CB0034A155 /* Belongings Organizer (macOS) */,
				900DDBD726E036CB0034A155 /* Tests iOS */,
				900DDBE226E036CB0034A155 /* Tests macOS */,
				90620B292AF0712F0056493B /* BelogingsOrganizerUIPerformanceTests */,
			);
		};
/* End PBXProject section */

/* Begin PBXResourcesBuildPhase section */
		900DDBC626E036CA0034A155 /* Resources */ = {
			isa = PBXResourcesBuildPhase;
			buildActionMask = 2147483647;
			files = (
				909286FD2AD0C085006FADAE /* Assets.xcassets in Resources */,
			);
			runOnlyForDeploymentPostprocessing = 0;
		};
		900DDBCE26E036CB0034A155 /* Resources */ = {
			isa = PBXResourcesBuildPhase;
			buildActionMask = 2147483647;
			files = (
				909286FE2AD0C085006FADAE /* Assets.xcassets in Resources */,
			);
			runOnlyForDeploymentPostprocessing = 0;
		};
		900DDBD626E036CB0034A155 /* Resources */ = {
			isa = PBXResourcesBuildPhase;
			buildActionMask = 2147483647;
			files = (
			);
			runOnlyForDeploymentPostprocessing = 0;
		};
		900DDBE126E036CB0034A155 /* Resources */ = {
			isa = PBXResourcesBuildPhase;
			buildActionMask = 2147483647;
			files = (
			);
			runOnlyForDeploymentPostprocessing = 0;
		};
		90620B282AF0712F0056493B /* Resources */ = {
			isa = PBXResourcesBuildPhase;
			buildActionMask = 2147483647;
			files = (
			);
			runOnlyForDeploymentPostprocessing = 0;
		};
/* End PBXResourcesBuildPhase section */

/* Begin PBXSourcesBuildPhase section */
		900DDBC426E036CA0034A155 /* Sources */ = {
			isa = PBXSourcesBuildPhase;
			buildActionMask = 2147483647;
			files = (
				904498E126EBD30500002A6F /* NothingSelectedText.swift in Sources */,
				908EC8472AC9F138004647A5 /* SectionTitle.swift in Sources */,
				90D3F23226EA594E00955316 /* BelongingsViewModel.swift in Sources */,
				9072232D26E9352700965653 /* ChooseBrandView.swift in Sources */,
				90E54D1B2777D37300B6DF62 /* AddBottomView.swift in Sources */,
				908D1E492ADB4AE50018FE52 /* InputQuantityView.swift in Sources */,
				90E2EA9626F402150014A8C6 /* ImagePickerView.swift in Sources */,
				90D798182AE316E6002379E5 /* DetailPriceView.swift in Sources */,
				904498EA26EBF70600002A6F /* KindListView.swift in Sources */,
				908DC2452AD75E6B00B858F3 /* InputNameView.swift in Sources */,
				90CF0CF62730A1C300E93917 /* SectionTitleView.swift in Sources */,
				90CB46B726ED6A1900A9468B /* FilterItemsView.swift in Sources */,
				9075183629D8C5CD00E34A84 /* BelongingsStats.swift in Sources */,
				90DE25542707AD4C0030AEFF /* ImageProcesser.swift in Sources */,
				907C26DD29C754C200116BC1 /* StatsView.swift in Sources */,
				908D1E3F2ADB420B0018FE52 /* InputKindView.swift in Sources */,
				90C0D98B26E7DEF600158C85 /* AddItemView.swift in Sources */,
				90DD8C2926F936E60079424A /* MobileNet.mlmodel in Sources */,
				9089734726FD10CC005A03A8 /* URLValidator.swift in Sources */,
				9072233026E93A0500965653 /* AddBrandView.swift in Sources */,
				90785B9C29BFDC1F00BFE933 /* SortDirection.swift in Sources */,
				90704CF629CFA65300F66908 /* BelongingsError.swift in Sources */,
				901A21E828568B2E006CF1A4 /* AppDelegate.swift in Sources */,
				904498E426EBD7A800002A6F /* SheetBottom.swift in Sources */,
				9095FEAE2B251A4600921520 /* ItemOverTime.swift in Sources */,
				900DDBEA26E036CB0034A155 /* Belongings.xcdatamodeld in Sources */,
				90C2DE422AE08BA300B82677 /* ItemDTO.swift in Sources */,
				906EA8A126F7EFF300235302 /* EditDateView.swift in Sources */,
				90C2DE3F2AE086A400B82677 /* ItemDetailView.swift in Sources */,
				90F3B6AB26FFEA2900C4859D /* ItemProperty.swift in Sources */,
				90D3F23C26EA801F00955316 /* KindDTO.swift in Sources */,
				90D3F23526EA5B3400955316 /* Entities.swift in Sources */,
				907614A829D0ED860068365C /* KindStats.swift in Sources */,
				908527822AD4A256004185C9 /* NameURLModifier.swift in Sources */,
				9095FEA52B25038800921520 /* StatsDetailView.swift in Sources */,
				908DC2472AD75FD800B858F3 /* CommonRoundedRectangle.swift in Sources */,
				90CD27ED270908A1001A89B5 /* ImageType.swift in Sources */,
				907614AB29D0ED920068365C /* BrandStats.swift in Sources */,
				908D1E432ADB43B50018FE52 /* InputSellerView.swift in Sources */,
				90742B312ADC943C007B4E76 /* DetailPhotoView.swift in Sources */,
				90785B9929BFD9B300BFE933 /* SortType.swift in Sources */,
				90C0D98E26E8001700158C85 /* ChooseKindView.swift in Sources */,
				90DD8C2C26F95A1B0079424A /* EditPhotoView.swift in Sources */,
				904498E726EBDEDB00002A6F /* ItemListView.swift in Sources */,
				90FF8FD4276FABC70099A23B /* ItemRowView.swift in Sources */,
				901A21EA28568BB8006CF1A4 /* BelongingsOrganizerConstants.swift in Sources */,
				908EC8442AC9EF19004647A5 /* DateSectionView.swift in Sources */,
				908527842AD4A6B1004185C9 /* SelectionSectionView.swift in Sources */,
				9000E36B2771229700A224E0 /* BelongingsApp.swift in Sources */,
				9095FEA82B2508D300921520 /* SidebarItem.swift in Sources */,
				9072233626E93CE800965653 /* AddSellerView.swift in Sources */,
				9072233326E93CDC00965653 /* ChooseSellerView.swift in Sources */,
				90B23E6626EE901900B29063 /* KindDetailView.swift in Sources */,
				907614AE29D0ED9E0068365C /* SellerStats.swift in Sources */,
				909286FA2AD0A20A006FADAE /* BrandKinsSellerRowView.swift in Sources */,
				9089734A26FD3B3F005A03A8 /* ItemSummaryView.swift in Sources */,
				90742B232ADC3107007B4E76 /* DetailNameView.swift in Sources */,
				90E238E32706799D00E03624 /* ItemsView.swift in Sources */,
				90D3F23826EA7F7E00955316 /* SellerDTO.swift in Sources */,
				908527862AD4B4D3004185C9 /* SheetModifier.swift in Sources */,
				90735E8B29DA141200159CBA /* ImagePasting.swift in Sources */,
				906CE2EB26FA970100DC12C3 /* PersistenceHelper.swift in Sources */,
				90742B332ADC9654007B4E76 /* DetailBrandView.swift in Sources */,
				9086B53B29D247C800DB4568 /* StatsType.swift in Sources */,
				90C172D526F13FAF00244A9C /* SellerDetailView.swift in Sources */,
				906A67342AD1EA8A00DE53BE /* NameView.swift in Sources */,
				90742B352ADC98DC007B4E76 /* DetailKindView.swift in Sources */,
				90D7981A2AE31AD9002379E5 /* DetailDateView.swift in Sources */,
				90E2EA9926F402940014A8C6 /* AddPhotoView.swift in Sources */,
				900DDBEE26E036CB0034A155 /* ContentView.swift in Sources */,
				90742B2D2ADC8A09007B4E76 /* DetailSellerView.swift in Sources */,
				906A67312AD1E91500DE53BE /* URLView.swift in Sources */,
				90C172D226F13EC200244A9C /* BrandDetailView.swift in Sources */,
				90596B8626E6ACD20001CCA5 /* AddKindView.swift in Sources */,
				908D1E412ADB43610018FE52 /* InputBrandView.swift in Sources */,
				90742B292ADC37AC007B4E76 /* DetailNoteView.swift in Sources */,
				90CB66222AEC6CBE003A06BF /* ImageResizing.swift in Sources */,
				90742B2B2ADC389A007B4E76 /* DetailQuantityView.swift in Sources */,
				908D1E452ADB45D00018FE52 /* InputBuyPriceView.swift in Sources */,
				90E238E027065D5300E03624 /* PhotoAlertView.swift in Sources */,
				90785B9629BFD91300BFE933 /* SortItemsView.swift in Sources */,
				90CB46AA26ED3F0F00A9468B /* SellerListView.swift in Sources */,
				908D1E472ADB49EB0018FE52 /* InputBuyCurrencyView.swift in Sources */,
				908D1E3D2ADB40730018FE52 /* InputPhotoView.swift in Sources */,
				90D3F23A26EA7FE000955316 /* BrandDTO.swift in Sources */,
				908D1E4B2ADB4B600018FE52 /* InputObtainedView.swift in Sources */,
				90CB46A726ED3CB600A9468B /* BrandListView.swift in Sources */,
				900F8D7A2735C5210069CE07 /* DetailHeaderView.swift in Sources */,
			);
			runOnlyForDeploymentPostprocessing = 0;
		};
		900DDBCC26E036CB0034A155 /* Sources */ = {
			isa = PBXSourcesBuildPhase;
			buildActionMask = 2147483647;
			files = (
				904498E226EBD30500002A6F /* NothingSelectedText.swift in Sources */,
				908EC8452AC9EF19004647A5 /* DateSectionView.swift in Sources */,
				90735E8C29DA141200159CBA /* ImagePasting.swift in Sources */,
				90663C082B1CD57900D7EC5F /* InputNameView.swift in Sources */,
				90663C152B1CD74E00D7EC5F /* DetailQuantityView.swift in Sources */,
				90D3F23326EA599D00955316 /* BelongingsViewModel.swift in Sources */,
				9072232E26E9352700965653 /* ChooseBrandView.swift in Sources */,
				90785B9A29BFD9B300BFE933 /* SortType.swift in Sources */,
				904498EB26EBF70600002A6F /* KindListView.swift in Sources */,
				907614A929D0ED860068365C /* KindStats.swift in Sources */,
				90CB46B826ED6A1900A9468B /* FilterItemsView.swift in Sources */,
				907C26E229C7A6B500116BC1 /* StatsView.swift in Sources */,
				9075183729D8C5CD00E34A84 /* BelongingsStats.swift in Sources */,
				90CD27F1270908D3001A89B5 /* ImageProcesser.swift in Sources */,
				90E238DD270659C600E03624 /* SelectImageButton.swift in Sources */,
				90663C172B1CD75200D7EC5F /* DetailBrandView.swift in Sources */,
				90C0D98C26E7DEF600158C85 /* AddItemView.swift in Sources */,
				9072233126E93A0500965653 /* AddBrandView.swift in Sources */,
				9000E36C2771229700A224E0 /* BelongingsApp.swift in Sources */,
				90C2DE432AE08BA300B82677 /* ItemDTO.swift in Sources */,
				909286FB2AD0A20A006FADAE /* BrandKinsSellerRowView.swift in Sources */,
				90663C0E2B1CD58800D7EC5F /* InputBuyPriceView.swift in Sources */,
				90663C0F2B1CD58A00D7EC5F /* InputQuantityView.swift in Sources */,
				901A21E728568B2E006CF1A4 /* AppDelegate.swift in Sources */,
				90DD8C2A26F936E60079424A /* MobileNet.mlmodel in Sources */,
				90F3B6AC26FFEA2900C4859D /* ItemProperty.swift in Sources */,
				906A67352AD1EA8A00DE53BE /* NameView.swift in Sources */,
				906A67322AD1E91500DE53BE /* URLView.swift in Sources */,
				906CE2E926FA871900DC12C3 /* AddPhotoView.swift in Sources */,
				904498E526EBD7A800002A6F /* SheetBottom.swift in Sources */,
				900DDBEB26E036CB0034A155 /* Belongings.xcdatamodeld in Sources */,
				9089734B26FD3B3F005A03A8 /* ItemSummaryView.swift in Sources */,
				90704CF729CFA65300F66908 /* BelongingsError.swift in Sources */,
				90663C122B1CD5B900D7EC5F /* SheetModifier.swift in Sources */,
				90663C182B1CD75500D7EC5F /* DetailKindView.swift in Sources */,
				90D3F24126EA8CE100955316 /* KindDTO.swift in Sources */,
				90663C102B1CD58C00D7EC5F /* InputObtainedView.swift in Sources */,
				901A21EB28568BB8006CF1A4 /* BelongingsOrganizerConstants.swift in Sources */,
				90663C0D2B1CD58600D7EC5F /* InputBuyCurrencyView.swift in Sources */,
				90663C1D2B1CD8D500D7EC5F /* SelectionSectionView.swift in Sources */,
				9089734826FD10CC005A03A8 /* URLValidator.swift in Sources */,
				90D3F23626EA5C4000955316 /* Entities.swift in Sources */,
				90663C1C2B1CD75E00D7EC5F /* DetailDateView.swift in Sources */,
				90E238E22706794200E03624 /* ItemsView.swift in Sources */,
				90663C0A2B1CD57E00D7EC5F /* InputKindView.swift in Sources */,
				9095FEAF2B251A4600921520 /* ItemOverTime.swift in Sources */,
				9095FEA92B2508D300921520 /* SidebarItem.swift in Sources */,
				90C2DE402AE086A400B82677 /* ItemDetailView.swift in Sources */,
				90E54D1C2777D37300B6DF62 /* AddBottomView.swift in Sources */,
				90663C092B1CD57C00D7EC5F /* InputPhotoView.swift in Sources */,
				90663C0C2B1CD58400D7EC5F /* InputSellerView.swift in Sources */,
				90C0D98F26E8001700158C85 /* ChooseKindView.swift in Sources */,
				900F8D7B2735C5210069CE07 /* DetailHeaderView.swift in Sources */,
				904498E826EBDEDB00002A6F /* ItemListView.swift in Sources */,
				90663C112B1CD5A700D7EC5F /* CommonRoundedRectangle.swift in Sources */,
				908EC8482AC9F138004647A5 /* SectionTitle.swift in Sources */,
				90CB66232AEC6CBE003A06BF /* ImageResizing.swift in Sources */,
				9086B53C29D247C800DB4568 /* StatsType.swift in Sources */,
				9072233726E93CE800965653 /* AddSellerView.swift in Sources */,
				9072233426E93CDC00965653 /* ChooseSellerView.swift in Sources */,
				907614AC29D0ED920068365C /* BrandStats.swift in Sources */,
				90B23E6726EE901900B29063 /* KindDetailView.swift in Sources */,
				90663C162B1CD75000D7EC5F /* DetailNoteView.swift in Sources */,
				906EA8A226F7EFF300235302 /* EditDateView.swift in Sources */,
				90CD27EE270908A1001A89B5 /* ImageType.swift in Sources */,
				90663C142B1CD74C00D7EC5F /* DetailNameView.swift in Sources */,
				90663C132B1CD73E00D7EC5F /* NameURLModifier.swift in Sources */,
				9095FEA62B25038800921520 /* StatsDetailView.swift in Sources */,
				90FF8FD5276FABC70099A23B /* ItemRowView.swift in Sources */,
				90D3F23F26EA8CDC00955316 /* SellerDTO.swift in Sources */,
				90B46BC82700F53E00BEED75 /* EditPhotoView.swift in Sources */,
				90C172D626F13FAF00244A9C /* SellerDetailView.swift in Sources */,
				906CE2EC26FA970100DC12C3 /* PersistenceHelper.swift in Sources */,
				900DDBEF26E036CB0034A155 /* ContentView.swift in Sources */,
				90C172D326F13EC200244A9C /* BrandDetailView.swift in Sources */,
				90663C192B1CD75800D7EC5F /* DetailSellerView.swift in Sources */,
				90663C1B2B1CD75C00D7EC5F /* DetailPriceView.swift in Sources */,
				90663C0B2B1CD58100D7EC5F /* InputBrandView.swift in Sources */,
				90785B9D29BFDC1F00BFE933 /* SortDirection.swift in Sources */,
				90C0D98926E7D08200158C85 /* AddKindView.swift in Sources */,
				90785B9729BFD91300BFE933 /* SortItemsView.swift in Sources */,
				90CB46AB26ED3F0F00A9468B /* SellerListView.swift in Sources */,
				90D3F24026EA8CDE00955316 /* BrandDTO.swift in Sources */,
				90CB46A826ED3CB600A9468B /* BrandListView.swift in Sources */,
				90CF0CF72730A1C300E93917 /* SectionTitleView.swift in Sources */,
				907614AF29D0ED9E0068365C /* SellerStats.swift in Sources */,
				90663C1A2B1CD75A00D7EC5F /* DetailPhotoView.swift in Sources */,
			);
			runOnlyForDeploymentPostprocessing = 0;
		};
		900DDBD426E036CB0034A155 /* Sources */ = {
			isa = PBXSourcesBuildPhase;
			buildActionMask = 2147483647;
			files = (
				900DDBDD26E036CB0034A155 /* Tests_iOS.swift in Sources */,
			);
			runOnlyForDeploymentPostprocessing = 0;
		};
		900DDBDF26E036CB0034A155 /* Sources */ = {
			isa = PBXSourcesBuildPhase;
			buildActionMask = 2147483647;
			files = (
				900DDBE826E036CB0034A155 /* Tests_macOS.swift in Sources */,
			);
			runOnlyForDeploymentPostprocessing = 0;
		};
		90620B262AF0712F0056493B /* Sources */ = {
			isa = PBXSourcesBuildPhase;
			buildActionMask = 2147483647;
			files = (
				90620B2F2AF0712F0056493B /* BelogingsOrganizerUIPerformanceTestsLaunchTests.swift in Sources */,
				90620B2D2AF0712F0056493B /* BelogingsOrganizerUIPerformanceTests.swift in Sources */,
			);
			runOnlyForDeploymentPostprocessing = 0;
		};
/* End PBXSourcesBuildPhase section */

/* Begin PBXTargetDependency section */
		900DDBDA26E036CB0034A155 /* PBXTargetDependency */ = {
			isa = PBXTargetDependency;
			target = 900DDBC726E036CA0034A155 /* Belongings Organizer (iOS) */;
			targetProxy = 900DDBD926E036CB0034A155 /* PBXContainerItemProxy */;
		};
		900DDBE526E036CB0034A155 /* PBXTargetDependency */ = {
			isa = PBXTargetDependency;
			target = 900DDBCF26E036CB0034A155 /* Belongings Organizer (macOS) */;
			targetProxy = 900DDBE426E036CB0034A155 /* PBXContainerItemProxy */;
		};
		90620B312AF0712F0056493B /* PBXTargetDependency */ = {
			isa = PBXTargetDependency;
			target = 900DDBC726E036CA0034A155 /* Belongings Organizer (iOS) */;
			targetProxy = 90620B302AF0712F0056493B /* PBXContainerItemProxy */;
		};
/* End PBXTargetDependency section */

/* Begin XCBuildConfiguration section */
		900DDBF426E036CB0034A155 /* Debug */ = {
			isa = XCBuildConfiguration;
			buildSettings = {
				ALWAYS_SEARCH_USER_PATHS = NO;
				CLANG_ANALYZER_NONNULL = YES;
				CLANG_ANALYZER_NUMBER_OBJECT_CONVERSION = YES_AGGRESSIVE;
				CLANG_CXX_LANGUAGE_STANDARD = "gnu++14";
				CLANG_CXX_LIBRARY = "libc++";
				CLANG_ENABLE_MODULES = YES;
				CLANG_ENABLE_OBJC_ARC = YES;
				CLANG_ENABLE_OBJC_WEAK = YES;
				CLANG_WARN_BLOCK_CAPTURE_AUTORELEASING = YES;
				CLANG_WARN_BOOL_CONVERSION = YES;
				CLANG_WARN_COMMA = YES;
				CLANG_WARN_CONSTANT_CONVERSION = YES;
				CLANG_WARN_DEPRECATED_OBJC_IMPLEMENTATIONS = YES;
				CLANG_WARN_DIRECT_OBJC_ISA_USAGE = YES_ERROR;
				CLANG_WARN_DOCUMENTATION_COMMENTS = YES;
				CLANG_WARN_EMPTY_BODY = YES;
				CLANG_WARN_ENUM_CONVERSION = YES;
				CLANG_WARN_INFINITE_RECURSION = YES;
				CLANG_WARN_INT_CONVERSION = YES;
				CLANG_WARN_NON_LITERAL_NULL_CONVERSION = YES;
				CLANG_WARN_OBJC_IMPLICIT_RETAIN_SELF = YES;
				CLANG_WARN_OBJC_LITERAL_CONVERSION = YES;
				CLANG_WARN_OBJC_ROOT_CLASS = YES_ERROR;
				CLANG_WARN_QUOTED_INCLUDE_IN_FRAMEWORK_HEADER = YES;
				CLANG_WARN_RANGE_LOOP_ANALYSIS = YES;
				CLANG_WARN_STRICT_PROTOTYPES = YES;
				CLANG_WARN_SUSPICIOUS_MOVE = YES;
				CLANG_WARN_UNGUARDED_AVAILABILITY = YES_AGGRESSIVE;
				CLANG_WARN_UNREACHABLE_CODE = YES;
				CLANG_WARN__DUPLICATE_METHOD_MATCH = YES;
				COPY_PHASE_STRIP = NO;
				DEAD_CODE_STRIPPING = YES;
				DEBUG_INFORMATION_FORMAT = dwarf;
				ENABLE_STRICT_OBJC_MSGSEND = YES;
				ENABLE_TESTABILITY = YES;
				ENABLE_USER_SCRIPT_SANDBOXING = YES;
				GCC_C_LANGUAGE_STANDARD = gnu11;
				GCC_DYNAMIC_NO_PIC = NO;
				GCC_NO_COMMON_BLOCKS = YES;
				GCC_OPTIMIZATION_LEVEL = 0;
				GCC_PREPROCESSOR_DEFINITIONS = (
					"DEBUG=1",
					"$(inherited)",
				);
				GCC_WARN_64_TO_32_BIT_CONVERSION = YES;
				GCC_WARN_ABOUT_RETURN_TYPE = YES_ERROR;
				GCC_WARN_UNDECLARED_SELECTOR = YES;
				GCC_WARN_UNINITIALIZED_AUTOS = YES_AGGRESSIVE;
				GCC_WARN_UNUSED_FUNCTION = YES;
				GCC_WARN_UNUSED_VARIABLE = YES;
				IPHONEOS_DEPLOYMENT_TARGET = 16.0;
				MACOSX_DEPLOYMENT_TARGET = 13.0;
				MTL_ENABLE_DEBUG_INFO = INCLUDE_SOURCE;
				MTL_FAST_MATH = YES;
				ONLY_ACTIVE_ARCH = YES;
				OTHER_LDFLAGS = "-ObjC";
				SWIFT_ACTIVE_COMPILATION_CONDITIONS = DEBUG;
				SWIFT_OPTIMIZATION_LEVEL = "-Onone";
			};
			name = Debug;
		};
		900DDBF526E036CB0034A155 /* Release */ = {
			isa = XCBuildConfiguration;
			buildSettings = {
				ALWAYS_SEARCH_USER_PATHS = NO;
				CLANG_ANALYZER_NONNULL = YES;
				CLANG_ANALYZER_NUMBER_OBJECT_CONVERSION = YES_AGGRESSIVE;
				CLANG_CXX_LANGUAGE_STANDARD = "gnu++14";
				CLANG_CXX_LIBRARY = "libc++";
				CLANG_ENABLE_MODULES = YES;
				CLANG_ENABLE_OBJC_ARC = YES;
				CLANG_ENABLE_OBJC_WEAK = YES;
				CLANG_WARN_BLOCK_CAPTURE_AUTORELEASING = YES;
				CLANG_WARN_BOOL_CONVERSION = YES;
				CLANG_WARN_COMMA = YES;
				CLANG_WARN_CONSTANT_CONVERSION = YES;
				CLANG_WARN_DEPRECATED_OBJC_IMPLEMENTATIONS = YES;
				CLANG_WARN_DIRECT_OBJC_ISA_USAGE = YES_ERROR;
				CLANG_WARN_DOCUMENTATION_COMMENTS = YES;
				CLANG_WARN_EMPTY_BODY = YES;
				CLANG_WARN_ENUM_CONVERSION = YES;
				CLANG_WARN_INFINITE_RECURSION = YES;
				CLANG_WARN_INT_CONVERSION = YES;
				CLANG_WARN_NON_LITERAL_NULL_CONVERSION = YES;
				CLANG_WARN_OBJC_IMPLICIT_RETAIN_SELF = YES;
				CLANG_WARN_OBJC_LITERAL_CONVERSION = YES;
				CLANG_WARN_OBJC_ROOT_CLASS = YES_ERROR;
				CLANG_WARN_QUOTED_INCLUDE_IN_FRAMEWORK_HEADER = YES;
				CLANG_WARN_RANGE_LOOP_ANALYSIS = YES;
				CLANG_WARN_STRICT_PROTOTYPES = YES;
				CLANG_WARN_SUSPICIOUS_MOVE = YES;
				CLANG_WARN_UNGUARDED_AVAILABILITY = YES_AGGRESSIVE;
				CLANG_WARN_UNREACHABLE_CODE = YES;
				CLANG_WARN__DUPLICATE_METHOD_MATCH = YES;
				COPY_PHASE_STRIP = NO;
				DEAD_CODE_STRIPPING = YES;
				DEBUG_INFORMATION_FORMAT = "dwarf-with-dsym";
				ENABLE_NS_ASSERTIONS = NO;
				ENABLE_STRICT_OBJC_MSGSEND = YES;
				ENABLE_USER_SCRIPT_SANDBOXING = YES;
				GCC_C_LANGUAGE_STANDARD = gnu11;
				GCC_NO_COMMON_BLOCKS = YES;
				GCC_WARN_64_TO_32_BIT_CONVERSION = YES;
				GCC_WARN_ABOUT_RETURN_TYPE = YES_ERROR;
				GCC_WARN_UNDECLARED_SELECTOR = YES;
				GCC_WARN_UNINITIALIZED_AUTOS = YES_AGGRESSIVE;
				GCC_WARN_UNUSED_FUNCTION = YES;
				GCC_WARN_UNUSED_VARIABLE = YES;
				IPHONEOS_DEPLOYMENT_TARGET = 16.0;
				MACOSX_DEPLOYMENT_TARGET = 13.0;
				MTL_ENABLE_DEBUG_INFO = NO;
				MTL_FAST_MATH = YES;
				OTHER_LDFLAGS = "-ObjC";
				SWIFT_COMPILATION_MODE = wholemodule;
				SWIFT_OPTIMIZATION_LEVEL = "-O";
			};
			name = Release;
		};
		900DDBF726E036CB0034A155 /* Debug */ = {
			isa = XCBuildConfiguration;
			buildSettings = {
				ASSETCATALOG_COMPILER_APPICON_NAME = AppIcon;
				ASSETCATALOG_COMPILER_GLOBAL_ACCENT_COLOR_NAME = AccentColor;
				ASSETCATALOG_COMPILER_INCLUDE_ALL_APPICON_ASSETS = NO;
				CODE_SIGN_ENTITLEMENTS = Belongings.entitlements;
				CODE_SIGN_STYLE = Automatic;
				CURRENT_PROJECT_VERSION = 3;
				DEVELOPMENT_TEAM = U8VSJXRJTQ;
				ENABLE_PREVIEWS = YES;
				INFOPLIST_FILE = iOS/Info.plist;
				INFOPLIST_KEY_CFBundleDisplayName = "Belongings Organizer";
				INFOPLIST_KEY_LSApplicationCategoryType = "public.app-category.utilities";
				IPHONEOS_DEPLOYMENT_TARGET = 16.0;
				LD_RUNPATH_SEARCH_PATHS = (
					"$(inherited)",
					"@executable_path/Frameworks",
				);
				MARKETING_VERSION = 2.0;
				PRODUCT_BUNDLE_IDENTIFIER = com.resonance.jlee.Belongings;
				PRODUCT_NAME = "Belongings Organizer";
				SDKROOT = iphoneos;
				SUPPORTED_PLATFORMS = "iphoneos iphonesimulator";
				SUPPORTS_MACCATALYST = NO;
				SUPPORTS_MAC_DESIGNED_FOR_IPHONE_IPAD = YES;
				SWIFT_VERSION = 5.0;
				TARGETED_DEVICE_FAMILY = "1,2";
			};
			name = Debug;
		};
		900DDBF826E036CB0034A155 /* Release */ = {
			isa = XCBuildConfiguration;
			buildSettings = {
				ASSETCATALOG_COMPILER_APPICON_NAME = AppIcon;
				ASSETCATALOG_COMPILER_GLOBAL_ACCENT_COLOR_NAME = AccentColor;
				ASSETCATALOG_COMPILER_INCLUDE_ALL_APPICON_ASSETS = NO;
				CODE_SIGN_ENTITLEMENTS = Belongings.entitlements;
				CODE_SIGN_STYLE = Automatic;
				CURRENT_PROJECT_VERSION = 3;
				DEVELOPMENT_TEAM = U8VSJXRJTQ;
				ENABLE_PREVIEWS = YES;
				INFOPLIST_FILE = iOS/Info.plist;
				INFOPLIST_KEY_CFBundleDisplayName = "Belongings Organizer";
				INFOPLIST_KEY_LSApplicationCategoryType = "public.app-category.utilities";
				IPHONEOS_DEPLOYMENT_TARGET = 16.0;
				LD_RUNPATH_SEARCH_PATHS = (
					"$(inherited)",
					"@executable_path/Frameworks",
				);
				MARKETING_VERSION = 2.0;
				PRODUCT_BUNDLE_IDENTIFIER = com.resonance.jlee.Belongings;
				PRODUCT_NAME = "Belongings Organizer";
				SDKROOT = iphoneos;
				SUPPORTED_PLATFORMS = "iphoneos iphonesimulator";
				SUPPORTS_MACCATALYST = NO;
				SUPPORTS_MAC_DESIGNED_FOR_IPHONE_IPAD = YES;
				SWIFT_VERSION = 5.0;
				TARGETED_DEVICE_FAMILY = "1,2";
				VALIDATE_PRODUCT = YES;
			};
			name = Release;
		};
		900DDBFA26E036CB0034A155 /* Debug */ = {
			isa = XCBuildConfiguration;
			buildSettings = {
				ASSETCATALOG_COMPILER_APPICON_NAME = AppIcon;
				ASSETCATALOG_COMPILER_GLOBAL_ACCENT_COLOR_NAME = AccentColor;
				ASSETCATALOG_COMPILER_INCLUDE_ALL_APPICON_ASSETS = YES;
				CODE_SIGN_ENTITLEMENTS = macOS/macOS.entitlements;
				CODE_SIGN_IDENTITY = "Apple Development";
				CODE_SIGN_STYLE = Automatic;
				COMBINE_HIDPI_IMAGES = YES;
				CURRENT_PROJECT_VERSION = 37;
				DEAD_CODE_STRIPPING = YES;
				DEVELOPMENT_TEAM = U8VSJXRJTQ;
				ENABLE_HARDENED_RUNTIME = YES;
				ENABLE_PREVIEWS = YES;
				INFOPLIST_FILE = macOS/Info.plist;
				LD_RUNPATH_SEARCH_PATHS = (
					"$(inherited)",
					"@executable_path/../Frameworks",
				);
				MACOSX_DEPLOYMENT_TARGET = 13.0;
				MARKETING_VERSION = 2.0;
				PRODUCT_BUNDLE_IDENTIFIER = com.resonance.jlee.Belongings;
				PRODUCT_NAME = "Belongings Organizer";
				SDKROOT = macosx;
				SWIFT_VERSION = 5.0;
			};
			name = Debug;
		};
		900DDBFB26E036CB0034A155 /* Release */ = {
			isa = XCBuildConfiguration;
			buildSettings = {
				ASSETCATALOG_COMPILER_APPICON_NAME = AppIcon;
				ASSETCATALOG_COMPILER_GLOBAL_ACCENT_COLOR_NAME = AccentColor;
				ASSETCATALOG_COMPILER_INCLUDE_ALL_APPICON_ASSETS = YES;
				CODE_SIGN_ENTITLEMENTS = macOS/macOS.entitlements;
				CODE_SIGN_IDENTITY = "Apple Development";
				CODE_SIGN_STYLE = Automatic;
				COMBINE_HIDPI_IMAGES = YES;
				CURRENT_PROJECT_VERSION = 37;
				DEAD_CODE_STRIPPING = YES;
				DEVELOPMENT_TEAM = U8VSJXRJTQ;
				ENABLE_HARDENED_RUNTIME = YES;
				ENABLE_PREVIEWS = YES;
				INFOPLIST_FILE = macOS/Info.plist;
				LD_RUNPATH_SEARCH_PATHS = (
					"$(inherited)",
					"@executable_path/../Frameworks",
				);
				MACOSX_DEPLOYMENT_TARGET = 13.0;
				MARKETING_VERSION = 2.0;
				PRODUCT_BUNDLE_IDENTIFIER = com.resonance.jlee.Belongings;
				PRODUCT_NAME = "Belongings Organizer";
				SDKROOT = macosx;
				SWIFT_VERSION = 5.0;
			};
			name = Release;
		};
		900DDBFD26E036CB0034A155 /* Debug */ = {
			isa = XCBuildConfiguration;
			buildSettings = {
				ALWAYS_EMBED_SWIFT_STANDARD_LIBRARIES = YES;
				CODE_SIGN_STYLE = Automatic;
				DEVELOPMENT_TEAM = U8VSJXRJTQ;
				INFOPLIST_FILE = "Tests iOS/Info.plist";
				IPHONEOS_DEPLOYMENT_TARGET = 16.0;
				LD_RUNPATH_SEARCH_PATHS = (
					"$(inherited)",
					"@executable_path/Frameworks",
					"@loader_path/Frameworks",
				);
				PRODUCT_BUNDLE_IDENTIFIER = "com.resonance.jlee.Tests-iOS";
				PRODUCT_NAME = "$(TARGET_NAME)";
				SDKROOT = iphoneos;
				SWIFT_VERSION = 5.0;
				TARGETED_DEVICE_FAMILY = "1,2";
				TEST_TARGET_NAME = "Belongings (iOS)";
			};
			name = Debug;
		};
		900DDBFE26E036CB0034A155 /* Release */ = {
			isa = XCBuildConfiguration;
			buildSettings = {
				ALWAYS_EMBED_SWIFT_STANDARD_LIBRARIES = YES;
				CODE_SIGN_STYLE = Automatic;
				DEVELOPMENT_TEAM = U8VSJXRJTQ;
				INFOPLIST_FILE = "Tests iOS/Info.plist";
				IPHONEOS_DEPLOYMENT_TARGET = 16.0;
				LD_RUNPATH_SEARCH_PATHS = (
					"$(inherited)",
					"@executable_path/Frameworks",
					"@loader_path/Frameworks",
				);
				PRODUCT_BUNDLE_IDENTIFIER = "com.resonance.jlee.Tests-iOS";
				PRODUCT_NAME = "$(TARGET_NAME)";
				SDKROOT = iphoneos;
				SWIFT_VERSION = 5.0;
				TARGETED_DEVICE_FAMILY = "1,2";
				TEST_TARGET_NAME = "Belongings (iOS)";
				VALIDATE_PRODUCT = YES;
			};
			name = Release;
		};
		900DDC0026E036CB0034A155 /* Debug */ = {
			isa = XCBuildConfiguration;
			buildSettings = {
				ALWAYS_EMBED_SWIFT_STANDARD_LIBRARIES = YES;
				CODE_SIGN_STYLE = Automatic;
				COMBINE_HIDPI_IMAGES = YES;
				DEAD_CODE_STRIPPING = YES;
				DEVELOPMENT_TEAM = U8VSJXRJTQ;
				INFOPLIST_FILE = "Tests macOS/Info.plist";
				LD_RUNPATH_SEARCH_PATHS = (
					"$(inherited)",
					"@executable_path/../Frameworks",
					"@loader_path/../Frameworks",
				);
				MACOSX_DEPLOYMENT_TARGET = 13.0;
				PRODUCT_BUNDLE_IDENTIFIER = "com.resonance.jlee.Tests-macOS";
				PRODUCT_NAME = "$(TARGET_NAME)";
				SDKROOT = macosx;
				SWIFT_VERSION = 5.0;
				TEST_TARGET_NAME = "Belongings (macOS)";
			};
			name = Debug;
		};
		900DDC0126E036CB0034A155 /* Release */ = {
			isa = XCBuildConfiguration;
			buildSettings = {
				ALWAYS_EMBED_SWIFT_STANDARD_LIBRARIES = YES;
				CODE_SIGN_STYLE = Automatic;
				COMBINE_HIDPI_IMAGES = YES;
				DEAD_CODE_STRIPPING = YES;
				DEVELOPMENT_TEAM = U8VSJXRJTQ;
				INFOPLIST_FILE = "Tests macOS/Info.plist";
				LD_RUNPATH_SEARCH_PATHS = (
					"$(inherited)",
					"@executable_path/../Frameworks",
					"@loader_path/../Frameworks",
				);
				MACOSX_DEPLOYMENT_TARGET = 13.0;
				PRODUCT_BUNDLE_IDENTIFIER = "com.resonance.jlee.Tests-macOS";
				PRODUCT_NAME = "$(TARGET_NAME)";
				SDKROOT = macosx;
				SWIFT_VERSION = 5.0;
				TEST_TARGET_NAME = "Belongings (macOS)";
			};
			name = Release;
		};
		90620B322AF0712F0056493B /* Debug */ = {
			isa = XCBuildConfiguration;
			buildSettings = {
				ASSETCATALOG_COMPILER_GENERATE_SWIFT_ASSET_SYMBOL_EXTENSIONS = YES;
				CLANG_CXX_LANGUAGE_STANDARD = "gnu++20";
				CODE_SIGN_STYLE = Automatic;
				CURRENT_PROJECT_VERSION = 1;
				DEVELOPMENT_TEAM = U8VSJXRJTQ;
				GCC_C_LANGUAGE_STANDARD = gnu17;
				GENERATE_INFOPLIST_FILE = YES;
				IPHONEOS_DEPLOYMENT_TARGET = 16.0;
				LOCALIZATION_PREFERS_STRING_CATALOGS = YES;
				MACOSX_DEPLOYMENT_TARGET = 13.0;
				MARKETING_VERSION = 1.0;
				PRODUCT_BUNDLE_IDENTIFIER = com.resonance.jlee.BelogingsOrganizerUIPerformanceTests;
				PRODUCT_NAME = "$(TARGET_NAME)";
				SDKROOT = auto;
				SUPPORTED_PLATFORMS = "iphoneos iphonesimulator macosx";
				SWIFT_ACTIVE_COMPILATION_CONDITIONS = "DEBUG $(inherited)";
				SWIFT_EMIT_LOC_STRINGS = NO;
				SWIFT_VERSION = 5.0;
				TARGETED_DEVICE_FAMILY = "1,2";
				TEST_TARGET_NAME = "Belongings Organizer (iOS)";
			};
			name = Debug;
		};
		90620B332AF0712F0056493B /* Release */ = {
			isa = XCBuildConfiguration;
			buildSettings = {
				ASSETCATALOG_COMPILER_GENERATE_SWIFT_ASSET_SYMBOL_EXTENSIONS = YES;
				CLANG_CXX_LANGUAGE_STANDARD = "gnu++20";
				CODE_SIGN_STYLE = Automatic;
				CURRENT_PROJECT_VERSION = 1;
				DEVELOPMENT_TEAM = U8VSJXRJTQ;
				GCC_C_LANGUAGE_STANDARD = gnu17;
				GENERATE_INFOPLIST_FILE = YES;
				IPHONEOS_DEPLOYMENT_TARGET = 16.0;
				LOCALIZATION_PREFERS_STRING_CATALOGS = YES;
				MACOSX_DEPLOYMENT_TARGET = 13.0;
				MARKETING_VERSION = 1.0;
				PRODUCT_BUNDLE_IDENTIFIER = com.resonance.jlee.BelogingsOrganizerUIPerformanceTests;
				PRODUCT_NAME = "$(TARGET_NAME)";
				SDKROOT = auto;
				SUPPORTED_PLATFORMS = "iphoneos iphonesimulator macosx";
				SWIFT_EMIT_LOC_STRINGS = NO;
				SWIFT_VERSION = 5.0;
				TARGETED_DEVICE_FAMILY = "1,2";
				TEST_TARGET_NAME = "Belongings Organizer (iOS)";
			};
			name = Release;
		};
/* End XCBuildConfiguration section */

/* Begin XCConfigurationList section */
		900DDBBC26E036C90034A155 /* Build configuration list for PBXProject "Belongings Organizer" */ = {
			isa = XCConfigurationList;
			buildConfigurations = (
				900DDBF426E036CB0034A155 /* Debug */,
				900DDBF526E036CB0034A155 /* Release */,
			);
			defaultConfigurationIsVisible = 0;
			defaultConfigurationName = Release;
		};
		900DDBF626E036CB0034A155 /* Build configuration list for PBXNativeTarget "Belongings Organizer (iOS)" */ = {
			isa = XCConfigurationList;
			buildConfigurations = (
				900DDBF726E036CB0034A155 /* Debug */,
				900DDBF826E036CB0034A155 /* Release */,
			);
			defaultConfigurationIsVisible = 0;
			defaultConfigurationName = Release;
		};
		900DDBF926E036CB0034A155 /* Build configuration list for PBXNativeTarget "Belongings Organizer (macOS)" */ = {
			isa = XCConfigurationList;
			buildConfigurations = (
				900DDBFA26E036CB0034A155 /* Debug */,
				900DDBFB26E036CB0034A155 /* Release */,
			);
			defaultConfigurationIsVisible = 0;
			defaultConfigurationName = Release;
		};
		900DDBFC26E036CB0034A155 /* Build configuration list for PBXNativeTarget "Tests iOS" */ = {
			isa = XCConfigurationList;
			buildConfigurations = (
				900DDBFD26E036CB0034A155 /* Debug */,
				900DDBFE26E036CB0034A155 /* Release */,
			);
			defaultConfigurationIsVisible = 0;
			defaultConfigurationName = Release;
		};
		900DDBFF26E036CB0034A155 /* Build configuration list for PBXNativeTarget "Tests macOS" */ = {
			isa = XCConfigurationList;
			buildConfigurations = (
				900DDC0026E036CB0034A155 /* Debug */,
				900DDC0126E036CB0034A155 /* Release */,
			);
			defaultConfigurationIsVisible = 0;
			defaultConfigurationName = Release;
		};
		90620B342AF0712F0056493B /* Build configuration list for PBXNativeTarget "BelogingsOrganizerUIPerformanceTests" */ = {
			isa = XCConfigurationList;
			buildConfigurations = (
				90620B322AF0712F0056493B /* Debug */,
				90620B332AF0712F0056493B /* Release */,
			);
			defaultConfigurationIsVisible = 0;
			defaultConfigurationName = Release;
		};
/* End XCConfigurationList section */

/* Begin XCRemoteSwiftPackageReference section */
		901A21E328568A95006CF1A4 /* XCRemoteSwiftPackageReference "PersistenceSwift" */ = {
			isa = XCRemoteSwiftPackageReference;
			repositoryURL = "https://github.com/jaeseung16/PersistenceSwift";
			requirement = {
				branch = main;
				kind = branch;
			};
		};
		9089734126FBFFEA005A03A8 /* XCRemoteSwiftPackageReference "SDWebImageWebPCoder" */ = {
			isa = XCRemoteSwiftPackageReference;
			repositoryURL = "https://github.com/SDWebImage/SDWebImageWebPCoder";
			requirement = {
				kind = upToNextMajorVersion;
				minimumVersion = 0.8.4;
			};
		};
/* End XCRemoteSwiftPackageReference section */

/* Begin XCSwiftPackageProductDependency section */
		901A21E428568A95006CF1A4 /* Persistence */ = {
			isa = XCSwiftPackageProductDependency;
			package = 901A21E328568A95006CF1A4 /* XCRemoteSwiftPackageReference "PersistenceSwift" */;
			productName = Persistence;
		};
		901A21EC2856981A006CF1A4 /* Persistence */ = {
			isa = XCSwiftPackageProductDependency;
			package = 901A21E328568A95006CF1A4 /* XCRemoteSwiftPackageReference "PersistenceSwift" */;
			productName = Persistence;
		};
		9089734226FBFFEA005A03A8 /* SDWebImageWebPCoder */ = {
			isa = XCSwiftPackageProductDependency;
			package = 9089734126FBFFEA005A03A8 /* XCRemoteSwiftPackageReference "SDWebImageWebPCoder" */;
			productName = SDWebImageWebPCoder;
		};
		9089734426FBFFF5005A03A8 /* SDWebImageWebPCoder */ = {
			isa = XCSwiftPackageProductDependency;
			package = 9089734126FBFFEA005A03A8 /* XCRemoteSwiftPackageReference "SDWebImageWebPCoder" */;
			productName = SDWebImageWebPCoder;
		};
/* End XCSwiftPackageProductDependency section */

/* Begin XCVersionGroup section */
		900DDBBE26E036C90034A155 /* Belongings.xcdatamodeld */ = {
			isa = XCVersionGroup;
			children = (
				900DDBBF26E036C90034A155 /* Shared.xcdatamodel */,
			);
			currentVersion = 900DDBBF26E036C90034A155 /* Shared.xcdatamodel */;
			path = Belongings.xcdatamodeld;
			sourceTree = "<group>";
			versionGroupType = wrapper.xcdatamodel;
		};
/* End XCVersionGroup section */
	};
	rootObject = 900DDBB926E036C90034A155 /* Project object */;
}
