// !$*UTF8*$!
{
	archiveVersion = 1;
	classes = {
	};
	objectVersion = 52;
	objects = {

/* Begin PBXBuildFile section */
		900DDBDD26E036CB0034A155 /* Tests_iOS.swift in Sources */ = {isa = PBXBuildFile; fileRef = 900DDBDC26E036CB0034A155 /* Tests_iOS.swift */; };
		900DDBE826E036CB0034A155 /* Tests_macOS.swift in Sources */ = {isa = PBXBuildFile; fileRef = 900DDBE726E036CB0034A155 /* Tests_macOS.swift */; };
		900DDBEA26E036CB0034A155 /* Belongings.xcdatamodeld in Sources */ = {isa = PBXBuildFile; fileRef = 900DDBBE26E036C90034A155 /* Belongings.xcdatamodeld */; };
		900DDBEB26E036CB0034A155 /* Belongings.xcdatamodeld in Sources */ = {isa = PBXBuildFile; fileRef = 900DDBBE26E036C90034A155 /* Belongings.xcdatamodeld */; };
		900DDBEC26E036CB0034A155 /* BelongingsApp.swift in Sources */ = {isa = PBXBuildFile; fileRef = 900DDBC026E036C90034A155 /* BelongingsApp.swift */; };
		900DDBED26E036CB0034A155 /* BelongingsApp.swift in Sources */ = {isa = PBXBuildFile; fileRef = 900DDBC026E036C90034A155 /* BelongingsApp.swift */; };
		900DDBEE26E036CB0034A155 /* ContentView.swift in Sources */ = {isa = PBXBuildFile; fileRef = 900DDBC126E036C90034A155 /* ContentView.swift */; };
		900DDBEF26E036CB0034A155 /* ContentView.swift in Sources */ = {isa = PBXBuildFile; fileRef = 900DDBC126E036C90034A155 /* ContentView.swift */; };
		900DDBF026E036CB0034A155 /* Persistence.swift in Sources */ = {isa = PBXBuildFile; fileRef = 900DDBC226E036C90034A155 /* Persistence.swift */; };
		900DDBF126E036CB0034A155 /* Persistence.swift in Sources */ = {isa = PBXBuildFile; fileRef = 900DDBC226E036C90034A155 /* Persistence.swift */; };
		900DDBF226E036CB0034A155 /* Assets.xcassets in Resources */ = {isa = PBXBuildFile; fileRef = 900DDBC326E036CA0034A155 /* Assets.xcassets */; };
		900DDBF326E036CB0034A155 /* Assets.xcassets in Resources */ = {isa = PBXBuildFile; fileRef = 900DDBC326E036CA0034A155 /* Assets.xcassets */; };
		904498DD26EBBB2500002A6F /* ChooseCurrencyView.swift in Sources */ = {isa = PBXBuildFile; fileRef = 904498DC26EBBB2500002A6F /* ChooseCurrencyView.swift */; };
		904498DE26EBBB2500002A6F /* ChooseCurrencyView.swift in Sources */ = {isa = PBXBuildFile; fileRef = 904498DC26EBBB2500002A6F /* ChooseCurrencyView.swift */; };
		904498E126EBD30500002A6F /* NothingSelectedText.swift in Sources */ = {isa = PBXBuildFile; fileRef = 904498E026EBD30500002A6F /* NothingSelectedText.swift */; };
		904498E226EBD30500002A6F /* NothingSelectedText.swift in Sources */ = {isa = PBXBuildFile; fileRef = 904498E026EBD30500002A6F /* NothingSelectedText.swift */; };
		904498E426EBD7A800002A6F /* SheetBottom.swift in Sources */ = {isa = PBXBuildFile; fileRef = 904498E326EBD7A800002A6F /* SheetBottom.swift */; };
		904498E526EBD7A800002A6F /* SheetBottom.swift in Sources */ = {isa = PBXBuildFile; fileRef = 904498E326EBD7A800002A6F /* SheetBottom.swift */; };
		904498E726EBDEDB00002A6F /* ItemListView.swift in Sources */ = {isa = PBXBuildFile; fileRef = 904498E626EBDEDB00002A6F /* ItemListView.swift */; };
		904498E826EBDEDB00002A6F /* ItemListView.swift in Sources */ = {isa = PBXBuildFile; fileRef = 904498E626EBDEDB00002A6F /* ItemListView.swift */; };
		904498EA26EBF70600002A6F /* KindListView.swift in Sources */ = {isa = PBXBuildFile; fileRef = 904498E926EBF70600002A6F /* KindListView.swift */; };
		904498EB26EBF70600002A6F /* KindListView.swift in Sources */ = {isa = PBXBuildFile; fileRef = 904498E926EBF70600002A6F /* KindListView.swift */; };
		90596B8626E6ACD20001CCA5 /* AddKindView.swift in Sources */ = {isa = PBXBuildFile; fileRef = 90596B8526E6ACD20001CCA5 /* AddKindView.swift */; };
		906CE2E926FA871900DC12C3 /* AddPhotoView.swift in Sources */ = {isa = PBXBuildFile; fileRef = 906CE2E726FA871900DC12C3 /* AddPhotoView.swift */; };
		906CE2EB26FA970100DC12C3 /* AddItemViewModel.swift in Sources */ = {isa = PBXBuildFile; fileRef = 906CE2EA26FA970100DC12C3 /* AddItemViewModel.swift */; };
		906CE2EC26FA970100DC12C3 /* AddItemViewModel.swift in Sources */ = {isa = PBXBuildFile; fileRef = 906CE2EA26FA970100DC12C3 /* AddItemViewModel.swift */; };
		906EA8A126F7EFF300235302 /* EditDateView.swift in Sources */ = {isa = PBXBuildFile; fileRef = 906EA8A026F7EFF300235302 /* EditDateView.swift */; };
		906EA8A226F7EFF300235302 /* EditDateView.swift in Sources */ = {isa = PBXBuildFile; fileRef = 906EA8A026F7EFF300235302 /* EditDateView.swift */; };
		9072232D26E9352700965653 /* ChooseBrandView.swift in Sources */ = {isa = PBXBuildFile; fileRef = 9072232C26E9352700965653 /* ChooseBrandView.swift */; };
		9072232E26E9352700965653 /* ChooseBrandView.swift in Sources */ = {isa = PBXBuildFile; fileRef = 9072232C26E9352700965653 /* ChooseBrandView.swift */; };
		9072233026E93A0500965653 /* AddBrandView.swift in Sources */ = {isa = PBXBuildFile; fileRef = 9072232F26E93A0500965653 /* AddBrandView.swift */; };
		9072233126E93A0500965653 /* AddBrandView.swift in Sources */ = {isa = PBXBuildFile; fileRef = 9072232F26E93A0500965653 /* AddBrandView.swift */; };
		9072233326E93CDC00965653 /* ChooseSellerView.swift in Sources */ = {isa = PBXBuildFile; fileRef = 9072233226E93CDC00965653 /* ChooseSellerView.swift */; };
		9072233426E93CDC00965653 /* ChooseSellerView.swift in Sources */ = {isa = PBXBuildFile; fileRef = 9072233226E93CDC00965653 /* ChooseSellerView.swift */; };
		9072233626E93CE800965653 /* AddSellerView.swift in Sources */ = {isa = PBXBuildFile; fileRef = 9072233526E93CE800965653 /* AddSellerView.swift */; };
		9072233726E93CE800965653 /* AddSellerView.swift in Sources */ = {isa = PBXBuildFile; fileRef = 9072233526E93CE800965653 /* AddSellerView.swift */; };
		90884D1E26E180C000D01A55 /* CloudKit.framework in Frameworks */ = {isa = PBXBuildFile; fileRef = 90884D1D26E180C000D01A55 /* CloudKit.framework */; };
		90884D2126E180E400D01A55 /* CloudKit.framework in Frameworks */ = {isa = PBXBuildFile; fileRef = 90884D2026E180E400D01A55 /* CloudKit.framework */; };
		9089734326FBFFEA005A03A8 /* SDWebImageWebPCoder in Frameworks */ = {isa = PBXBuildFile; productRef = 9089734226FBFFEA005A03A8 /* SDWebImageWebPCoder */; };
		9089734526FBFFF5005A03A8 /* SDWebImageWebPCoder in Frameworks */ = {isa = PBXBuildFile; productRef = 9089734426FBFFF5005A03A8 /* SDWebImageWebPCoder */; };
		9089734726FD10CC005A03A8 /* URLValidator.swift in Sources */ = {isa = PBXBuildFile; fileRef = 9089734626FD10CC005A03A8 /* URLValidator.swift */; };
		9089734826FD10CC005A03A8 /* URLValidator.swift in Sources */ = {isa = PBXBuildFile; fileRef = 9089734626FD10CC005A03A8 /* URLValidator.swift */; };
		9089734A26FD3B3F005A03A8 /* ItemSummaryView.swift in Sources */ = {isa = PBXBuildFile; fileRef = 9089734926FD3B3F005A03A8 /* ItemSummaryView.swift */; };
		9089734B26FD3B3F005A03A8 /* ItemSummaryView.swift in Sources */ = {isa = PBXBuildFile; fileRef = 9089734926FD3B3F005A03A8 /* ItemSummaryView.swift */; };
		90B23E6626EE901900B29063 /* KindDetailView.swift in Sources */ = {isa = PBXBuildFile; fileRef = 90B23E6526EE901900B29063 /* KindDetailView.swift */; };
		90B23E6726EE901900B29063 /* KindDetailView.swift in Sources */ = {isa = PBXBuildFile; fileRef = 90B23E6526EE901900B29063 /* KindDetailView.swift */; };
		90B46BC82700F53E00BEED75 /* EditPhotoView.swift in Sources */ = {isa = PBXBuildFile; fileRef = 90B46BC62700F53E00BEED75 /* EditPhotoView.swift */; };
		90C0D98926E7D08200158C85 /* AddKindView.swift in Sources */ = {isa = PBXBuildFile; fileRef = 90596B8526E6ACD20001CCA5 /* AddKindView.swift */; };
		90C0D98B26E7DEF600158C85 /* AddItemView.swift in Sources */ = {isa = PBXBuildFile; fileRef = 90C0D98A26E7DEF600158C85 /* AddItemView.swift */; };
		90C0D98C26E7DEF600158C85 /* AddItemView.swift in Sources */ = {isa = PBXBuildFile; fileRef = 90C0D98A26E7DEF600158C85 /* AddItemView.swift */; };
		90C0D98E26E8001700158C85 /* ChooseKindView.swift in Sources */ = {isa = PBXBuildFile; fileRef = 90C0D98D26E8001700158C85 /* ChooseKindView.swift */; };
		90C0D98F26E8001700158C85 /* ChooseKindView.swift in Sources */ = {isa = PBXBuildFile; fileRef = 90C0D98D26E8001700158C85 /* ChooseKindView.swift */; };
		90C172D226F13EC200244A9C /* BrandDetailView.swift in Sources */ = {isa = PBXBuildFile; fileRef = 90C172D126F13EC200244A9C /* BrandDetailView.swift */; };
		90C172D326F13EC200244A9C /* BrandDetailView.swift in Sources */ = {isa = PBXBuildFile; fileRef = 90C172D126F13EC200244A9C /* BrandDetailView.swift */; };
		90C172D526F13FAF00244A9C /* SellerDetailView.swift in Sources */ = {isa = PBXBuildFile; fileRef = 90C172D426F13FAF00244A9C /* SellerDetailView.swift */; };
		90C172D626F13FAF00244A9C /* SellerDetailView.swift in Sources */ = {isa = PBXBuildFile; fileRef = 90C172D426F13FAF00244A9C /* SellerDetailView.swift */; };
		90CB46A726ED3CB600A9468B /* BrandListView.swift in Sources */ = {isa = PBXBuildFile; fileRef = 90CB46A626ED3CB600A9468B /* BrandListView.swift */; };
		90CB46A826ED3CB600A9468B /* BrandListView.swift in Sources */ = {isa = PBXBuildFile; fileRef = 90CB46A626ED3CB600A9468B /* BrandListView.swift */; };
		90CB46AA26ED3F0F00A9468B /* SellerListView.swift in Sources */ = {isa = PBXBuildFile; fileRef = 90CB46A926ED3F0F00A9468B /* SellerListView.swift */; };
		90CB46AB26ED3F0F00A9468B /* SellerListView.swift in Sources */ = {isa = PBXBuildFile; fileRef = 90CB46A926ED3F0F00A9468B /* SellerListView.swift */; };
		90CB46AD26ED43AD00A9468B /* ItemDetailView.swift in Sources */ = {isa = PBXBuildFile; fileRef = 90CB46AC26ED43AD00A9468B /* ItemDetailView.swift */; };
		90CB46AE26ED43AD00A9468B /* ItemDetailView.swift in Sources */ = {isa = PBXBuildFile; fileRef = 90CB46AC26ED43AD00A9468B /* ItemDetailView.swift */; };
		90CB46B726ED6A1900A9468B /* FilterItemsView.swift in Sources */ = {isa = PBXBuildFile; fileRef = 90CB46B626ED6A1900A9468B /* FilterItemsView.swift */; };
		90CB46B826ED6A1900A9468B /* FilterItemsView.swift in Sources */ = {isa = PBXBuildFile; fileRef = 90CB46B626ED6A1900A9468B /* FilterItemsView.swift */; };
		90CB778D27025BB6008CDBC6 /* PHPickerView.swift in Sources */ = {isa = PBXBuildFile; fileRef = 90CB778C27025BB6008CDBC6 /* PHPickerView.swift */; };
		90CD27ED270908A1001A89B5 /* ImageType.swift in Sources */ = {isa = PBXBuildFile; fileRef = 90CD27EC270908A1001A89B5 /* ImageType.swift */; };
		90CD27EE270908A1001A89B5 /* ImageType.swift in Sources */ = {isa = PBXBuildFile; fileRef = 90CD27EC270908A1001A89B5 /* ImageType.swift */; };
		90CD27F1270908D3001A89B5 /* ImagePaster.swift in Sources */ = {isa = PBXBuildFile; fileRef = 90CD27EF270908D3001A89B5 /* ImagePaster.swift */; };
		90CF0CF62730A1C300E93917 /* SectionTitleView.swift in Sources */ = {isa = PBXBuildFile; fileRef = 90CF0CF52730A1C300E93917 /* SectionTitleView.swift */; };
		90CF0CF72730A1C300E93917 /* SectionTitleView.swift in Sources */ = {isa = PBXBuildFile; fileRef = 90CF0CF52730A1C300E93917 /* SectionTitleView.swift */; };
		90D3F23226EA594E00955316 /* BelongingsViewModel.swift in Sources */ = {isa = PBXBuildFile; fileRef = 90D3F23126EA594E00955316 /* BelongingsViewModel.swift */; };
		90D3F23326EA599D00955316 /* BelongingsViewModel.swift in Sources */ = {isa = PBXBuildFile; fileRef = 90D3F23126EA594E00955316 /* BelongingsViewModel.swift */; };
		90D3F23526EA5B3400955316 /* Entities.swift in Sources */ = {isa = PBXBuildFile; fileRef = 90D3F23426EA5B3400955316 /* Entities.swift */; };
		90D3F23626EA5C4000955316 /* Entities.swift in Sources */ = {isa = PBXBuildFile; fileRef = 90D3F23426EA5B3400955316 /* Entities.swift */; };
		90D3F23826EA7F7E00955316 /* SellerDTO.swift in Sources */ = {isa = PBXBuildFile; fileRef = 90D3F23726EA7F7E00955316 /* SellerDTO.swift */; };
		90D3F23A26EA7FE000955316 /* BrandDTO.swift in Sources */ = {isa = PBXBuildFile; fileRef = 90D3F23926EA7FE000955316 /* BrandDTO.swift */; };
		90D3F23C26EA801F00955316 /* KindDTO.swift in Sources */ = {isa = PBXBuildFile; fileRef = 90D3F23B26EA801F00955316 /* KindDTO.swift */; };
		90D3F23E26EA804E00955316 /* ItemDTO.swift in Sources */ = {isa = PBXBuildFile; fileRef = 90D3F23D26EA804E00955316 /* ItemDTO.swift */; };
		90D3F23F26EA8CDC00955316 /* SellerDTO.swift in Sources */ = {isa = PBXBuildFile; fileRef = 90D3F23726EA7F7E00955316 /* SellerDTO.swift */; };
		90D3F24026EA8CDE00955316 /* BrandDTO.swift in Sources */ = {isa = PBXBuildFile; fileRef = 90D3F23926EA7FE000955316 /* BrandDTO.swift */; };
		90D3F24126EA8CE100955316 /* KindDTO.swift in Sources */ = {isa = PBXBuildFile; fileRef = 90D3F23B26EA801F00955316 /* KindDTO.swift */; };
		90D3F24226EA8CE300955316 /* ItemDTO.swift in Sources */ = {isa = PBXBuildFile; fileRef = 90D3F23D26EA804E00955316 /* ItemDTO.swift */; };
		90DD8C2926F936E60079424A /* MobileNet.mlmodel in Sources */ = {isa = PBXBuildFile; fileRef = 90DD8C2826F936E60079424A /* MobileNet.mlmodel */; };
		90DD8C2A26F936E60079424A /* MobileNet.mlmodel in Sources */ = {isa = PBXBuildFile; fileRef = 90DD8C2826F936E60079424A /* MobileNet.mlmodel */; };
		90DD8C2C26F95A1B0079424A /* EditPhotoView.swift in Sources */ = {isa = PBXBuildFile; fileRef = 90DD8C2B26F95A1B0079424A /* EditPhotoView.swift */; };
		90DE25542707AD4C0030AEFF /* ImagePaster.swift in Sources */ = {isa = PBXBuildFile; fileRef = 90DE25532707AD4C0030AEFF /* ImagePaster.swift */; };
		90E238DD270659C600E03624 /* SelectImageButton.swift in Sources */ = {isa = PBXBuildFile; fileRef = 90E238DC270659C600E03624 /* SelectImageButton.swift */; };
		90E238E027065D5300E03624 /* PhotoAlertView.swift in Sources */ = {isa = PBXBuildFile; fileRef = 90E238DE27065CCC00E03624 /* PhotoAlertView.swift */; };
		90E238E22706794200E03624 /* ItemsView.swift in Sources */ = {isa = PBXBuildFile; fileRef = 90E238E12706794200E03624 /* ItemsView.swift */; };
		90E238E32706799D00E03624 /* ItemsView.swift in Sources */ = {isa = PBXBuildFile; fileRef = 90E238E12706794200E03624 /* ItemsView.swift */; };
		90E2EA9626F402150014A8C6 /* ImagePickerView.swift in Sources */ = {isa = PBXBuildFile; fileRef = 90E2EA9526F402150014A8C6 /* ImagePickerView.swift */; };
		90E2EA9926F402940014A8C6 /* AddPhotoView.swift in Sources */ = {isa = PBXBuildFile; fileRef = 90E2EA9826F402940014A8C6 /* AddPhotoView.swift */; };
		90F3B6AB26FFEA2900C4859D /* ItemProperty.swift in Sources */ = {isa = PBXBuildFile; fileRef = 90F3B6AA26FFEA2900C4859D /* ItemProperty.swift */; };
		90F3B6AC26FFEA2900C4859D /* ItemProperty.swift in Sources */ = {isa = PBXBuildFile; fileRef = 90F3B6AA26FFEA2900C4859D /* ItemProperty.swift */; };
/* End PBXBuildFile section */

/* Begin PBXContainerItemProxy section */
		900DDBD926E036CB0034A155 /* PBXContainerItemProxy */ = {
			isa = PBXContainerItemProxy;
			containerPortal = 900DDBB926E036C90034A155 /* Project object */;
			proxyType = 1;
			remoteGlobalIDString = 900DDBC726E036CA0034A155;
			remoteInfo = "Belongings (iOS)";
		};
		900DDBE426E036CB0034A155 /* PBXContainerItemProxy */ = {
			isa = PBXContainerItemProxy;
			containerPortal = 900DDBB926E036C90034A155 /* Project object */;
			proxyType = 1;
			remoteGlobalIDString = 900DDBCF26E036CB0034A155;
			remoteInfo = "Belongings (macOS)";
		};
/* End PBXContainerItemProxy section */

/* Begin PBXFileReference section */
		900DDBBF26E036C90034A155 /* Shared.xcdatamodel */ = {isa = PBXFileReference; lastKnownFileType = wrapper.xcdatamodel; path = Shared.xcdatamodel; sourceTree = "<group>"; };
		900DDBC026E036C90034A155 /* BelongingsApp.swift */ = {isa = PBXFileReference; lastKnownFileType = sourcecode.swift; path = BelongingsApp.swift; sourceTree = "<group>"; };
		900DDBC126E036C90034A155 /* ContentView.swift */ = {isa = PBXFileReference; lastKnownFileType = sourcecode.swift; path = ContentView.swift; sourceTree = "<group>"; };
		900DDBC226E036C90034A155 /* Persistence.swift */ = {isa = PBXFileReference; lastKnownFileType = sourcecode.swift; path = Persistence.swift; sourceTree = "<group>"; };
		900DDBC326E036CA0034A155 /* Assets.xcassets */ = {isa = PBXFileReference; lastKnownFileType = folder.assetcatalog; path = Assets.xcassets; sourceTree = "<group>"; };
		900DDBC826E036CA0034A155 /* Belongings Organizer.app */ = {isa = PBXFileReference; explicitFileType = wrapper.application; includeInIndex = 0; path = "Belongings Organizer.app"; sourceTree = BUILT_PRODUCTS_DIR; };
		900DDBCB26E036CA0034A155 /* Info.plist */ = {isa = PBXFileReference; lastKnownFileType = text.plist.xml; path = Info.plist; sourceTree = "<group>"; };
		900DDBD026E036CB0034A155 /* Belongings Organizer.app */ = {isa = PBXFileReference; explicitFileType = wrapper.application; includeInIndex = 0; path = "Belongings Organizer.app"; sourceTree = BUILT_PRODUCTS_DIR; };
		900DDBD226E036CB0034A155 /* Info.plist */ = {isa = PBXFileReference; lastKnownFileType = text.plist.xml; path = Info.plist; sourceTree = "<group>"; };
		900DDBD326E036CB0034A155 /* macOS.entitlements */ = {isa = PBXFileReference; lastKnownFileType = text.plist.entitlements; path = macOS.entitlements; sourceTree = "<group>"; };
		900DDBD826E036CB0034A155 /* Tests iOS.xctest */ = {isa = PBXFileReference; explicitFileType = wrapper.cfbundle; includeInIndex = 0; path = "Tests iOS.xctest"; sourceTree = BUILT_PRODUCTS_DIR; };
		900DDBDC26E036CB0034A155 /* Tests_iOS.swift */ = {isa = PBXFileReference; lastKnownFileType = sourcecode.swift; path = Tests_iOS.swift; sourceTree = "<group>"; };
		900DDBDE26E036CB0034A155 /* Info.plist */ = {isa = PBXFileReference; lastKnownFileType = text.plist.xml; path = Info.plist; sourceTree = "<group>"; };
		900DDBE326E036CB0034A155 /* Tests macOS.xctest */ = {isa = PBXFileReference; explicitFileType = wrapper.cfbundle; includeInIndex = 0; path = "Tests macOS.xctest"; sourceTree = BUILT_PRODUCTS_DIR; };
		900DDBE726E036CB0034A155 /* Tests_macOS.swift */ = {isa = PBXFileReference; lastKnownFileType = sourcecode.swift; path = Tests_macOS.swift; sourceTree = "<group>"; };
		900DDBE926E036CB0034A155 /* Info.plist */ = {isa = PBXFileReference; lastKnownFileType = text.plist.xml; path = Info.plist; sourceTree = "<group>"; };
		904498DC26EBBB2500002A6F /* ChooseCurrencyView.swift */ = {isa = PBXFileReference; lastKnownFileType = sourcecode.swift; path = ChooseCurrencyView.swift; sourceTree = "<group>"; };
		904498E026EBD30500002A6F /* NothingSelectedText.swift */ = {isa = PBXFileReference; lastKnownFileType = sourcecode.swift; path = NothingSelectedText.swift; sourceTree = "<group>"; };
		904498E326EBD7A800002A6F /* SheetBottom.swift */ = {isa = PBXFileReference; lastKnownFileType = sourcecode.swift; path = SheetBottom.swift; sourceTree = "<group>"; };
		904498E626EBDEDB00002A6F /* ItemListView.swift */ = {isa = PBXFileReference; lastKnownFileType = sourcecode.swift; path = ItemListView.swift; sourceTree = "<group>"; };
		904498E926EBF70600002A6F /* KindListView.swift */ = {isa = PBXFileReference; lastKnownFileType = sourcecode.swift; path = KindListView.swift; sourceTree = "<group>"; };
		90596B8526E6ACD20001CCA5 /* AddKindView.swift */ = {isa = PBXFileReference; lastKnownFileType = sourcecode.swift; path = AddKindView.swift; sourceTree = "<group>"; };
		906CE2E726FA871900DC12C3 /* AddPhotoView.swift */ = {isa = PBXFileReference; lastKnownFileType = sourcecode.swift; path = AddPhotoView.swift; sourceTree = "<group>"; };
		906CE2EA26FA970100DC12C3 /* AddItemViewModel.swift */ = {isa = PBXFileReference; lastKnownFileType = sourcecode.swift; path = AddItemViewModel.swift; sourceTree = "<group>"; };
		906EA8A026F7EFF300235302 /* EditDateView.swift */ = {isa = PBXFileReference; lastKnownFileType = sourcecode.swift; path = EditDateView.swift; sourceTree = "<group>"; };
		9072232C26E9352700965653 /* ChooseBrandView.swift */ = {isa = PBXFileReference; lastKnownFileType = sourcecode.swift; path = ChooseBrandView.swift; sourceTree = "<group>"; };
		9072232F26E93A0500965653 /* AddBrandView.swift */ = {isa = PBXFileReference; lastKnownFileType = sourcecode.swift; path = AddBrandView.swift; sourceTree = "<group>"; };
		9072233226E93CDC00965653 /* ChooseSellerView.swift */ = {isa = PBXFileReference; lastKnownFileType = sourcecode.swift; path = ChooseSellerView.swift; sourceTree = "<group>"; };
		9072233526E93CE800965653 /* AddSellerView.swift */ = {isa = PBXFileReference; lastKnownFileType = sourcecode.swift; path = AddSellerView.swift; sourceTree = "<group>"; };
		90884D1D26E180C000D01A55 /* CloudKit.framework */ = {isa = PBXFileReference; lastKnownFileType = wrapper.framework; name = CloudKit.framework; path = System/Library/Frameworks/CloudKit.framework; sourceTree = SDKROOT; };
		90884D1F26E180E100D01A55 /* Belongings.entitlements */ = {isa = PBXFileReference; lastKnownFileType = text.plist.entitlements; path = Belongings.entitlements; sourceTree = "<group>"; };
		90884D2026E180E400D01A55 /* CloudKit.framework */ = {isa = PBXFileReference; lastKnownFileType = wrapper.framework; name = CloudKit.framework; path = Platforms/iPhoneOS.platform/Developer/SDKs/iPhoneOS14.5.sdk/System/Library/Frameworks/CloudKit.framework; sourceTree = DEVELOPER_DIR; };
		9089734626FD10CC005A03A8 /* URLValidator.swift */ = {isa = PBXFileReference; lastKnownFileType = sourcecode.swift; path = URLValidator.swift; sourceTree = "<group>"; };
		9089734926FD3B3F005A03A8 /* ItemSummaryView.swift */ = {isa = PBXFileReference; lastKnownFileType = sourcecode.swift; path = ItemSummaryView.swift; sourceTree = "<group>"; };
		90B23E6526EE901900B29063 /* KindDetailView.swift */ = {isa = PBXFileReference; lastKnownFileType = sourcecode.swift; path = KindDetailView.swift; sourceTree = "<group>"; };
		90B46BC62700F53E00BEED75 /* EditPhotoView.swift */ = {isa = PBXFileReference; lastKnownFileType = sourcecode.swift; path = EditPhotoView.swift; sourceTree = "<group>"; };
		90C0D98A26E7DEF600158C85 /* AddItemView.swift */ = {isa = PBXFileReference; lastKnownFileType = sourcecode.swift; path = AddItemView.swift; sourceTree = "<group>"; };
		90C0D98D26E8001700158C85 /* ChooseKindView.swift */ = {isa = PBXFileReference; lastKnownFileType = sourcecode.swift; path = ChooseKindView.swift; sourceTree = "<group>"; };
		90C172D126F13EC200244A9C /* BrandDetailView.swift */ = {isa = PBXFileReference; lastKnownFileType = sourcecode.swift; path = BrandDetailView.swift; sourceTree = "<group>"; };
		90C172D426F13FAF00244A9C /* SellerDetailView.swift */ = {isa = PBXFileReference; lastKnownFileType = sourcecode.swift; path = SellerDetailView.swift; sourceTree = "<group>"; };
		90CB46A626ED3CB600A9468B /* BrandListView.swift */ = {isa = PBXFileReference; lastKnownFileType = sourcecode.swift; path = BrandListView.swift; sourceTree = "<group>"; };
		90CB46A926ED3F0F00A9468B /* SellerListView.swift */ = {isa = PBXFileReference; lastKnownFileType = sourcecode.swift; path = SellerListView.swift; sourceTree = "<group>"; };
		90CB46AC26ED43AD00A9468B /* ItemDetailView.swift */ = {isa = PBXFileReference; lastKnownFileType = sourcecode.swift; path = ItemDetailView.swift; sourceTree = "<group>"; };
		90CB46B626ED6A1900A9468B /* FilterItemsView.swift */ = {isa = PBXFileReference; lastKnownFileType = sourcecode.swift; path = FilterItemsView.swift; sourceTree = "<group>"; };
		90CB778C27025BB6008CDBC6 /* PHPickerView.swift */ = {isa = PBXFileReference; lastKnownFileType = sourcecode.swift; path = PHPickerView.swift; sourceTree = "<group>"; };
		90CD27EC270908A1001A89B5 /* ImageType.swift */ = {isa = PBXFileReference; lastKnownFileType = sourcecode.swift; path = ImageType.swift; sourceTree = "<group>"; };
		90CD27EF270908D3001A89B5 /* ImagePaster.swift */ = {isa = PBXFileReference; lastKnownFileType = sourcecode.swift; path = ImagePaster.swift; sourceTree = "<group>"; };
		90CF0CF52730A1C300E93917 /* SectionTitleView.swift */ = {isa = PBXFileReference; lastKnownFileType = sourcecode.swift; path = SectionTitleView.swift; sourceTree = "<group>"; };
		90D3F23126EA594E00955316 /* BelongingsViewModel.swift */ = {isa = PBXFileReference; lastKnownFileType = sourcecode.swift; path = BelongingsViewModel.swift; sourceTree = "<group>"; };
		90D3F23426EA5B3400955316 /* Entities.swift */ = {isa = PBXFileReference; lastKnownFileType = sourcecode.swift; path = Entities.swift; sourceTree = "<group>"; };
		90D3F23726EA7F7E00955316 /* SellerDTO.swift */ = {isa = PBXFileReference; lastKnownFileType = sourcecode.swift; path = SellerDTO.swift; sourceTree = "<group>"; };
		90D3F23926EA7FE000955316 /* BrandDTO.swift */ = {isa = PBXFileReference; lastKnownFileType = sourcecode.swift; path = BrandDTO.swift; sourceTree = "<group>"; };
		90D3F23B26EA801F00955316 /* KindDTO.swift */ = {isa = PBXFileReference; lastKnownFileType = sourcecode.swift; path = KindDTO.swift; sourceTree = "<group>"; };
		90D3F23D26EA804E00955316 /* ItemDTO.swift */ = {isa = PBXFileReference; lastKnownFileType = sourcecode.swift; path = ItemDTO.swift; sourceTree = "<group>"; };
		90DD8C2826F936E60079424A /* MobileNet.mlmodel */ = {isa = PBXFileReference; lastKnownFileType = file.mlmodel; path = MobileNet.mlmodel; sourceTree = "<group>"; };
		90DD8C2B26F95A1B0079424A /* EditPhotoView.swift */ = {isa = PBXFileReference; lastKnownFileType = sourcecode.swift; path = EditPhotoView.swift; sourceTree = "<group>"; };
		90DE25532707AD4C0030AEFF /* ImagePaster.swift */ = {isa = PBXFileReference; lastKnownFileType = sourcecode.swift; path = ImagePaster.swift; sourceTree = "<group>"; };
		90E238DC270659C600E03624 /* SelectImageButton.swift */ = {isa = PBXFileReference; lastKnownFileType = sourcecode.swift; path = SelectImageButton.swift; sourceTree = "<group>"; };
		90E238DE27065CCC00E03624 /* PhotoAlertView.swift */ = {isa = PBXFileReference; lastKnownFileType = sourcecode.swift; path = PhotoAlertView.swift; sourceTree = "<group>"; };
		90E238E12706794200E03624 /* ItemsView.swift */ = {isa = PBXFileReference; lastKnownFileType = sourcecode.swift; path = ItemsView.swift; sourceTree = "<group>"; };
		90E2EA9526F402150014A8C6 /* ImagePickerView.swift */ = {isa = PBXFileReference; lastKnownFileType = sourcecode.swift; path = ImagePickerView.swift; sourceTree = "<group>"; };
		90E2EA9826F402940014A8C6 /* AddPhotoView.swift */ = {isa = PBXFileReference; lastKnownFileType = sourcecode.swift; path = AddPhotoView.swift; sourceTree = "<group>"; };
		90F3B6AA26FFEA2900C4859D /* ItemProperty.swift */ = {isa = PBXFileReference; lastKnownFileType = sourcecode.swift; path = ItemProperty.swift; sourceTree = "<group>"; };
/* End PBXFileReference section */

/* Begin PBXFrameworksBuildPhase section */
		900DDBC526E036CA0034A155 /* Frameworks */ = {
			isa = PBXFrameworksBuildPhase;
			buildActionMask = 2147483647;
			files = (
				9089734326FBFFEA005A03A8 /* SDWebImageWebPCoder in Frameworks */,
				90884D2126E180E400D01A55 /* CloudKit.framework in Frameworks */,
			);
			runOnlyForDeploymentPostprocessing = 0;
		};
		900DDBCD26E036CB0034A155 /* Frameworks */ = {
			isa = PBXFrameworksBuildPhase;
			buildActionMask = 2147483647;
			files = (
				9089734526FBFFF5005A03A8 /* SDWebImageWebPCoder in Frameworks */,
				90884D1E26E180C000D01A55 /* CloudKit.framework in Frameworks */,
			);
			runOnlyForDeploymentPostprocessing = 0;
		};
		900DDBD526E036CB0034A155 /* Frameworks */ = {
			isa = PBXFrameworksBuildPhase;
			buildActionMask = 2147483647;
			files = (
			);
			runOnlyForDeploymentPostprocessing = 0;
		};
		900DDBE026E036CB0034A155 /* Frameworks */ = {
			isa = PBXFrameworksBuildPhase;
			buildActionMask = 2147483647;
			files = (
			);
			runOnlyForDeploymentPostprocessing = 0;
		};
/* End PBXFrameworksBuildPhase section */

/* Begin PBXGroup section */
		900DDBB826E036C90034A155 = {
			isa = PBXGroup;
			children = (
				90884D1F26E180E100D01A55 /* Belongings.entitlements */,
				900DDBBD26E036C90034A155 /* Shared */,
				900DDBCA26E036CA0034A155 /* iOS */,
				900DDBD126E036CB0034A155 /* macOS */,
				900DDBDB26E036CB0034A155 /* Tests iOS */,
				900DDBE626E036CB0034A155 /* Tests macOS */,
				900DDBC926E036CA0034A155 /* Products */,
				90884D1C26E180C000D01A55 /* Frameworks */,
			);
			sourceTree = "<group>";
		};
		900DDBBD26E036C90034A155 /* Shared */ = {
			isa = PBXGroup;
			children = (
				90D3F23026EA593B00955316 /* ViewModels */,
				90596B8426E6ACC30001CCA5 /* Views */,
				900DDBC026E036C90034A155 /* BelongingsApp.swift */,
				900DDBC126E036C90034A155 /* ContentView.swift */,
				900DDBC226E036C90034A155 /* Persistence.swift */,
				900DDBC326E036CA0034A155 /* Assets.xcassets */,
				900DDBBE26E036C90034A155 /* Belongings.xcdatamodeld */,
			);
			path = Shared;
			sourceTree = "<group>";
		};
		900DDBC926E036CA0034A155 /* Products */ = {
			isa = PBXGroup;
			children = (
				900DDBC826E036CA0034A155 /* Belongings Organizer.app */,
				900DDBD026E036CB0034A155 /* Belongings Organizer.app */,
				900DDBD826E036CB0034A155 /* Tests iOS.xctest */,
				900DDBE326E036CB0034A155 /* Tests macOS.xctest */,
			);
			name = Products;
			sourceTree = "<group>";
		};
		900DDBCA26E036CA0034A155 /* iOS */ = {
			isa = PBXGroup;
			children = (
				90E238D82706553F00E03624 /* Views */,
				900DDBCB26E036CA0034A155 /* Info.plist */,
			);
			path = iOS;
			sourceTree = "<group>";
		};
		900DDBD126E036CB0034A155 /* macOS */ = {
			isa = PBXGroup;
			children = (
				90E238DA2706573900E03624 /* Views */,
				900DDBD226E036CB0034A155 /* Info.plist */,
				900DDBD326E036CB0034A155 /* macOS.entitlements */,
			);
			path = macOS;
			sourceTree = "<group>";
		};
		900DDBDB26E036CB0034A155 /* Tests iOS */ = {
			isa = PBXGroup;
			children = (
				900DDBDC26E036CB0034A155 /* Tests_iOS.swift */,
				900DDBDE26E036CB0034A155 /* Info.plist */,
			);
			path = "Tests iOS";
			sourceTree = "<group>";
		};
		900DDBE626E036CB0034A155 /* Tests macOS */ = {
			isa = PBXGroup;
			children = (
				900DDBE726E036CB0034A155 /* Tests_macOS.swift */,
				900DDBE926E036CB0034A155 /* Info.plist */,
			);
			path = "Tests macOS";
			sourceTree = "<group>";
		};
		904498DF26EBD2F500002A6F /* Text */ = {
			isa = PBXGroup;
			children = (
				904498E026EBD30500002A6F /* NothingSelectedText.swift */,
				90CF0CF52730A1C300E93917 /* SectionTitleView.swift */,
			);
			path = Text;
			sourceTree = "<group>";
		};
		90596B8426E6ACC30001CCA5 /* Views */ = {
			isa = PBXGroup;
			children = (
				90CB46B226ED486400A9468B /* Details */,
				90CB46B126ED484900A9468B /* List */,
				90CB46B026ED483E00A9468B /* Choose */,
				90CB46AF26ED482300A9468B /* Add */,
				904498DF26EBD2F500002A6F /* Text */,
				904498E326EBD7A800002A6F /* SheetBottom.swift */,
				90CB46B626ED6A1900A9468B /* FilterItemsView.swift */,
				906EA8A026F7EFF300235302 /* EditDateView.swift */,
			);
			path = Views;
			sourceTree = "<group>";
		};
		90884D1C26E180C000D01A55 /* Frameworks */ = {
			isa = PBXGroup;
			children = (
				90884D2026E180E400D01A55 /* CloudKit.framework */,
				90884D1D26E180C000D01A55 /* CloudKit.framework */,
			);
			name = Frameworks;
			sourceTree = "<group>";
		};
		90CB46AF26ED482300A9468B /* Add */ = {
			isa = PBXGroup;
			children = (
				90C0D98A26E7DEF600158C85 /* AddItemView.swift */,
				90596B8526E6ACD20001CCA5 /* AddKindView.swift */,
				9072232F26E93A0500965653 /* AddBrandView.swift */,
				9072233526E93CE800965653 /* AddSellerView.swift */,
			);
			path = Add;
			sourceTree = "<group>";
		};
		90CB46B026ED483E00A9468B /* Choose */ = {
			isa = PBXGroup;
			children = (
				90C0D98D26E8001700158C85 /* ChooseKindView.swift */,
				9072232C26E9352700965653 /* ChooseBrandView.swift */,
				9072233226E93CDC00965653 /* ChooseSellerView.swift */,
				904498DC26EBBB2500002A6F /* ChooseCurrencyView.swift */,
			);
			path = Choose;
			sourceTree = "<group>";
		};
		90CB46B126ED484900A9468B /* List */ = {
			isa = PBXGroup;
			children = (
				904498E626EBDEDB00002A6F /* ItemListView.swift */,
				904498E926EBF70600002A6F /* KindListView.swift */,
				90CB46A626ED3CB600A9468B /* BrandListView.swift */,
				90CB46A926ED3F0F00A9468B /* SellerListView.swift */,
			);
			path = List;
			sourceTree = "<group>";
		};
		90CB46B226ED486400A9468B /* Details */ = {
			isa = PBXGroup;
			children = (
				90CB46AC26ED43AD00A9468B /* ItemDetailView.swift */,
				90B23E6526EE901900B29063 /* KindDetailView.swift */,
				90C172D126F13EC200244A9C /* BrandDetailView.swift */,
				90C172D426F13FAF00244A9C /* SellerDetailView.swift */,
				9089734926FD3B3F005A03A8 /* ItemSummaryView.swift */,
				90E238E12706794200E03624 /* ItemsView.swift */,
			);
			path = Details;
			sourceTree = "<group>";
		};
		90D3F23026EA593B00955316 /* ViewModels */ = {
			isa = PBXGroup;
			children = (
				906CE2EA26FA970100DC12C3 /* AddItemViewModel.swift */,
				90D3F23126EA594E00955316 /* BelongingsViewModel.swift */,
				90D3F23426EA5B3400955316 /* Entities.swift */,
				90D3F23726EA7F7E00955316 /* SellerDTO.swift */,
				90D3F23926EA7FE000955316 /* BrandDTO.swift */,
				90D3F23B26EA801F00955316 /* KindDTO.swift */,
				90D3F23D26EA804E00955316 /* ItemDTO.swift */,
				90DD8C2826F936E60079424A /* MobileNet.mlmodel */,
				90F3B6AA26FFEA2900C4859D /* ItemProperty.swift */,
				9089734626FD10CC005A03A8 /* URLValidator.swift */,
				90CD27EC270908A1001A89B5 /* ImageType.swift */,
			);
			path = ViewModels;
			sourceTree = "<group>";
		};
		90E238D82706553F00E03624 /* Views */ = {
			isa = PBXGroup;
			children = (
				90E238D92706554900E03624 /* Photo */,
			);
			path = Views;
			sourceTree = "<group>";
		};
		90E238D92706554900E03624 /* Photo */ = {
			isa = PBXGroup;
			children = (
				90E2EA9826F402940014A8C6 /* AddPhotoView.swift */,
				90DD8C2B26F95A1B0079424A /* EditPhotoView.swift */,
				90DE25532707AD4C0030AEFF /* ImagePaster.swift */,
				90E2EA9526F402150014A8C6 /* ImagePickerView.swift */,
				90CB778C27025BB6008CDBC6 /* PHPickerView.swift */,
				90E238DE27065CCC00E03624 /* PhotoAlertView.swift */,
			);
			path = Photo;
			sourceTree = "<group>";
		};
		90E238DA2706573900E03624 /* Views */ = {
			isa = PBXGroup;
			children = (
				90E238DB2706574300E03624 /* Photo */,
			);
			path = Views;
			sourceTree = "<group>";
		};
		90E238DB2706574300E03624 /* Photo */ = {
			isa = PBXGroup;
			children = (
				906CE2E726FA871900DC12C3 /* AddPhotoView.swift */,
				90B46BC62700F53E00BEED75 /* EditPhotoView.swift */,
				90CD27EF270908D3001A89B5 /* ImagePaster.swift */,
				90E238DC270659C600E03624 /* SelectImageButton.swift */,
			);
			path = Photo;
			sourceTree = "<group>";
		};
/* End PBXGroup section */

/* Begin PBXNativeTarget section */
		900DDBC726E036CA0034A155 /* Belongings Organizer (iOS) */ = {
			isa = PBXNativeTarget;
			buildConfigurationList = 900DDBF626E036CB0034A155 /* Build configuration list for PBXNativeTarget "Belongings Organizer (iOS)" */;
			buildPhases = (
				900DDBC426E036CA0034A155 /* Sources */,
				900DDBC526E036CA0034A155 /* Frameworks */,
				900DDBC626E036CA0034A155 /* Resources */,
			);
			buildRules = (
			);
			dependencies = (
			);
			name = "Belongings Organizer (iOS)";
			packageProductDependencies = (
				9089734226FBFFEA005A03A8 /* SDWebImageWebPCoder */,
			);
			productName = "Belongings (iOS)";
			productReference = 900DDBC826E036CA0034A155 /* Belongings Organizer.app */;
			productType = "com.apple.product-type.application";
		};
		900DDBCF26E036CB0034A155 /* Belongings Organizer (macOS) */ = {
			isa = PBXNativeTarget;
			buildConfigurationList = 900DDBF926E036CB0034A155 /* Build configuration list for PBXNativeTarget "Belongings Organizer (macOS)" */;
			buildPhases = (
				900DDBCC26E036CB0034A155 /* Sources */,
				900DDBCD26E036CB0034A155 /* Frameworks */,
				900DDBCE26E036CB0034A155 /* Resources */,
			);
			buildRules = (
			);
			dependencies = (
			);
			name = "Belongings Organizer (macOS)";
			packageProductDependencies = (
				9089734426FBFFF5005A03A8 /* SDWebImageWebPCoder */,
			);
			productName = "Belongings (macOS)";
			productReference = 900DDBD026E036CB0034A155 /* Belongings Organizer.app */;
			productType = "com.apple.product-type.application";
		};
		900DDBD726E036CB0034A155 /* Tests iOS */ = {
			isa = PBXNativeTarget;
			buildConfigurationList = 900DDBFC26E036CB0034A155 /* Build configuration list for PBXNativeTarget "Tests iOS" */;
			buildPhases = (
				900DDBD426E036CB0034A155 /* Sources */,
				900DDBD526E036CB0034A155 /* Frameworks */,
				900DDBD626E036CB0034A155 /* Resources */,
			);
			buildRules = (
			);
			dependencies = (
				900DDBDA26E036CB0034A155 /* PBXTargetDependency */,
			);
			name = "Tests iOS";
			productName = "Tests iOS";
			productReference = 900DDBD826E036CB0034A155 /* Tests iOS.xctest */;
			productType = "com.apple.product-type.bundle.ui-testing";
		};
		900DDBE226E036CB0034A155 /* Tests macOS */ = {
			isa = PBXNativeTarget;
			buildConfigurationList = 900DDBFF26E036CB0034A155 /* Build configuration list for PBXNativeTarget "Tests macOS" */;
			buildPhases = (
				900DDBDF26E036CB0034A155 /* Sources */,
				900DDBE026E036CB0034A155 /* Frameworks */,
				900DDBE126E036CB0034A155 /* Resources */,
			);
			buildRules = (
			);
			dependencies = (
				900DDBE526E036CB0034A155 /* PBXTargetDependency */,
			);
			name = "Tests macOS";
			productName = "Tests macOS";
			productReference = 900DDBE326E036CB0034A155 /* Tests macOS.xctest */;
			productType = "com.apple.product-type.bundle.ui-testing";
		};
/* End PBXNativeTarget section */

/* Begin PBXProject section */
		900DDBB926E036C90034A155 /* Project object */ = {
			isa = PBXProject;
			attributes = {
				LastSwiftUpdateCheck = 1250;
				LastUpgradeCheck = 1300;
				TargetAttributes = {
					900DDBC726E036CA0034A155 = {
						CreatedOnToolsVersion = 12.5.1;
					};
					900DDBCF26E036CB0034A155 = {
						CreatedOnToolsVersion = 12.5.1;
					};
					900DDBD726E036CB0034A155 = {
						CreatedOnToolsVersion = 12.5.1;
						TestTargetID = 900DDBC726E036CA0034A155;
					};
					900DDBE226E036CB0034A155 = {
						CreatedOnToolsVersion = 12.5.1;
						TestTargetID = 900DDBCF26E036CB0034A155;
					};
				};
			};
			buildConfigurationList = 900DDBBC26E036C90034A155 /* Build configuration list for PBXProject "Belongings Organizer" */;
			compatibilityVersion = "Xcode 9.3";
			developmentRegion = en;
			hasScannedForEncodings = 0;
			knownRegions = (
				en,
				Base,
			);
			mainGroup = 900DDBB826E036C90034A155;
			packageReferences = (
				9089734126FBFFEA005A03A8 /* XCRemoteSwiftPackageReference "SDWebImageWebPCoder" */,
			);
			productRefGroup = 900DDBC926E036CA0034A155 /* Products */;
			projectDirPath = "";
			projectRoot = "";
			targets = (
				900DDBC726E036CA0034A155 /* Belongings Organizer (iOS) */,
				900DDBCF26E036CB0034A155 /* Belongings Organizer (macOS) */,
				900DDBD726E036CB0034A155 /* Tests iOS */,
				900DDBE226E036CB0034A155 /* Tests macOS */,
			);
		};
/* End PBXProject section */

/* Begin PBXResourcesBuildPhase section */
		900DDBC626E036CA0034A155 /* Resources */ = {
			isa = PBXResourcesBuildPhase;
			buildActionMask = 2147483647;
			files = (
				900DDBF226E036CB0034A155 /* Assets.xcassets in Resources */,
			);
			runOnlyForDeploymentPostprocessing = 0;
		};
		900DDBCE26E036CB0034A155 /* Resources */ = {
			isa = PBXResourcesBuildPhase;
			buildActionMask = 2147483647;
			files = (
				900DDBF326E036CB0034A155 /* Assets.xcassets in Resources */,
			);
			runOnlyForDeploymentPostprocessing = 0;
		};
		900DDBD626E036CB0034A155 /* Resources */ = {
			isa = PBXResourcesBuildPhase;
			buildActionMask = 2147483647;
			files = (
			);
			runOnlyForDeploymentPostprocessing = 0;
		};
		900DDBE126E036CB0034A155 /* Resources */ = {
			isa = PBXResourcesBuildPhase;
			buildActionMask = 2147483647;
			files = (
			);
			runOnlyForDeploymentPostprocessing = 0;
		};
/* End PBXResourcesBuildPhase section */

/* Begin PBXSourcesBuildPhase section */
		900DDBC426E036CA0034A155 /* Sources */ = {
			isa = PBXSourcesBuildPhase;
			buildActionMask = 2147483647;
			files = (
				904498E126EBD30500002A6F /* NothingSelectedText.swift in Sources */,
				90D3F23E26EA804E00955316 /* ItemDTO.swift in Sources */,
				90CB778D27025BB6008CDBC6 /* PHPickerView.swift in Sources */,
				90D3F23226EA594E00955316 /* BelongingsViewModel.swift in Sources */,
				9072232D26E9352700965653 /* ChooseBrandView.swift in Sources */,
				90E2EA9626F402150014A8C6 /* ImagePickerView.swift in Sources */,
				904498EA26EBF70600002A6F /* KindListView.swift in Sources */,
				90CF0CF62730A1C300E93917 /* SectionTitleView.swift in Sources */,
				90CB46B726ED6A1900A9468B /* FilterItemsView.swift in Sources */,
				90DE25542707AD4C0030AEFF /* ImagePaster.swift in Sources */,
				90C0D98B26E7DEF600158C85 /* AddItemView.swift in Sources */,
				90DD8C2926F936E60079424A /* MobileNet.mlmodel in Sources */,
				9089734726FD10CC005A03A8 /* URLValidator.swift in Sources */,
				9072233026E93A0500965653 /* AddBrandView.swift in Sources */,
				904498E426EBD7A800002A6F /* SheetBottom.swift in Sources */,
				900DDBEA26E036CB0034A155 /* Belongings.xcdatamodeld in Sources */,
				904498DD26EBBB2500002A6F /* ChooseCurrencyView.swift in Sources */,
				906EA8A126F7EFF300235302 /* EditDateView.swift in Sources */,
				90F3B6AB26FFEA2900C4859D /* ItemProperty.swift in Sources */,
				90D3F23C26EA801F00955316 /* KindDTO.swift in Sources */,
				90D3F23526EA5B3400955316 /* Entities.swift in Sources */,
				90CD27ED270908A1001A89B5 /* ImageType.swift in Sources */,
				90C0D98E26E8001700158C85 /* ChooseKindView.swift in Sources */,
				90DD8C2C26F95A1B0079424A /* EditPhotoView.swift in Sources */,
				900DDBF026E036CB0034A155 /* Persistence.swift in Sources */,
				904498E726EBDEDB00002A6F /* ItemListView.swift in Sources */,
				9072233626E93CE800965653 /* AddSellerView.swift in Sources */,
				9072233326E93CDC00965653 /* ChooseSellerView.swift in Sources */,
				90B23E6626EE901900B29063 /* KindDetailView.swift in Sources */,
				9089734A26FD3B3F005A03A8 /* ItemSummaryView.swift in Sources */,
				90E238E32706799D00E03624 /* ItemsView.swift in Sources */,
				90D3F23826EA7F7E00955316 /* SellerDTO.swift in Sources */,
				906CE2EB26FA970100DC12C3 /* AddItemViewModel.swift in Sources */,
				90C172D526F13FAF00244A9C /* SellerDetailView.swift in Sources */,
				90E2EA9926F402940014A8C6 /* AddPhotoView.swift in Sources */,
				900DDBEC26E036CB0034A155 /* BelongingsApp.swift in Sources */,
				900DDBEE26E036CB0034A155 /* ContentView.swift in Sources */,
				90C172D226F13EC200244A9C /* BrandDetailView.swift in Sources */,
				90CB46AD26ED43AD00A9468B /* ItemDetailView.swift in Sources */,
				90596B8626E6ACD20001CCA5 /* AddKindView.swift in Sources */,
				90E238E027065D5300E03624 /* PhotoAlertView.swift in Sources */,
				90CB46AA26ED3F0F00A9468B /* SellerListView.swift in Sources */,
				90D3F23A26EA7FE000955316 /* BrandDTO.swift in Sources */,
				90CB46A726ED3CB600A9468B /* BrandListView.swift in Sources */,
			);
			runOnlyForDeploymentPostprocessing = 0;
		};
		900DDBCC26E036CB0034A155 /* Sources */ = {
			isa = PBXSourcesBuildPhase;
			buildActionMask = 2147483647;
			files = (
				904498E226EBD30500002A6F /* NothingSelectedText.swift in Sources */,
				90D3F24226EA8CE300955316 /* ItemDTO.swift in Sources */,
				90D3F23326EA599D00955316 /* BelongingsViewModel.swift in Sources */,
				9072232E26E9352700965653 /* ChooseBrandView.swift in Sources */,
				904498EB26EBF70600002A6F /* KindListView.swift in Sources */,
				90CB46B826ED6A1900A9468B /* FilterItemsView.swift in Sources */,
				90CD27F1270908D3001A89B5 /* ImagePaster.swift in Sources */,
				90E238DD270659C600E03624 /* SelectImageButton.swift in Sources */,
				90C0D98C26E7DEF600158C85 /* AddItemView.swift in Sources */,
				9072233126E93A0500965653 /* AddBrandView.swift in Sources */,
				90DD8C2A26F936E60079424A /* MobileNet.mlmodel in Sources */,
				90F3B6AC26FFEA2900C4859D /* ItemProperty.swift in Sources */,
				906CE2E926FA871900DC12C3 /* AddPhotoView.swift in Sources */,
				904498E526EBD7A800002A6F /* SheetBottom.swift in Sources */,
				900DDBEB26E036CB0034A155 /* Belongings.xcdatamodeld in Sources */,
				9089734B26FD3B3F005A03A8 /* ItemSummaryView.swift in Sources */,
				904498DE26EBBB2500002A6F /* ChooseCurrencyView.swift in Sources */,
				90D3F24126EA8CE100955316 /* KindDTO.swift in Sources */,
				9089734826FD10CC005A03A8 /* URLValidator.swift in Sources */,
				90D3F23626EA5C4000955316 /* Entities.swift in Sources */,
				90E238E22706794200E03624 /* ItemsView.swift in Sources */,
				90C0D98F26E8001700158C85 /* ChooseKindView.swift in Sources */,
				900DDBF126E036CB0034A155 /* Persistence.swift in Sources */,
				904498E826EBDEDB00002A6F /* ItemListView.swift in Sources */,
				9072233726E93CE800965653 /* AddSellerView.swift in Sources */,
				9072233426E93CDC00965653 /* ChooseSellerView.swift in Sources */,
				90B23E6726EE901900B29063 /* KindDetailView.swift in Sources */,
				906EA8A226F7EFF300235302 /* EditDateView.swift in Sources */,
				90CD27EE270908A1001A89B5 /* ImageType.swift in Sources */,
				90D3F23F26EA8CDC00955316 /* SellerDTO.swift in Sources */,
				90B46BC82700F53E00BEED75 /* EditPhotoView.swift in Sources */,
				90C172D626F13FAF00244A9C /* SellerDetailView.swift in Sources */,
				906CE2EC26FA970100DC12C3 /* AddItemViewModel.swift in Sources */,
				900DDBED26E036CB0034A155 /* BelongingsApp.swift in Sources */,
				900DDBEF26E036CB0034A155 /* ContentView.swift in Sources */,
				90C172D326F13EC200244A9C /* BrandDetailView.swift in Sources */,
				90CB46AE26ED43AD00A9468B /* ItemDetailView.swift in Sources */,
				90C0D98926E7D08200158C85 /* AddKindView.swift in Sources */,
				90CB46AB26ED3F0F00A9468B /* SellerListView.swift in Sources */,
				90D3F24026EA8CDE00955316 /* BrandDTO.swift in Sources */,
				90CB46A826ED3CB600A9468B /* BrandListView.swift in Sources */,
				90CF0CF72730A1C300E93917 /* SectionTitleView.swift in Sources */,
			);
			runOnlyForDeploymentPostprocessing = 0;
		};
		900DDBD426E036CB0034A155 /* Sources */ = {
			isa = PBXSourcesBuildPhase;
			buildActionMask = 2147483647;
			files = (
				900DDBDD26E036CB0034A155 /* Tests_iOS.swift in Sources */,
			);
			runOnlyForDeploymentPostprocessing = 0;
		};
		900DDBDF26E036CB0034A155 /* Sources */ = {
			isa = PBXSourcesBuildPhase;
			buildActionMask = 2147483647;
			files = (
				900DDBE826E036CB0034A155 /* Tests_macOS.swift in Sources */,
			);
			runOnlyForDeploymentPostprocessing = 0;
		};
/* End PBXSourcesBuildPhase section */

/* Begin PBXTargetDependency section */
		900DDBDA26E036CB0034A155 /* PBXTargetDependency */ = {
			isa = PBXTargetDependency;
			target = 900DDBC726E036CA0034A155 /* Belongings Organizer (iOS) */;
			targetProxy = 900DDBD926E036CB0034A155 /* PBXContainerItemProxy */;
		};
		900DDBE526E036CB0034A155 /* PBXTargetDependency */ = {
			isa = PBXTargetDependency;
			target = 900DDBCF26E036CB0034A155 /* Belongings Organizer (macOS) */;
			targetProxy = 900DDBE426E036CB0034A155 /* PBXContainerItemProxy */;
		};
/* End PBXTargetDependency section */

/* Begin XCBuildConfiguration section */
		900DDBF426E036CB0034A155 /* Debug */ = {
			isa = XCBuildConfiguration;
			buildSettings = {
				ALWAYS_SEARCH_USER_PATHS = NO;
				CLANG_ANALYZER_NONNULL = YES;
				CLANG_ANALYZER_NUMBER_OBJECT_CONVERSION = YES_AGGRESSIVE;
				CLANG_CXX_LANGUAGE_STANDARD = "gnu++14";
				CLANG_CXX_LIBRARY = "libc++";
				CLANG_ENABLE_MODULES = YES;
				CLANG_ENABLE_OBJC_ARC = YES;
				CLANG_ENABLE_OBJC_WEAK = YES;
				CLANG_WARN_BLOCK_CAPTURE_AUTORELEASING = YES;
				CLANG_WARN_BOOL_CONVERSION = YES;
				CLANG_WARN_COMMA = YES;
				CLANG_WARN_CONSTANT_CONVERSION = YES;
				CLANG_WARN_DEPRECATED_OBJC_IMPLEMENTATIONS = YES;
				CLANG_WARN_DIRECT_OBJC_ISA_USAGE = YES_ERROR;
				CLANG_WARN_DOCUMENTATION_COMMENTS = YES;
				CLANG_WARN_EMPTY_BODY = YES;
				CLANG_WARN_ENUM_CONVERSION = YES;
				CLANG_WARN_INFINITE_RECURSION = YES;
				CLANG_WARN_INT_CONVERSION = YES;
				CLANG_WARN_NON_LITERAL_NULL_CONVERSION = YES;
				CLANG_WARN_OBJC_IMPLICIT_RETAIN_SELF = YES;
				CLANG_WARN_OBJC_LITERAL_CONVERSION = YES;
				CLANG_WARN_OBJC_ROOT_CLASS = YES_ERROR;
				CLANG_WARN_QUOTED_INCLUDE_IN_FRAMEWORK_HEADER = YES;
				CLANG_WARN_RANGE_LOOP_ANALYSIS = YES;
				CLANG_WARN_STRICT_PROTOTYPES = YES;
				CLANG_WARN_SUSPICIOUS_MOVE = YES;
				CLANG_WARN_UNGUARDED_AVAILABILITY = YES_AGGRESSIVE;
				CLANG_WARN_UNREACHABLE_CODE = YES;
				CLANG_WARN__DUPLICATE_METHOD_MATCH = YES;
				COPY_PHASE_STRIP = NO;
				DEBUG_INFORMATION_FORMAT = dwarf;
				ENABLE_STRICT_OBJC_MSGSEND = YES;
				ENABLE_TESTABILITY = YES;
				GCC_C_LANGUAGE_STANDARD = gnu11;
				GCC_DYNAMIC_NO_PIC = NO;
				GCC_NO_COMMON_BLOCKS = YES;
				GCC_OPTIMIZATION_LEVEL = 0;
				GCC_PREPROCESSOR_DEFINITIONS = (
					"DEBUG=1",
					"$(inherited)",
				);
				GCC_WARN_64_TO_32_BIT_CONVERSION = YES;
				GCC_WARN_ABOUT_RETURN_TYPE = YES_ERROR;
				GCC_WARN_UNDECLARED_SELECTOR = YES;
				GCC_WARN_UNINITIALIZED_AUTOS = YES_AGGRESSIVE;
				GCC_WARN_UNUSED_FUNCTION = YES;
				GCC_WARN_UNUSED_VARIABLE = YES;
				MTL_ENABLE_DEBUG_INFO = INCLUDE_SOURCE;
				MTL_FAST_MATH = YES;
				ONLY_ACTIVE_ARCH = YES;
				SWIFT_ACTIVE_COMPILATION_CONDITIONS = DEBUG;
				SWIFT_OPTIMIZATION_LEVEL = "-Onone";
			};
			name = Debug;
		};
		900DDBF526E036CB0034A155 /* Release */ = {
			isa = XCBuildConfiguration;
			buildSettings = {
				ALWAYS_SEARCH_USER_PATHS = NO;
				CLANG_ANALYZER_NONNULL = YES;
				CLANG_ANALYZER_NUMBER_OBJECT_CONVERSION = YES_AGGRESSIVE;
				CLANG_CXX_LANGUAGE_STANDARD = "gnu++14";
				CLANG_CXX_LIBRARY = "libc++";
				CLANG_ENABLE_MODULES = YES;
				CLANG_ENABLE_OBJC_ARC = YES;
				CLANG_ENABLE_OBJC_WEAK = YES;
				CLANG_WARN_BLOCK_CAPTURE_AUTORELEASING = YES;
				CLANG_WARN_BOOL_CONVERSION = YES;
				CLANG_WARN_COMMA = YES;
				CLANG_WARN_CONSTANT_CONVERSION = YES;
				CLANG_WARN_DEPRECATED_OBJC_IMPLEMENTATIONS = YES;
				CLANG_WARN_DIRECT_OBJC_ISA_USAGE = YES_ERROR;
				CLANG_WARN_DOCUMENTATION_COMMENTS = YES;
				CLANG_WARN_EMPTY_BODY = YES;
				CLANG_WARN_ENUM_CONVERSION = YES;
				CLANG_WARN_INFINITE_RECURSION = YES;
				CLANG_WARN_INT_CONVERSION = YES;
				CLANG_WARN_NON_LITERAL_NULL_CONVERSION = YES;
				CLANG_WARN_OBJC_IMPLICIT_RETAIN_SELF = YES;
				CLANG_WARN_OBJC_LITERAL_CONVERSION = YES;
				CLANG_WARN_OBJC_ROOT_CLASS = YES_ERROR;
				CLANG_WARN_QUOTED_INCLUDE_IN_FRAMEWORK_HEADER = YES;
				CLANG_WARN_RANGE_LOOP_ANALYSIS = YES;
				CLANG_WARN_STRICT_PROTOTYPES = YES;
				CLANG_WARN_SUSPICIOUS_MOVE = YES;
				CLANG_WARN_UNGUARDED_AVAILABILITY = YES_AGGRESSIVE;
				CLANG_WARN_UNREACHABLE_CODE = YES;
				CLANG_WARN__DUPLICATE_METHOD_MATCH = YES;
				COPY_PHASE_STRIP = NO;
				DEBUG_INFORMATION_FORMAT = "dwarf-with-dsym";
				ENABLE_NS_ASSERTIONS = NO;
				ENABLE_STRICT_OBJC_MSGSEND = YES;
				GCC_C_LANGUAGE_STANDARD = gnu11;
				GCC_NO_COMMON_BLOCKS = YES;
				GCC_WARN_64_TO_32_BIT_CONVERSION = YES;
				GCC_WARN_ABOUT_RETURN_TYPE = YES_ERROR;
				GCC_WARN_UNDECLARED_SELECTOR = YES;
				GCC_WARN_UNINITIALIZED_AUTOS = YES_AGGRESSIVE;
				GCC_WARN_UNUSED_FUNCTION = YES;
				GCC_WARN_UNUSED_VARIABLE = YES;
				MTL_ENABLE_DEBUG_INFO = NO;
				MTL_FAST_MATH = YES;
				SWIFT_COMPILATION_MODE = wholemodule;
				SWIFT_OPTIMIZATION_LEVEL = "-O";
			};
			name = Release;
		};
		900DDBF726E036CB0034A155 /* Debug */ = {
			isa = XCBuildConfiguration;
			buildSettings = {
				ASSETCATALOG_COMPILER_APPICON_NAME = AppIcon;
				ASSETCATALOG_COMPILER_GLOBAL_ACCENT_COLOR_NAME = AccentColor;
				ASSETCATALOG_COMPILER_INCLUDE_ALL_APPICON_ASSETS = YES;
				CODE_SIGN_ENTITLEMENTS = Belongings.entitlements;
				CODE_SIGN_STYLE = Automatic;
				CURRENT_PROJECT_VERSION = 10;
				DEVELOPMENT_TEAM = U8VSJXRJTQ;
				ENABLE_PREVIEWS = YES;
				INFOPLIST_FILE = iOS/Info.plist;
				IPHONEOS_DEPLOYMENT_TARGET = 15.0;
				LD_RUNPATH_SEARCH_PATHS = (
					"$(inherited)",
					"@executable_path/Frameworks",
				);
				PRODUCT_BUNDLE_IDENTIFIER = com.resonance.jlee.Belongings;
				PRODUCT_NAME = "Belongings Organizer";
				SDKROOT = iphoneos;
				SWIFT_VERSION = 5.0;
				TARGETED_DEVICE_FAMILY = "1,2";
			};
			name = Debug;
		};
		900DDBF826E036CB0034A155 /* Release */ = {
			isa = XCBuildConfiguration;
			buildSettings = {
				ASSETCATALOG_COMPILER_APPICON_NAME = AppIcon;
				ASSETCATALOG_COMPILER_GLOBAL_ACCENT_COLOR_NAME = AccentColor;
				ASSETCATALOG_COMPILER_INCLUDE_ALL_APPICON_ASSETS = YES;
				CODE_SIGN_ENTITLEMENTS = Belongings.entitlements;
				CODE_SIGN_STYLE = Automatic;
				CURRENT_PROJECT_VERSION = 10;
				DEVELOPMENT_TEAM = U8VSJXRJTQ;
				ENABLE_PREVIEWS = YES;
				INFOPLIST_FILE = iOS/Info.plist;
				IPHONEOS_DEPLOYMENT_TARGET = 15.0;
				LD_RUNPATH_SEARCH_PATHS = (
					"$(inherited)",
					"@executable_path/Frameworks",
				);
				PRODUCT_BUNDLE_IDENTIFIER = com.resonance.jlee.Belongings;
				PRODUCT_NAME = "Belongings Organizer";
				SDKROOT = iphoneos;
				SWIFT_VERSION = 5.0;
				TARGETED_DEVICE_FAMILY = "1,2";
				VALIDATE_PRODUCT = YES;
			};
			name = Release;
		};
		900DDBFA26E036CB0034A155 /* Debug */ = {
			isa = XCBuildConfiguration;
			buildSettings = {
				ASSETCATALOG_COMPILER_APPICON_NAME = AppIcon;
				ASSETCATALOG_COMPILER_GLOBAL_ACCENT_COLOR_NAME = AccentColor;
				ASSETCATALOG_COMPILER_INCLUDE_ALL_APPICON_ASSETS = YES;
				CODE_SIGN_ENTITLEMENTS = macOS/macOS.entitlements;
				CODE_SIGN_IDENTITY = "Apple Development";
				CODE_SIGN_STYLE = Automatic;
				COMBINE_HIDPI_IMAGES = YES;
				CURRENT_PROJECT_VERSION = 4;
				DEVELOPMENT_TEAM = U8VSJXRJTQ;
				ENABLE_HARDENED_RUNTIME = YES;
				ENABLE_PREVIEWS = YES;
				INFOPLIST_FILE = macOS/Info.plist;
				LD_RUNPATH_SEARCH_PATHS = (
					"$(inherited)",
					"@executable_path/../Frameworks",
				);
				MACOSX_DEPLOYMENT_TARGET = 12.0;
				PRODUCT_BUNDLE_IDENTIFIER = com.resonance.jlee.Belongings;
				PRODUCT_NAME = "Belongings Organizer";
				SDKROOT = macosx;
				SWIFT_VERSION = 5.0;
			};
			name = Debug;
		};
		900DDBFB26E036CB0034A155 /* Release */ = {
			isa = XCBuildConfiguration;
			buildSettings = {
				ASSETCATALOG_COMPILER_APPICON_NAME = AppIcon;
				ASSETCATALOG_COMPILER_GLOBAL_ACCENT_COLOR_NAME = AccentColor;
				ASSETCATALOG_COMPILER_INCLUDE_ALL_APPICON_ASSETS = YES;
				CODE_SIGN_ENTITLEMENTS = macOS/macOS.entitlements;
				CODE_SIGN_IDENTITY = "Apple Development";
				CODE_SIGN_STYLE = Automatic;
				COMBINE_HIDPI_IMAGES = YES;
				CURRENT_PROJECT_VERSION = 4;
				DEVELOPMENT_TEAM = U8VSJXRJTQ;
				ENABLE_HARDENED_RUNTIME = YES;
				ENABLE_PREVIEWS = YES;
				INFOPLIST_FILE = macOS/Info.plist;
				LD_RUNPATH_SEARCH_PATHS = (
					"$(inherited)",
					"@executable_path/../Frameworks",
				);
				MACOSX_DEPLOYMENT_TARGET = 12.0;
				PRODUCT_BUNDLE_IDENTIFIER = com.resonance.jlee.Belongings;
				PRODUCT_NAME = "Belongings Organizer";
				SDKROOT = macosx;
				SWIFT_VERSION = 5.0;
			};
			name = Release;
		};
		900DDBFD26E036CB0034A155 /* Debug */ = {
			isa = XCBuildConfiguration;
			buildSettings = {
				ALWAYS_EMBED_SWIFT_STANDARD_LIBRARIES = YES;
				CODE_SIGN_STYLE = Automatic;
				DEVELOPMENT_TEAM = U8VSJXRJTQ;
				INFOPLIST_FILE = "Tests iOS/Info.plist";
				IPHONEOS_DEPLOYMENT_TARGET = 14.5;
				LD_RUNPATH_SEARCH_PATHS = (
					"$(inherited)",
					"@executable_path/Frameworks",
					"@loader_path/Frameworks",
				);
				PRODUCT_BUNDLE_IDENTIFIER = "com.resonance.jlee.Tests-iOS";
				PRODUCT_NAME = "$(TARGET_NAME)";
				SDKROOT = iphoneos;
				SWIFT_VERSION = 5.0;
				TARGETED_DEVICE_FAMILY = "1,2";
				TEST_TARGET_NAME = "Belongings (iOS)";
			};
			name = Debug;
		};
		900DDBFE26E036CB0034A155 /* Release */ = {
			isa = XCBuildConfiguration;
			buildSettings = {
				ALWAYS_EMBED_SWIFT_STANDARD_LIBRARIES = YES;
				CODE_SIGN_STYLE = Automatic;
				DEVELOPMENT_TEAM = U8VSJXRJTQ;
				INFOPLIST_FILE = "Tests iOS/Info.plist";
				IPHONEOS_DEPLOYMENT_TARGET = 14.5;
				LD_RUNPATH_SEARCH_PATHS = (
					"$(inherited)",
					"@executable_path/Frameworks",
					"@loader_path/Frameworks",
				);
				PRODUCT_BUNDLE_IDENTIFIER = "com.resonance.jlee.Tests-iOS";
				PRODUCT_NAME = "$(TARGET_NAME)";
				SDKROOT = iphoneos;
				SWIFT_VERSION = 5.0;
				TARGETED_DEVICE_FAMILY = "1,2";
				TEST_TARGET_NAME = "Belongings (iOS)";
				VALIDATE_PRODUCT = YES;
			};
			name = Release;
		};
		900DDC0026E036CB0034A155 /* Debug */ = {
			isa = XCBuildConfiguration;
			buildSettings = {
				ALWAYS_EMBED_SWIFT_STANDARD_LIBRARIES = YES;
				CODE_SIGN_STYLE = Automatic;
				COMBINE_HIDPI_IMAGES = YES;
				DEVELOPMENT_TEAM = U8VSJXRJTQ;
				INFOPLIST_FILE = "Tests macOS/Info.plist";
				LD_RUNPATH_SEARCH_PATHS = (
					"$(inherited)",
					"@executable_path/../Frameworks",
					"@loader_path/../Frameworks",
				);
				MACOSX_DEPLOYMENT_TARGET = 11.3;
				PRODUCT_BUNDLE_IDENTIFIER = "com.resonance.jlee.Tests-macOS";
				PRODUCT_NAME = "$(TARGET_NAME)";
				SDKROOT = macosx;
				SWIFT_VERSION = 5.0;
				TEST_TARGET_NAME = "Belongings (macOS)";
			};
			name = Debug;
		};
		900DDC0126E036CB0034A155 /* Release */ = {
			isa = XCBuildConfiguration;
			buildSettings = {
				ALWAYS_EMBED_SWIFT_STANDARD_LIBRARIES = YES;
				CODE_SIGN_STYLE = Automatic;
				COMBINE_HIDPI_IMAGES = YES;
				DEVELOPMENT_TEAM = U8VSJXRJTQ;
				INFOPLIST_FILE = "Tests macOS/Info.plist";
				LD_RUNPATH_SEARCH_PATHS = (
					"$(inherited)",
					"@executable_path/../Frameworks",
					"@loader_path/../Frameworks",
				);
				MACOSX_DEPLOYMENT_TARGET = 11.3;
				PRODUCT_BUNDLE_IDENTIFIER = "com.resonance.jlee.Tests-macOS";
				PRODUCT_NAME = "$(TARGET_NAME)";
				SDKROOT = macosx;
				SWIFT_VERSION = 5.0;
				TEST_TARGET_NAME = "Belongings (macOS)";
			};
			name = Release;
		};
/* End XCBuildConfiguration section */

/* Begin XCConfigurationList section */
		900DDBBC26E036C90034A155 /* Build configuration list for PBXProject "Belongings Organizer" */ = {
			isa = XCConfigurationList;
			buildConfigurations = (
				900DDBF426E036CB0034A155 /* Debug */,
				900DDBF526E036CB0034A155 /* Release */,
			);
			defaultConfigurationIsVisible = 0;
			defaultConfigurationName = Release;
		};
		900DDBF626E036CB0034A155 /* Build configuration list for PBXNativeTarget "Belongings Organizer (iOS)" */ = {
			isa = XCConfigurationList;
			buildConfigurations = (
				900DDBF726E036CB0034A155 /* Debug */,
				900DDBF826E036CB0034A155 /* Release */,
			);
			defaultConfigurationIsVisible = 0;
			defaultConfigurationName = Release;
		};
		900DDBF926E036CB0034A155 /* Build configuration list for PBXNativeTarget "Belongings Organizer (macOS)" */ = {
			isa = XCConfigurationList;
			buildConfigurations = (
				900DDBFA26E036CB0034A155 /* Debug */,
				900DDBFB26E036CB0034A155 /* Release */,
			);
			defaultConfigurationIsVisible = 0;
			defaultConfigurationName = Release;
		};
		900DDBFC26E036CB0034A155 /* Build configuration list for PBXNativeTarget "Tests iOS" */ = {
			isa = XCConfigurationList;
			buildConfigurations = (
				900DDBFD26E036CB0034A155 /* Debug */,
				900DDBFE26E036CB0034A155 /* Release */,
			);
			defaultConfigurationIsVisible = 0;
			defaultConfigurationName = Release;
		};
		900DDBFF26E036CB0034A155 /* Build configuration list for PBXNativeTarget "Tests macOS" */ = {
			isa = XCConfigurationList;
			buildConfigurations = (
				900DDC0026E036CB0034A155 /* Debug */,
				900DDC0126E036CB0034A155 /* Release */,
			);
			defaultConfigurationIsVisible = 0;
			defaultConfigurationName = Release;
		};
/* End XCConfigurationList section */

/* Begin XCRemoteSwiftPackageReference section */
		9089734126FBFFEA005A03A8 /* XCRemoteSwiftPackageReference "SDWebImageWebPCoder" */ = {
			isa = XCRemoteSwiftPackageReference;
			repositoryURL = "https://github.com/SDWebImage/SDWebImageWebPCoder";
			requirement = {
				kind = upToNextMajorVersion;
				minimumVersion = 0.8.4;
			};
		};
/* End XCRemoteSwiftPackageReference section */

/* Begin XCSwiftPackageProductDependency section */
		9089734226FBFFEA005A03A8 /* SDWebImageWebPCoder */ = {
			isa = XCSwiftPackageProductDependency;
			package = 9089734126FBFFEA005A03A8 /* XCRemoteSwiftPackageReference "SDWebImageWebPCoder" */;
			productName = SDWebImageWebPCoder;
		};
		9089734426FBFFF5005A03A8 /* SDWebImageWebPCoder */ = {
			isa = XCSwiftPackageProductDependency;
			package = 9089734126FBFFEA005A03A8 /* XCRemoteSwiftPackageReference "SDWebImageWebPCoder" */;
			productName = SDWebImageWebPCoder;
		};
/* End XCSwiftPackageProductDependency section */

/* Begin XCVersionGroup section */
		900DDBBE26E036C90034A155 /* Belongings.xcdatamodeld */ = {
			isa = XCVersionGroup;
			children = (
				900DDBBF26E036C90034A155 /* Shared.xcdatamodel */,
			);
			currentVersion = 900DDBBF26E036C90034A155 /* Shared.xcdatamodel */;
			path = Belongings.xcdatamodeld;
			sourceTree = "<group>";
			versionGroupType = wrapper.xcdatamodel;
		};
/* End XCVersionGroup section */
	};
	rootObject = 900DDBB926E036C90034A155 /* Project object */;
}
